PODS:
  - Armchair (0.3.7)
  - SwiftLint (0.44.0)

DEPENDENCIES:
  - Armchair (>= 0.3)
  - SwiftLint

SPEC REPOS:
  trunk:
    - Armchair
    - SwiftLint

SPEC CHECKSUMS:
  Armchair: ea2da13f78515da627bd63d9540bd58a50e71562
  SwiftLint: e96c0a8c770c7ebbc4d36c55baf9096bb65c4584

PODFILE CHECKSUM: 8acb40dfdce9a6012620661af69c64583de23e8e

COCOAPODS: 1.11.2
