// !$*UTF8*$!
{
	archiveVersion = 1;
	classes = {
	};
	objectVersion = 52;
	objects = {

/* Begin PBXBuildFile section */
		8001401F26FF26C0001AE152 /* MainIntroView.swift in Sources */ = {isa = PBXBuildFile; fileRef = 8001401E26FF26C0001AE152 /* MainIntroView.swift */; };
		8001402126FF273D001AE152 /* HealthKitIntroView.swift in Sources */ = {isa = PBXBuildFile; fileRef = 8001402026FF273D001AE152 /* HealthKitIntroView.swift */; };
		8002F3A626A1FA3600A7192A /* HistoryListView.swift in Sources */ = {isa = PBXBuildFile; fileRef = 8002F3A526A1FA3600A7192A /* HistoryListView.swift */; };
		8002F3A926A2139900A7192A /* HeartHistoryStatsView.swift in Sources */ = {isa = PBXBuildFile; fileRef = 8002F3A826A2139900A7192A /* HeartHistoryStatsView.swift */; };
		8002F3AB26A2163B00A7192A /* EnergyHistoryStatsView.swift in Sources */ = {isa = PBXBuildFile; fileRef = 8002F3AA26A2163B00A7192A /* EnergyHistoryStatsView.swift */; };
		8008E59B26E3A8E80076DA7E /* GeneralSleepInfoCardView.swift in Sources */ = {isa = PBXBuildFile; fileRef = 8008E59426E3A8D30076DA7E /* GeneralSleepInfoCardView.swift */; };
		801505AE267140F5007574B9 /* CardDetailsView.swift in Sources */ = {isa = PBXBuildFile; fileRef = 801505AD267140F5007574B9 /* CardDetailsView.swift */; };
		80260614271F577200D737AF /* soundClassifier.mlmodel in Sources */ = {isa = PBXBuildFile; fileRef = 80260613271F577200D737AF /* soundClassifier.mlmodel */; };
		8030CBA026FE5C3F0035D1F1 /* GoogleService-Info.plist in Resources */ = {isa = PBXBuildFile; fileRef = 8030CB9A26FE5C3F0035D1F1 /* GoogleService-Info.plist */; };
		8030CBA126FE5C3F0035D1F1 /* GoogleService-Info.plist in Resources */ = {isa = PBXBuildFile; fileRef = 8030CB9A26FE5C3F0035D1F1 /* GoogleService-Info.plist */; };
		8030CBA226FE5C3F0035D1F1 /* GoogleService-Info.plist in Resources */ = {isa = PBXBuildFile; fileRef = 8030CB9A26FE5C3F0035D1F1 /* GoogleService-Info.plist */; };
		8052613826FF1AD600643C8A /* IntroCoordinator.swift in Sources */ = {isa = PBXBuildFile; fileRef = 8052613726FF1AD600643C8A /* IntroCoordinator.swift */; };
		8052613A26FF1B7A00643C8A /* IntroCoordinatorView.swift in Sources */ = {isa = PBXBuildFile; fileRef = 8052613926FF1B7A00643C8A /* IntroCoordinatorView.swift */; };
		805D751B2692458500C19034 /* SleepHistoryStatsView.swift in Sources */ = {isa = PBXBuildFile; fileRef = 805D751A2692458500C19034 /* SleepHistoryStatsView.swift */; };
		8061C84E26FFDE03002BDA28 /* WelcomeScreenLineView.swift in Sources */ = {isa = PBXBuildFile; fileRef = 8061C84D26FFDE03002BDA28 /* WelcomeScreenLineView.swift */; };
		8061C85026FFE460002BDA28 /* NotificationsIntroView.swift in Sources */ = {isa = PBXBuildFile; fileRef = 8061C84F26FFE460002BDA28 /* NotificationsIntroView.swift */; };
		8061C85226FFE4D8002BDA28 /* GoalIntroView.swift in Sources */ = {isa = PBXBuildFile; fileRef = 8061C85126FFE4D8002BDA28 /* GoalIntroView.swift */; };
		80647AF326D9163B0054C03F /* Localizable.strings in Resources */ = {isa = PBXBuildFile; fileRef = 80647AF526D9163B0054C03F /* Localizable.strings */; };
		80647AF826D917380054C03F /* String+Localizable.swift in Sources */ = {isa = PBXBuildFile; fileRef = 80647AF726D917380054C03F /* String+Localizable.swift */; };
		806E3C58271B73C700AA15BB /* Launch Screen.storyboard in Resources */ = {isa = PBXBuildFile; fileRef = 806E3C57271B73C700AA15BB /* Launch Screen.storyboard */; };
		806E3C61271C11CD00AA15BB /* whiteIcon@3x.png in Resources */ = {isa = PBXBuildFile; fileRef = 806E3C60271C11CD00AA15BB /* whiteIcon@3x.png */; };
		806E3C63271C11D300AA15BB /* whiteIcon@2x.png in Resources */ = {isa = PBXBuildFile; fileRef = 806E3C62271C11D300AA15BB /* whiteIcon@2x.png */; };
		806E3C65271C123F00AA15BB /* darkIcon@2x.png in Resources */ = {isa = PBXBuildFile; fileRef = 806E3C64271C123E00AA15BB /* darkIcon@2x.png */; };
		806E3C67271C124600AA15BB /* darkIcon@3x.png in Resources */ = {isa = PBXBuildFile; fileRef = 806E3C66271C124600AA15BB /* darkIcon@3x.png */; };
		80780F20266CE43A000D0DD9 /* HKVisualKit.framework in Frameworks */ = {isa = PBXBuildFile; fileRef = 80780F1F266CE3A0000D0DD9 /* HKVisualKit.framework */; };
		80780F21266CE43A000D0DD9 /* HKVisualKit.framework in Embed Frameworks */ = {isa = PBXBuildFile; fileRef = 80780F1F266CE3A0000D0DD9 /* HKVisualKit.framework */; settings = {ATTRIBUTES = (CodeSignOnCopy, RemoveHeadersOnCopy, ); }; };
		80780F27266CE7C3000D0DD9 /* AppDelegate.swift in Sources */ = {isa = PBXBuildFile; fileRef = 80780F26266CE7C3000D0DD9 /* AppDelegate.swift */; };
		80780F32266D3B94000D0DD9 /* XUI in Frameworks */ = {isa = PBXBuildFile; productRef = 80780F31266D3B94000D0DD9 /* XUI */; };
		80780F43266D4377000D0DD9 /* RootCoordinator.swift in Sources */ = {isa = PBXBuildFile; fileRef = 80780F42266D4377000D0DD9 /* RootCoordinator.swift */; };
		80780F45266D439F000D0DD9 /* RootCoordinatorView.swift in Sources */ = {isa = PBXBuildFile; fileRef = 80780F44266D439F000D0DD9 /* RootCoordinatorView.swift */; };
		80780F4C266D4786000D0DD9 /* SummaryNavigationCoordinator.swift in Sources */ = {isa = PBXBuildFile; fileRef = 80780F4B266D4786000D0DD9 /* SummaryNavigationCoordinator.swift */; };
		80780F4E266D47AE000D0DD9 /* SummaryNavigationCoordinatorView.swift in Sources */ = {isa = PBXBuildFile; fileRef = 80780F4D266D47AE000D0DD9 /* SummaryNavigationCoordinatorView.swift */; };
		80780F53266D4A93000D0DD9 /* SummaryCardsListCoordinator.swift in Sources */ = {isa = PBXBuildFile; fileRef = 80780F52266D4A93000D0DD9 /* SummaryCardsListCoordinator.swift */; };
		80780F58266D4C2E000D0DD9 /* CardService.swift in Sources */ = {isa = PBXBuildFile; fileRef = 80780F57266D4C2E000D0DD9 /* CardService.swift */; };
		80780F5B266D4E58000D0DD9 /* SummaryCardsListView.swift in Sources */ = {isa = PBXBuildFile; fileRef = 80780F5A266D4E58000D0DD9 /* SummaryCardsListView.swift */; };
		80780F5F266D4F42000D0DD9 /* CardDetailsViewCoordinator.swift in Sources */ = {isa = PBXBuildFile; fileRef = 80780F5E266D4F42000D0DD9 /* CardDetailsViewCoordinator.swift */; };
		80780F65266D5BDE000D0DD9 /* URL+Identifiable.swift in Sources */ = {isa = PBXBuildFile; fileRef = 80780F64266D5BDE000D0DD9 /* URL+Identifiable.swift */; };
		8087D5E9269AD287007AB4C2 /* DateInterval+String.swift in Sources */ = {isa = PBXBuildFile; fileRef = 8087D5E8269AD287007AB4C2 /* DateInterval+String.swift */; };
		808FDF3E2685EB8000B38B78 /* HKCoreSleep.framework in Frameworks */ = {isa = PBXBuildFile; fileRef = 808FDF352685E48B00B38B78 /* HKCoreSleep.framework */; };
		808FDF3F2685EB8000B38B78 /* HKCoreSleep.framework in Embed Frameworks */ = {isa = PBXBuildFile; fileRef = 808FDF352685E48B00B38B78 /* HKCoreSleep.framework */; settings = {ATTRIBUTES = (CodeSignOnCopy, RemoveHeadersOnCopy, ); }; };
		808FDF4B26861EFD00B38B78 /* HealthKit.framework in Frameworks */ = {isa = PBXBuildFile; fileRef = 808FDF4A26861EFD00B38B78 /* HealthKit.framework */; };
		80A765DC26C7C5A000A66554 /* ActivityViewController.swift in Sources */ = {isa = PBXBuildFile; fileRef = 80A765DB26C7C5A000A66554 /* ActivityViewController.swift */; };
		80A765DF26C7F35C00A66554 /* AudioRecorder.swift in Sources */ = {isa = PBXBuildFile; fileRef = 80A765DE26C7F35C00A66554 /* AudioRecorder.swift */; };
		80A765E126C7F3A700A66554 /* Recording.swift in Sources */ = {isa = PBXBuildFile; fileRef = 80A765E026C7F3A700A66554 /* Recording.swift */; };
		80A765E526C7F44000A66554 /* SoundsCoordinatorView.swift in Sources */ = {isa = PBXBuildFile; fileRef = 80A765E426C7F44000A66554 /* SoundsCoordinatorView.swift */; };
		80A765E826C7F5F800A66554 /* ResultsObserver.swift in Sources */ = {isa = PBXBuildFile; fileRef = 80A765E726C7F5F800A66554 /* ResultsObserver.swift */; };
		80A765EA26C7FA1500A66554 /* AnalysisListView.swift in Sources */ = {isa = PBXBuildFile; fileRef = 80A765E926C7FA1500A66554 /* AnalysisListView.swift */; };
		80A765EC26C7FBF000A66554 /* SoundAnalysisResult.swift in Sources */ = {isa = PBXBuildFile; fileRef = 80A765EB26C7FBF000A66554 /* SoundAnalysisResult.swift */; };
		80A765EE26C83B3700A66554 /* AudioPlayer.swift in Sources */ = {isa = PBXBuildFile; fileRef = 80A765ED26C83B3700A66554 /* AudioPlayer.swift */; };
		80A765F026C843F300A66554 /* TimeInterval+String.swift in Sources */ = {isa = PBXBuildFile; fileRef = 80A765EF26C843F300A66554 /* TimeInterval+String.swift */; };
		80A765F326C85EB300A66554 /* SoundsCoordinator.swift in Sources */ = {isa = PBXBuildFile; fileRef = 80A765F226C85EB300A66554 /* SoundsCoordinator.swift */; };
		80A765F526C85EBF00A66554 /* AudioRecordingsListView.swift in Sources */ = {isa = PBXBuildFile; fileRef = 80A765F426C85EBF00A66554 /* AudioRecordingsListView.swift */; };
		80A765F826C8F9E300A66554 /* FileHelper.swift in Sources */ = {isa = PBXBuildFile; fileRef = 80A765F726C8F9E300A66554 /* FileHelper.swift */; };
		80C19298270DD67500F66A69 /* SummaryRespiratoryDataViewModel.swift in Sources */ = {isa = PBXBuildFile; fileRef = 80C19297270DD67500F66A69 /* SummaryRespiratoryDataViewModel.swift */; };
		80D7F0B8268C71EE0055ECEE /* CalendarView.swift in Sources */ = {isa = PBXBuildFile; fileRef = 80D7F0B7268C71EE0055ECEE /* CalendarView.swift */; };
		80D7F0BA268C75D80055ECEE /* Date+Components.swift in Sources */ = {isa = PBXBuildFile; fileRef = 80D7F0B9268C75D80055ECEE /* Date+Components.swift */; };
		80D7F0BC268C77050055ECEE /* CalendarDayView.swift in Sources */ = {isa = PBXBuildFile; fileRef = 80D7F0BB268C77050055ECEE /* CalendarDayView.swift */; };
		80D7F0BE268CF7A30055ECEE /* HealthTypeSwitchView.swift in Sources */ = {isa = PBXBuildFile; fileRef = 80D7F0BD268CF7A30055ECEE /* HealthTypeSwitchView.swift */; };
		80D7F0C0268CFF850055ECEE /* Binding+OnChange.swift in Sources */ = {isa = PBXBuildFile; fileRef = 80D7F0BF268CFF850055ECEE /* Binding+OnChange.swift */; };
		80E15A992708DF68003F55F8 /* HowToUseIntroView.swift in Sources */ = {isa = PBXBuildFile; fileRef = 80E15A982708DF68003F55F8 /* HowToUseIntroView.swift */; };
		BAAF340CC29C3B933BF501F8 /* Pods_Sleepy.framework in Frameworks */ = {isa = PBXBuildFile; fileRef = EDA192C533040726BA3D0D2C /* Pods_Sleepy.framework */; };
		D903F875270E2D12008A7307 /* HealthManager.swift in Sources */ = {isa = PBXBuildFile; fileRef = D903F874270E2D12008A7307 /* HealthManager.swift */; };
		D91668AB2701FD9200BD7745 /* Date+Extension.swift in Sources */ = {isa = PBXBuildFile; fileRef = D91668AA2701FD9200BD7745 /* Date+Extension.swift */; };
		D91668AF2702307900BD7745 /* HealthKit.framework in Frameworks */ = {isa = PBXBuildFile; fileRef = D91668AE2702307900BD7745 /* HealthKit.framework */; };
		D94419D1266CD3C40019902F /* SleepyApp.swift in Sources */ = {isa = PBXBuildFile; fileRef = D94419D0266CD3C40019902F /* SleepyApp.swift */; };
		D94419D5266CD3C50019902F /* Assets.xcassets in Resources */ = {isa = PBXBuildFile; fileRef = D94419D4266CD3C50019902F /* Assets.xcassets */; };
		D94419D8266CD3C50019902F /* Preview Assets.xcassets in Resources */ = {isa = PBXBuildFile; fileRef = D94419D7266CD3C50019902F /* Preview Assets.xcassets */; };
		D9441A00266CD4C60019902F /* Assets.xcassets in Resources */ = {isa = PBXBuildFile; fileRef = D94419FF266CD4C60019902F /* Assets.xcassets */; };
		D9441A07266CD4C60019902F /* Sleepy_WatchOS Extension.appex in Embed App Extensions */ = {isa = PBXBuildFile; fileRef = D9441A06266CD4C60019902F /* Sleepy_WatchOS Extension.appex */; settings = {ATTRIBUTES = (RemoveHeadersOnCopy, ); }; };
		D9441A0C266CD4C60019902F /* SleepyApp.swift in Sources */ = {isa = PBXBuildFile; fileRef = D9441A0B266CD4C60019902F /* SleepyApp.swift */; };
		D9441A0E266CD4C60019902F /* MainNavigationView.swift in Sources */ = {isa = PBXBuildFile; fileRef = D9441A0D266CD4C60019902F /* MainNavigationView.swift */; };
		D9441A10266CD4C60019902F /* NotificationController.swift in Sources */ = {isa = PBXBuildFile; fileRef = D9441A0F266CD4C60019902F /* NotificationController.swift */; };
		D9441A12266CD4C60019902F /* NotificationView.swift in Sources */ = {isa = PBXBuildFile; fileRef = D9441A11266CD4C60019902F /* NotificationView.swift */; };
		D9441A14266CD4C60019902F /* ComplicationController.swift in Sources */ = {isa = PBXBuildFile; fileRef = D9441A13266CD4C60019902F /* ComplicationController.swift */; };
		D9441A16266CD4C70019902F /* Assets.xcassets in Resources */ = {isa = PBXBuildFile; fileRef = D9441A15266CD4C70019902F /* Assets.xcassets */; };
		D9441A19266CD4C70019902F /* Preview Assets.xcassets in Resources */ = {isa = PBXBuildFile; fileRef = D9441A18266CD4C70019902F /* Preview Assets.xcassets */; };
		D9441A34266CD4C70019902F /* Sleepy_WatchOS.app in Embed Watch Content */ = {isa = PBXBuildFile; fileRef = D94419FD266CD4C50019902F /* Sleepy_WatchOS.app */; settings = {ATTRIBUTES = (RemoveHeadersOnCopy, ); }; };
		D955D4BA2701A7C500C44B8D /* SmartAlarmView.swift in Sources */ = {isa = PBXBuildFile; fileRef = D955D4B92701A7C500C44B8D /* SmartAlarmView.swift */; };
		D955D4C42701A97100C44B8D /* NavItemView.swift in Sources */ = {isa = PBXBuildFile; fileRef = D955D4C32701A97100C44B8D /* NavItemView.swift */; };
		D955D4C92701B11C00C44B8D /* SmartAlarmModel.swift in Sources */ = {isa = PBXBuildFile; fileRef = D955D4C82701B11C00C44B8D /* SmartAlarmModel.swift */; };
		D96DBC5026872FEA00A0E018 /* HKStatistics.framework in Frameworks */ = {isa = PBXBuildFile; fileRef = D96DBC442687126100A0E018 /* HKStatistics.framework */; };
		D96DBC5126872FEA00A0E018 /* HKStatistics.framework in Embed Frameworks */ = {isa = PBXBuildFile; fileRef = D96DBC442687126100A0E018 /* HKStatistics.framework */; settings = {ATTRIBUTES = (CodeSignOnCopy, RemoveHeadersOnCopy, ); }; };
		D97030672725DDAE000A347A /* RespiratoryCardDetailView.swift in Sources */ = {isa = PBXBuildFile; fileRef = D97030662725DDAE000A347A /* RespiratoryCardDetailView.swift */; };
		D97C397626BD15CF005CCDFB /* SettingsKit.framework in Frameworks */ = {isa = PBXBuildFile; fileRef = D97C396426BD1531005CCDFB /* SettingsKit.framework */; platformFilter = ios; };
		D97C397726BD15CF005CCDFB /* SettingsKit.framework in Embed Frameworks */ = {isa = PBXBuildFile; fileRef = D97C396426BD1531005CCDFB /* SettingsKit.framework */; settings = {ATTRIBUTES = (CodeSignOnCopy, RemoveHeadersOnCopy, ); }; };
		D984A91526FB7B2500F800B3 /* AdviceViewModel.swift in Sources */ = {isa = PBXBuildFile; fileRef = D984A91426FB7B2500F800B3 /* AdviceViewModel.swift */; };
		D98D925526B0960100C6B7E4 /* BankOfSleepDataViewModel.swift in Sources */ = {isa = PBXBuildFile; fileRef = D98D925426B0960100C6B7E4 /* BankOfSleepDataViewModel.swift */; };
		D99509F126777D4200694208 /* HistoryCoordinator.swift in Sources */ = {isa = PBXBuildFile; fileRef = D99509EF26777D4200694208 /* HistoryCoordinator.swift */; };
		D99509F226777D4200694208 /* HistoryCoordinatorView.swift in Sources */ = {isa = PBXBuildFile; fileRef = D99509F026777D4200694208 /* HistoryCoordinatorView.swift */; };
		D99509FA267780C400694208 /* AlarmCoordinator.swift in Sources */ = {isa = PBXBuildFile; fileRef = D99509F9267780C400694208 /* AlarmCoordinator.swift */; };
		D99509FC267780D700694208 /* AlarmCoordinatorView.swift in Sources */ = {isa = PBXBuildFile; fileRef = D99509FB267780D700694208 /* AlarmCoordinatorView.swift */; };
		D99509FE267780DE00694208 /* SettingsCoordinator.swift in Sources */ = {isa = PBXBuildFile; fileRef = D99509FD267780DE00694208 /* SettingsCoordinator.swift */; };
		D9950A00267780F300694208 /* SettingsCoordinatorView.swift in Sources */ = {isa = PBXBuildFile; fileRef = D99509FF267780F300694208 /* SettingsCoordinatorView.swift */; };
		D99F446526B0136D00998590 /* GeneralCardDetailView.swift in Sources */ = {isa = PBXBuildFile; fileRef = D99F446426B0136D00998590 /* GeneralCardDetailView.swift */; };
		D9B1722A26B01495002C3B0D /* PhasesCardDetailView.swift in Sources */ = {isa = PBXBuildFile; fileRef = D9B1722926B01495002C3B0D /* PhasesCardDetailView.swift */; };
		D9B1722C26B014A8002C3B0D /* HeartCardDetailView.swift in Sources */ = {isa = PBXBuildFile; fileRef = D9B1722B26B014A8002C3B0D /* HeartCardDetailView.swift */; };
		D9B727DE26FB0F4900B41683 /* AdviceView.swift in Sources */ = {isa = PBXBuildFile; fileRef = D9B727DD26FB0F4900B41683 /* AdviceView.swift */; };
		D9B8DC43271CB476002BC611 /* HeartDataManager.swift in Sources */ = {isa = PBXBuildFile; fileRef = D9B8DC42271CB476002BC611 /* HeartDataManager.swift */; };
		D9B8DC46271CB931002BC611 /* HealthType.swift in Sources */ = {isa = PBXBuildFile; fileRef = D9B8DC45271CB931002BC611 /* HealthType.swift */; };
		D9B8DC4A271CBBB2002BC611 /* HealthManagerDelegate.swift in Sources */ = {isa = PBXBuildFile; fileRef = D9B8DC49271CBBB2002BC611 /* HealthManagerDelegate.swift */; };
		D9B8DC4D271CBC0A002BC611 /* HeartDataManagerDelegate.swift in Sources */ = {isa = PBXBuildFile; fileRef = D9B8DC4C271CBC0A002BC611 /* HeartDataManagerDelegate.swift */; };
		D9DC913126A9F6EC00D38E32 /* SummaryHeartDataViewModel.swift in Sources */ = {isa = PBXBuildFile; fileRef = D9DC913026A9F6EC00D38E32 /* SummaryHeartDataViewModel.swift */; };
		D9DC913326A9F70200D38E32 /* SummaryPhasesDataViewModel.swift in Sources */ = {isa = PBXBuildFile; fileRef = D9DC913226A9F70200D38E32 /* SummaryPhasesDataViewModel.swift */; };
		D9DC913526A9F71000D38E32 /* SummaryGeneralDataViewModel.swift in Sources */ = {isa = PBXBuildFile; fileRef = D9DC913426A9F71000D38E32 /* SummaryGeneralDataViewModel.swift */; };
		D9E12CA2270E382C00F55BF4 /* NeedHealthAccessView.swift in Sources */ = {isa = PBXBuildFile; fileRef = D9E12CA1270E382C00F55BF4 /* NeedHealthAccessView.swift */; };
		D9E12CA42710DC9000F55BF4 /* UserDefaultsWrapper.swift in Sources */ = {isa = PBXBuildFile; fileRef = D9E12CA32710DC9000F55BF4 /* UserDefaultsWrapper.swift */; };
		D9E12CAA2712297900F55BF4 /* Localizable.strings in Resources */ = {isa = PBXBuildFile; fileRef = D9E12CAC2712297900F55BF4 /* Localizable.strings */; };
		D9E12CAF27122B3000F55BF4 /* String+Extension.swift in Sources */ = {isa = PBXBuildFile; fileRef = D9E12CAE27122B3000F55BF4 /* String+Extension.swift */; };
		D9FE832F271CAA5200A9453B /* LoadingAppView.swift in Sources */ = {isa = PBXBuildFile; fileRef = D9FE832E271CAA5200A9453B /* LoadingAppView.swift */; };
/* End PBXBuildFile section */

/* Begin PBXContainerItemProxy section */
		80780F1E266CE3A0000D0DD9 /* PBXContainerItemProxy */ = {
			isa = PBXContainerItemProxy;
			containerPortal = 80780F1A266CE39F000D0DD9 /* HKVisualKit.xcodeproj */;
			proxyType = 2;
			remoteGlobalIDString = 80780F0F266CE39F000D0DD9;
			remoteInfo = HKVisualKit;
		};
		808FDF342685E48B00B38B78 /* PBXContainerItemProxy */ = {
			isa = PBXContainerItemProxy;
			containerPortal = 808FDF302685E48A00B38B78 /* HKCoreSleep.xcodeproj */;
			proxyType = 2;
			remoteGlobalIDString = 808FDF242685E48A00B38B78;
			remoteInfo = HKCoreSleep;
		};
		D9441A08266CD4C60019902F /* PBXContainerItemProxy */ = {
			isa = PBXContainerItemProxy;
			containerPortal = D94419C5266CD3C40019902F /* Project object */;
			proxyType = 1;
			remoteGlobalIDString = D9441A05266CD4C60019902F;
			remoteInfo = "Sleepy_WatchOS Extension";
		};
		D9441A32266CD4C70019902F /* PBXContainerItemProxy */ = {
			isa = PBXContainerItemProxy;
			containerPortal = D94419C5266CD3C40019902F /* Project object */;
			proxyType = 1;
			remoteGlobalIDString = D94419FC266CD4C50019902F;
			remoteInfo = Sleepy_WatchOS;
		};
		D96DBC432687126100A0E018 /* PBXContainerItemProxy */ = {
			isa = PBXContainerItemProxy;
			containerPortal = D96DBC3D2687126000A0E018 /* HKStatistics.xcodeproj */;
			proxyType = 2;
			remoteGlobalIDString = D96DBC252687126000A0E018;
			remoteInfo = HKStatistics;
		};
		D97C396326BD1531005CCDFB /* PBXContainerItemProxy */ = {
			isa = PBXContainerItemProxy;
			containerPortal = D97C395F26BD1530005CCDFB /* SettingsKit.xcodeproj */;
			proxyType = 2;
			remoteGlobalIDString = D97C395526BD1530005CCDFB;
			remoteInfo = SettingsKit;
		};
/* End PBXContainerItemProxy section */

/* Begin PBXCopyFilesBuildPhase section */
		80780F22266CE43A000D0DD9 /* Embed Frameworks */ = {
			isa = PBXCopyFilesBuildPhase;
			buildActionMask = 2147483647;
			dstPath = "";
			dstSubfolderSpec = 10;
			files = (
				808FDF3F2685EB8000B38B78 /* HKCoreSleep.framework in Embed Frameworks */,
				80780F21266CE43A000D0DD9 /* HKVisualKit.framework in Embed Frameworks */,
				D97C397726BD15CF005CCDFB /* SettingsKit.framework in Embed Frameworks */,
				D96DBC5126872FEA00A0E018 /* HKStatistics.framework in Embed Frameworks */,
			);
			name = "Embed Frameworks";
			runOnlyForDeploymentPostprocessing = 0;
		};
		D9441A38266CD4C70019902F /* Embed App Extensions */ = {
			isa = PBXCopyFilesBuildPhase;
			buildActionMask = 2147483647;
			dstPath = "";
			dstSubfolderSpec = 13;
			files = (
				D9441A07266CD4C60019902F /* Sleepy_WatchOS Extension.appex in Embed App Extensions */,
			);
			name = "Embed App Extensions";
			runOnlyForDeploymentPostprocessing = 0;
		};
		D9441A3C266CD4C70019902F /* Embed Watch Content */ = {
			isa = PBXCopyFilesBuildPhase;
			buildActionMask = 2147483647;
			dstPath = "$(CONTENTS_FOLDER_PATH)/Watch";
			dstSubfolderSpec = 16;
			files = (
				D9441A34266CD4C70019902F /* Sleepy_WatchOS.app in Embed Watch Content */,
			);
			name = "Embed Watch Content";
			runOnlyForDeploymentPostprocessing = 0;
		};
/* End PBXCopyFilesBuildPhase section */

/* Begin PBXFileReference section */
		0733EA6A3C4FB57B724ACD34 /* Pods-Sleepy.release.xcconfig */ = {isa = PBXFileReference; includeInIndex = 1; lastKnownFileType = text.xcconfig; name = "Pods-Sleepy.release.xcconfig"; path = "Target Support Files/Pods-Sleepy/Pods-Sleepy.release.xcconfig"; sourceTree = "<group>"; };
		8001401E26FF26C0001AE152 /* MainIntroView.swift */ = {isa = PBXFileReference; lastKnownFileType = sourcecode.swift; path = MainIntroView.swift; sourceTree = "<group>"; };
		8001402026FF273D001AE152 /* HealthKitIntroView.swift */ = {isa = PBXFileReference; lastKnownFileType = sourcecode.swift; path = HealthKitIntroView.swift; sourceTree = "<group>"; };
		8002F3A526A1FA3600A7192A /* HistoryListView.swift */ = {isa = PBXFileReference; lastKnownFileType = sourcecode.swift; path = HistoryListView.swift; sourceTree = "<group>"; };
		8002F3A826A2139900A7192A /* HeartHistoryStatsView.swift */ = {isa = PBXFileReference; lastKnownFileType = sourcecode.swift; path = HeartHistoryStatsView.swift; sourceTree = "<group>"; };
		8002F3AA26A2163B00A7192A /* EnergyHistoryStatsView.swift */ = {isa = PBXFileReference; lastKnownFileType = sourcecode.swift; path = EnergyHistoryStatsView.swift; sourceTree = "<group>"; };
		8008E59426E3A8D30076DA7E /* GeneralSleepInfoCardView.swift */ = {isa = PBXFileReference; fileEncoding = 4; lastKnownFileType = sourcecode.swift; path = GeneralSleepInfoCardView.swift; sourceTree = "<group>"; };
		801505AD267140F5007574B9 /* CardDetailsView.swift */ = {isa = PBXFileReference; lastKnownFileType = sourcecode.swift; path = CardDetailsView.swift; sourceTree = "<group>"; };
		80260613271F577200D737AF /* soundClassifier.mlmodel */ = {isa = PBXFileReference; lastKnownFileType = file.mlmodel; path = soundClassifier.mlmodel; sourceTree = "<group>"; };
		8030CB9A26FE5C3F0035D1F1 /* GoogleService-Info.plist */ = {isa = PBXFileReference; fileEncoding = 4; lastKnownFileType = text.plist.xml; path = "GoogleService-Info.plist"; sourceTree = "<group>"; };
		8052613726FF1AD600643C8A /* IntroCoordinator.swift */ = {isa = PBXFileReference; lastKnownFileType = sourcecode.swift; path = IntroCoordinator.swift; sourceTree = "<group>"; };
		8052613926FF1B7A00643C8A /* IntroCoordinatorView.swift */ = {isa = PBXFileReference; lastKnownFileType = sourcecode.swift; path = IntroCoordinatorView.swift; sourceTree = "<group>"; };
		805D751A2692458500C19034 /* SleepHistoryStatsView.swift */ = {isa = PBXFileReference; lastKnownFileType = sourcecode.swift; path = SleepHistoryStatsView.swift; sourceTree = "<group>"; };
		8061C84D26FFDE03002BDA28 /* WelcomeScreenLineView.swift */ = {isa = PBXFileReference; lastKnownFileType = sourcecode.swift; path = WelcomeScreenLineView.swift; sourceTree = "<group>"; };
		8061C84F26FFE460002BDA28 /* NotificationsIntroView.swift */ = {isa = PBXFileReference; lastKnownFileType = sourcecode.swift; path = NotificationsIntroView.swift; sourceTree = "<group>"; };
		8061C85126FFE4D8002BDA28 /* GoalIntroView.swift */ = {isa = PBXFileReference; lastKnownFileType = sourcecode.swift; path = GoalIntroView.swift; sourceTree = "<group>"; };
		80647AF426D9163B0054C03F /* en */ = {isa = PBXFileReference; lastKnownFileType = text.plist.strings; name = en; path = en.lproj/Localizable.strings; sourceTree = "<group>"; };
		80647AF626D916770054C03F /* ru */ = {isa = PBXFileReference; lastKnownFileType = text.plist.strings; name = ru; path = ru.lproj/Localizable.strings; sourceTree = "<group>"; };
		80647AF726D917380054C03F /* String+Localizable.swift */ = {isa = PBXFileReference; lastKnownFileType = sourcecode.swift; path = "String+Localizable.swift"; sourceTree = "<group>"; };
		806E3C57271B73C700AA15BB /* Launch Screen.storyboard */ = {isa = PBXFileReference; lastKnownFileType = file.storyboard; path = "Launch Screen.storyboard"; sourceTree = "<group>"; };
		806E3C60271C11CD00AA15BB /* whiteIcon@3x.png */ = {isa = PBXFileReference; lastKnownFileType = image.png; path = "whiteIcon@3x.png"; sourceTree = "<group>"; };
		806E3C62271C11D300AA15BB /* whiteIcon@2x.png */ = {isa = PBXFileReference; lastKnownFileType = image.png; path = "whiteIcon@2x.png"; sourceTree = "<group>"; };
		806E3C64271C123E00AA15BB /* darkIcon@2x.png */ = {isa = PBXFileReference; lastKnownFileType = image.png; path = "darkIcon@2x.png"; sourceTree = "<group>"; };
		806E3C66271C124600AA15BB /* darkIcon@3x.png */ = {isa = PBXFileReference; lastKnownFileType = image.png; path = "darkIcon@3x.png"; sourceTree = "<group>"; };
		80780F1A266CE39F000D0DD9 /* HKVisualKit.xcodeproj */ = {isa = PBXFileReference; lastKnownFileType = "wrapper.pb-project"; name = HKVisualKit.xcodeproj; path = frameworks/HKVisualKit/HKVisualKit.xcodeproj; sourceTree = "<group>"; };
		80780F26266CE7C3000D0DD9 /* AppDelegate.swift */ = {isa = PBXFileReference; lastKnownFileType = sourcecode.swift; path = AppDelegate.swift; sourceTree = "<group>"; };
		80780F42266D4377000D0DD9 /* RootCoordinator.swift */ = {isa = PBXFileReference; lastKnownFileType = sourcecode.swift; path = RootCoordinator.swift; sourceTree = "<group>"; };
		80780F44266D439F000D0DD9 /* RootCoordinatorView.swift */ = {isa = PBXFileReference; lastKnownFileType = sourcecode.swift; path = RootCoordinatorView.swift; sourceTree = "<group>"; };
		80780F4B266D4786000D0DD9 /* SummaryNavigationCoordinator.swift */ = {isa = PBXFileReference; lastKnownFileType = sourcecode.swift; path = SummaryNavigationCoordinator.swift; sourceTree = "<group>"; };
		80780F4D266D47AE000D0DD9 /* SummaryNavigationCoordinatorView.swift */ = {isa = PBXFileReference; lastKnownFileType = sourcecode.swift; path = SummaryNavigationCoordinatorView.swift; sourceTree = "<group>"; };
		80780F52266D4A93000D0DD9 /* SummaryCardsListCoordinator.swift */ = {isa = PBXFileReference; lastKnownFileType = sourcecode.swift; path = SummaryCardsListCoordinator.swift; sourceTree = "<group>"; };
		80780F57266D4C2E000D0DD9 /* CardService.swift */ = {isa = PBXFileReference; lastKnownFileType = sourcecode.swift; path = CardService.swift; sourceTree = "<group>"; };
		80780F5A266D4E58000D0DD9 /* SummaryCardsListView.swift */ = {isa = PBXFileReference; lastKnownFileType = sourcecode.swift; path = SummaryCardsListView.swift; sourceTree = "<group>"; };
		80780F5E266D4F42000D0DD9 /* CardDetailsViewCoordinator.swift */ = {isa = PBXFileReference; lastKnownFileType = sourcecode.swift; path = CardDetailsViewCoordinator.swift; sourceTree = "<group>"; };
		80780F64266D5BDE000D0DD9 /* URL+Identifiable.swift */ = {isa = PBXFileReference; lastKnownFileType = sourcecode.swift; path = "URL+Identifiable.swift"; sourceTree = "<group>"; };
		8087D5E8269AD287007AB4C2 /* DateInterval+String.swift */ = {isa = PBXFileReference; lastKnownFileType = sourcecode.swift; path = "DateInterval+String.swift"; sourceTree = "<group>"; };
		808FDF302685E48A00B38B78 /* HKCoreSleep.xcodeproj */ = {isa = PBXFileReference; lastKnownFileType = "wrapper.pb-project"; name = HKCoreSleep.xcodeproj; path = frameworks/HKCoreSleep/HKCoreSleep.xcodeproj; sourceTree = "<group>"; };
		808FDF4926861EFD00B38B78 /* Sleepy.entitlements */ = {isa = PBXFileReference; lastKnownFileType = text.plist.entitlements; path = Sleepy.entitlements; sourceTree = "<group>"; };
		808FDF4A26861EFD00B38B78 /* HealthKit.framework */ = {isa = PBXFileReference; lastKnownFileType = wrapper.framework; name = HealthKit.framework; path = System/Library/Frameworks/HealthKit.framework; sourceTree = SDKROOT; };
		80A765DB26C7C5A000A66554 /* ActivityViewController.swift */ = {isa = PBXFileReference; lastKnownFileType = sourcecode.swift; path = ActivityViewController.swift; sourceTree = "<group>"; };
		80A765DE26C7F35C00A66554 /* AudioRecorder.swift */ = {isa = PBXFileReference; lastKnownFileType = sourcecode.swift; path = AudioRecorder.swift; sourceTree = "<group>"; };
		80A765E026C7F3A700A66554 /* Recording.swift */ = {isa = PBXFileReference; lastKnownFileType = sourcecode.swift; path = Recording.swift; sourceTree = "<group>"; };
		80A765E426C7F44000A66554 /* SoundsCoordinatorView.swift */ = {isa = PBXFileReference; lastKnownFileType = sourcecode.swift; path = SoundsCoordinatorView.swift; sourceTree = "<group>"; };
		80A765E726C7F5F800A66554 /* ResultsObserver.swift */ = {isa = PBXFileReference; lastKnownFileType = sourcecode.swift; path = ResultsObserver.swift; sourceTree = "<group>"; };
		80A765E926C7FA1500A66554 /* AnalysisListView.swift */ = {isa = PBXFileReference; lastKnownFileType = sourcecode.swift; path = AnalysisListView.swift; sourceTree = "<group>"; };
		80A765EB26C7FBF000A66554 /* SoundAnalysisResult.swift */ = {isa = PBXFileReference; lastKnownFileType = sourcecode.swift; path = SoundAnalysisResult.swift; sourceTree = "<group>"; };
		80A765ED26C83B3700A66554 /* AudioPlayer.swift */ = {isa = PBXFileReference; lastKnownFileType = sourcecode.swift; path = AudioPlayer.swift; sourceTree = "<group>"; };
		80A765EF26C843F300A66554 /* TimeInterval+String.swift */ = {isa = PBXFileReference; lastKnownFileType = sourcecode.swift; path = "TimeInterval+String.swift"; sourceTree = "<group>"; };
		80A765F226C85EB300A66554 /* SoundsCoordinator.swift */ = {isa = PBXFileReference; lastKnownFileType = sourcecode.swift; path = SoundsCoordinator.swift; sourceTree = "<group>"; };
		80A765F426C85EBF00A66554 /* AudioRecordingsListView.swift */ = {isa = PBXFileReference; lastKnownFileType = sourcecode.swift; path = AudioRecordingsListView.swift; sourceTree = "<group>"; };
		80A765F726C8F9E300A66554 /* FileHelper.swift */ = {isa = PBXFileReference; lastKnownFileType = sourcecode.swift; path = FileHelper.swift; sourceTree = "<group>"; };
		80C19297270DD67500F66A69 /* SummaryRespiratoryDataViewModel.swift */ = {isa = PBXFileReference; lastKnownFileType = sourcecode.swift; path = SummaryRespiratoryDataViewModel.swift; sourceTree = "<group>"; };
		80D7F0B7268C71EE0055ECEE /* CalendarView.swift */ = {isa = PBXFileReference; lastKnownFileType = sourcecode.swift; path = CalendarView.swift; sourceTree = "<group>"; };
		80D7F0B9268C75D80055ECEE /* Date+Components.swift */ = {isa = PBXFileReference; lastKnownFileType = sourcecode.swift; path = "Date+Components.swift"; sourceTree = "<group>"; };
		80D7F0BB268C77050055ECEE /* CalendarDayView.swift */ = {isa = PBXFileReference; lastKnownFileType = sourcecode.swift; path = CalendarDayView.swift; sourceTree = "<group>"; };
		80D7F0BD268CF7A30055ECEE /* HealthTypeSwitchView.swift */ = {isa = PBXFileReference; lastKnownFileType = sourcecode.swift; path = HealthTypeSwitchView.swift; sourceTree = "<group>"; };
		80D7F0BF268CFF850055ECEE /* Binding+OnChange.swift */ = {isa = PBXFileReference; lastKnownFileType = sourcecode.swift; path = "Binding+OnChange.swift"; sourceTree = "<group>"; };
		80E15A982708DF68003F55F8 /* HowToUseIntroView.swift */ = {isa = PBXFileReference; lastKnownFileType = sourcecode.swift; path = HowToUseIntroView.swift; sourceTree = "<group>"; };
		D903F874270E2D12008A7307 /* HealthManager.swift */ = {isa = PBXFileReference; lastKnownFileType = sourcecode.swift; path = HealthManager.swift; sourceTree = "<group>"; };
		D91668AA2701FD9200BD7745 /* Date+Extension.swift */ = {isa = PBXFileReference; lastKnownFileType = sourcecode.swift; path = "Date+Extension.swift"; sourceTree = "<group>"; };
		D91668AD2702307900BD7745 /* Sleepy_WatchOS Extension.entitlements */ = {isa = PBXFileReference; lastKnownFileType = text.plist.entitlements; path = "Sleepy_WatchOS Extension.entitlements"; sourceTree = "<group>"; };
		D91668AE2702307900BD7745 /* HealthKit.framework */ = {isa = PBXFileReference; lastKnownFileType = wrapper.framework; name = HealthKit.framework; path = Platforms/WatchOS.platform/Developer/SDKs/WatchOS8.0.sdk/System/Library/Frameworks/HealthKit.framework; sourceTree = DEVELOPER_DIR; };
		D94419CD266CD3C40019902F /* Sleepy.app */ = {isa = PBXFileReference; explicitFileType = wrapper.application; includeInIndex = 0; path = Sleepy.app; sourceTree = BUILT_PRODUCTS_DIR; };
		D94419D0266CD3C40019902F /* SleepyApp.swift */ = {isa = PBXFileReference; lastKnownFileType = sourcecode.swift; path = SleepyApp.swift; sourceTree = "<group>"; };
		D94419D4266CD3C50019902F /* Assets.xcassets */ = {isa = PBXFileReference; lastKnownFileType = folder.assetcatalog; path = Assets.xcassets; sourceTree = "<group>"; };
		D94419D7266CD3C50019902F /* Preview Assets.xcassets */ = {isa = PBXFileReference; lastKnownFileType = folder.assetcatalog; path = "Preview Assets.xcassets"; sourceTree = "<group>"; };
		D94419D9266CD3C50019902F /* Info.plist */ = {isa = PBXFileReference; lastKnownFileType = text.plist.xml; path = Info.plist; sourceTree = "<group>"; };
		D94419FD266CD4C50019902F /* Sleepy_WatchOS.app */ = {isa = PBXFileReference; explicitFileType = wrapper.application; includeInIndex = 0; path = Sleepy_WatchOS.app; sourceTree = BUILT_PRODUCTS_DIR; };
		D94419FF266CD4C60019902F /* Assets.xcassets */ = {isa = PBXFileReference; lastKnownFileType = folder.assetcatalog; path = Assets.xcassets; sourceTree = "<group>"; };
		D9441A01266CD4C60019902F /* Info.plist */ = {isa = PBXFileReference; lastKnownFileType = text.plist.xml; path = Info.plist; sourceTree = "<group>"; };
		D9441A06266CD4C60019902F /* Sleepy_WatchOS Extension.appex */ = {isa = PBXFileReference; explicitFileType = "wrapper.app-extension"; includeInIndex = 0; path = "Sleepy_WatchOS Extension.appex"; sourceTree = BUILT_PRODUCTS_DIR; };
		D9441A0B266CD4C60019902F /* SleepyApp.swift */ = {isa = PBXFileReference; lastKnownFileType = sourcecode.swift; path = SleepyApp.swift; sourceTree = "<group>"; };
		D9441A0D266CD4C60019902F /* MainNavigationView.swift */ = {isa = PBXFileReference; lastKnownFileType = sourcecode.swift; path = MainNavigationView.swift; sourceTree = "<group>"; };
		D9441A0F266CD4C60019902F /* NotificationController.swift */ = {isa = PBXFileReference; lastKnownFileType = sourcecode.swift; path = NotificationController.swift; sourceTree = "<group>"; };
		D9441A11266CD4C60019902F /* NotificationView.swift */ = {isa = PBXFileReference; lastKnownFileType = sourcecode.swift; path = NotificationView.swift; sourceTree = "<group>"; };
		D9441A13266CD4C60019902F /* ComplicationController.swift */ = {isa = PBXFileReference; lastKnownFileType = sourcecode.swift; path = ComplicationController.swift; sourceTree = "<group>"; };
		D9441A15266CD4C70019902F /* Assets.xcassets */ = {isa = PBXFileReference; lastKnownFileType = folder.assetcatalog; path = Assets.xcassets; sourceTree = "<group>"; };
		D9441A18266CD4C70019902F /* Preview Assets.xcassets */ = {isa = PBXFileReference; lastKnownFileType = folder.assetcatalog; path = "Preview Assets.xcassets"; sourceTree = "<group>"; };
		D9441A1A266CD4C70019902F /* Info.plist */ = {isa = PBXFileReference; lastKnownFileType = text.plist.xml; path = Info.plist; sourceTree = "<group>"; };
		D9441A1B266CD4C70019902F /* PushNotificationPayload.apns */ = {isa = PBXFileReference; lastKnownFileType = text; path = PushNotificationPayload.apns; sourceTree = "<group>"; };
		D955D4B92701A7C500C44B8D /* SmartAlarmView.swift */ = {isa = PBXFileReference; lastKnownFileType = sourcecode.swift; path = SmartAlarmView.swift; sourceTree = "<group>"; };
		D955D4C32701A97100C44B8D /* NavItemView.swift */ = {isa = PBXFileReference; lastKnownFileType = sourcecode.swift; path = NavItemView.swift; sourceTree = "<group>"; };
		D955D4C82701B11C00C44B8D /* SmartAlarmModel.swift */ = {isa = PBXFileReference; lastKnownFileType = sourcecode.swift; path = SmartAlarmModel.swift; sourceTree = "<group>"; };
		D96DBC3D2687126000A0E018 /* HKStatistics.xcodeproj */ = {isa = PBXFileReference; lastKnownFileType = "wrapper.pb-project"; name = HKStatistics.xcodeproj; path = frameworks/HKStatistics/HKStatistics.xcodeproj; sourceTree = "<group>"; };
		D97030662725DDAE000A347A /* RespiratoryCardDetailView.swift */ = {isa = PBXFileReference; lastKnownFileType = sourcecode.swift; path = RespiratoryCardDetailView.swift; sourceTree = "<group>"; };
		D97C395F26BD1530005CCDFB /* SettingsKit.xcodeproj */ = {isa = PBXFileReference; lastKnownFileType = "wrapper.pb-project"; name = SettingsKit.xcodeproj; path = frameworks/SettingsKit/SettingsKit.xcodeproj; sourceTree = "<group>"; };
		D984A91426FB7B2500F800B3 /* AdviceViewModel.swift */ = {isa = PBXFileReference; lastKnownFileType = sourcecode.swift; path = AdviceViewModel.swift; sourceTree = "<group>"; };
		D98D925426B0960100C6B7E4 /* BankOfSleepDataViewModel.swift */ = {isa = PBXFileReference; lastKnownFileType = sourcecode.swift; path = BankOfSleepDataViewModel.swift; sourceTree = "<group>"; };
		D99509EF26777D4200694208 /* HistoryCoordinator.swift */ = {isa = PBXFileReference; fileEncoding = 4; lastKnownFileType = sourcecode.swift; path = HistoryCoordinator.swift; sourceTree = "<group>"; };
		D99509F026777D4200694208 /* HistoryCoordinatorView.swift */ = {isa = PBXFileReference; fileEncoding = 4; lastKnownFileType = sourcecode.swift; path = HistoryCoordinatorView.swift; sourceTree = "<group>"; };
		D99509F9267780C400694208 /* AlarmCoordinator.swift */ = {isa = PBXFileReference; lastKnownFileType = sourcecode.swift; path = AlarmCoordinator.swift; sourceTree = "<group>"; };
		D99509FB267780D700694208 /* AlarmCoordinatorView.swift */ = {isa = PBXFileReference; lastKnownFileType = sourcecode.swift; path = AlarmCoordinatorView.swift; sourceTree = "<group>"; };
		D99509FD267780DE00694208 /* SettingsCoordinator.swift */ = {isa = PBXFileReference; lastKnownFileType = sourcecode.swift; path = SettingsCoordinator.swift; sourceTree = "<group>"; };
		D99509FF267780F300694208 /* SettingsCoordinatorView.swift */ = {isa = PBXFileReference; lastKnownFileType = sourcecode.swift; path = SettingsCoordinatorView.swift; sourceTree = "<group>"; };
		D99F446426B0136D00998590 /* GeneralCardDetailView.swift */ = {isa = PBXFileReference; lastKnownFileType = sourcecode.swift; path = GeneralCardDetailView.swift; sourceTree = "<group>"; };
		D9B1722926B01495002C3B0D /* PhasesCardDetailView.swift */ = {isa = PBXFileReference; lastKnownFileType = sourcecode.swift; path = PhasesCardDetailView.swift; sourceTree = "<group>"; };
		D9B1722B26B014A8002C3B0D /* HeartCardDetailView.swift */ = {isa = PBXFileReference; lastKnownFileType = sourcecode.swift; path = HeartCardDetailView.swift; sourceTree = "<group>"; };
		D9B727DD26FB0F4900B41683 /* AdviceView.swift */ = {isa = PBXFileReference; lastKnownFileType = sourcecode.swift; path = AdviceView.swift; sourceTree = "<group>"; };
		D9B8DC42271CB476002BC611 /* HeartDataManager.swift */ = {isa = PBXFileReference; lastKnownFileType = sourcecode.swift; path = HeartDataManager.swift; sourceTree = "<group>"; };
		D9B8DC45271CB931002BC611 /* HealthType.swift */ = {isa = PBXFileReference; lastKnownFileType = sourcecode.swift; path = HealthType.swift; sourceTree = "<group>"; };
		D9B8DC49271CBBB2002BC611 /* HealthManagerDelegate.swift */ = {isa = PBXFileReference; lastKnownFileType = sourcecode.swift; path = HealthManagerDelegate.swift; sourceTree = "<group>"; };
		D9B8DC4C271CBC0A002BC611 /* HeartDataManagerDelegate.swift */ = {isa = PBXFileReference; lastKnownFileType = sourcecode.swift; path = HeartDataManagerDelegate.swift; sourceTree = "<group>"; };
		D9DC913026A9F6EC00D38E32 /* SummaryHeartDataViewModel.swift */ = {isa = PBXFileReference; lastKnownFileType = sourcecode.swift; path = SummaryHeartDataViewModel.swift; sourceTree = "<group>"; };
		D9DC913226A9F70200D38E32 /* SummaryPhasesDataViewModel.swift */ = {isa = PBXFileReference; lastKnownFileType = sourcecode.swift; path = SummaryPhasesDataViewModel.swift; sourceTree = "<group>"; };
		D9DC913426A9F71000D38E32 /* SummaryGeneralDataViewModel.swift */ = {isa = PBXFileReference; lastKnownFileType = sourcecode.swift; path = SummaryGeneralDataViewModel.swift; sourceTree = "<group>"; };
		D9E12CA1270E382C00F55BF4 /* NeedHealthAccessView.swift */ = {isa = PBXFileReference; lastKnownFileType = sourcecode.swift; path = NeedHealthAccessView.swift; sourceTree = "<group>"; };
		D9E12CA32710DC9000F55BF4 /* UserDefaultsWrapper.swift */ = {isa = PBXFileReference; lastKnownFileType = sourcecode.swift; path = UserDefaultsWrapper.swift; sourceTree = "<group>"; };
		D9E12CAB2712297900F55BF4 /* en */ = {isa = PBXFileReference; lastKnownFileType = text.plist.strings; name = en; path = en.lproj/Localizable.strings; sourceTree = "<group>"; };
		D9E12CAD2712297E00F55BF4 /* ru */ = {isa = PBXFileReference; lastKnownFileType = text.plist.strings; name = ru; path = ru.lproj/Localizable.strings; sourceTree = "<group>"; };
		D9E12CAE27122B3000F55BF4 /* String+Extension.swift */ = {isa = PBXFileReference; lastKnownFileType = sourcecode.swift; path = "String+Extension.swift"; sourceTree = "<group>"; };
		D9FE832E271CAA5200A9453B /* LoadingAppView.swift */ = {isa = PBXFileReference; lastKnownFileType = sourcecode.swift; path = LoadingAppView.swift; sourceTree = "<group>"; };
		EDA192C533040726BA3D0D2C /* Pods_Sleepy.framework */ = {isa = PBXFileReference; explicitFileType = wrapper.framework; includeInIndex = 0; path = Pods_Sleepy.framework; sourceTree = BUILT_PRODUCTS_DIR; };
		F07D7AEDC184141545C503A0 /* Pods-Sleepy.debug.xcconfig */ = {isa = PBXFileReference; includeInIndex = 1; lastKnownFileType = text.xcconfig; name = "Pods-Sleepy.debug.xcconfig"; path = "Target Support Files/Pods-Sleepy/Pods-Sleepy.debug.xcconfig"; sourceTree = "<group>"; };
/* End PBXFileReference section */

/* Begin PBXFrameworksBuildPhase section */
		D94419CA266CD3C40019902F /* Frameworks */ = {
			isa = PBXFrameworksBuildPhase;
			buildActionMask = 2147483647;
			files = (
				80780F32266D3B94000D0DD9 /* XUI in Frameworks */,
				80780F20266CE43A000D0DD9 /* HKVisualKit.framework in Frameworks */,
				D96DBC5026872FEA00A0E018 /* HKStatistics.framework in Frameworks */,
				D97C397626BD15CF005CCDFB /* SettingsKit.framework in Frameworks */,
				808FDF3E2685EB8000B38B78 /* HKCoreSleep.framework in Frameworks */,
				808FDF4B26861EFD00B38B78 /* HealthKit.framework in Frameworks */,
				BAAF340CC29C3B933BF501F8 /* Pods_Sleepy.framework in Frameworks */,
			);
			runOnlyForDeploymentPostprocessing = 0;
		};
		D9441A03266CD4C60019902F /* Frameworks */ = {
			isa = PBXFrameworksBuildPhase;
			buildActionMask = 2147483647;
			files = (
				D91668AF2702307900BD7745 /* HealthKit.framework in Frameworks */,
			);
			runOnlyForDeploymentPostprocessing = 0;
		};
		E98ED58A4FA15318F870EB51 /* Frameworks */ = {
			isa = PBXFrameworksBuildPhase;
			buildActionMask = 2147483647;
			files = (
			);
			runOnlyForDeploymentPostprocessing = 0;
		};
/* End PBXFrameworksBuildPhase section */

/* Begin PBXGroup section */
		8001401826FF26AF001AE152 /* Views */ = {
			isa = PBXGroup;
			children = (
				8061C84C26FFDDE9002BDA28 /* Elements */,
				8001401E26FF26C0001AE152 /* MainIntroView.swift */,
				8001402026FF273D001AE152 /* HealthKitIntroView.swift */,
				8061C84F26FFE460002BDA28 /* NotificationsIntroView.swift */,
				8061C85126FFE4D8002BDA28 /* GoalIntroView.swift */,
				80E15A982708DF68003F55F8 /* HowToUseIntroView.swift */,
			);
			path = Views;
			sourceTree = "<group>";
		};
		8026061927202E2A00D737AF /* Model */ = {
			isa = PBXGroup;
			children = (
				80A765EB26C7FBF000A66554 /* SoundAnalysisResult.swift */,
				80A765E026C7F3A700A66554 /* Recording.swift */,
			);
			path = Model;
			sourceTree = "<group>";
		};
		8052613626FF1ABD00643C8A /* Intro */ = {
			isa = PBXGroup;
			children = (
				8001401826FF26AF001AE152 /* Views */,
				8052613726FF1AD600643C8A /* IntroCoordinator.swift */,
				8052613926FF1B7A00643C8A /* IntroCoordinatorView.swift */,
			);
			path = Intro;
			sourceTree = "<group>";
		};
		805D75152692456000C19034 /* Embed Statistics */ = {
			isa = PBXGroup;
			children = (
				805D751A2692458500C19034 /* SleepHistoryStatsView.swift */,
				8002F3A826A2139900A7192A /* HeartHistoryStatsView.swift */,
				8002F3AA26A2163B00A7192A /* EnergyHistoryStatsView.swift */,
			);
			path = "Embed Statistics";
			sourceTree = "<group>";
		};
		8061C84C26FFDDE9002BDA28 /* Elements */ = {
			isa = PBXGroup;
			children = (
				8061C84D26FFDE03002BDA28 /* WelcomeScreenLineView.swift */,
			);
			path = Elements;
			sourceTree = "<group>";
		};
		806E3C5E271C117900AA15BB /* Assets */ = {
			isa = PBXGroup;
			children = (
				806E3C5F271C118A00AA15BB /* Icons */,
				D94419D4266CD3C50019902F /* Assets.xcassets */,
			);
			path = Assets;
			sourceTree = "<group>";
		};
		806E3C5F271C118A00AA15BB /* Icons */ = {
			isa = PBXGroup;
			children = (
				806E3C66271C124600AA15BB /* darkIcon@3x.png */,
				806E3C64271C123E00AA15BB /* darkIcon@2x.png */,
				806E3C62271C11D300AA15BB /* whiteIcon@2x.png */,
				806E3C60271C11CD00AA15BB /* whiteIcon@3x.png */,
			);
			path = Icons;
			sourceTree = "<group>";
		};
		80780F04266CE356000D0DD9 /* HK */ = {
			isa = PBXGroup;
			children = (
				D96DBC3D2687126000A0E018 /* HKStatistics.xcodeproj */,
				808FDF302685E48A00B38B78 /* HKCoreSleep.xcodeproj */,
				80780F1A266CE39F000D0DD9 /* HKVisualKit.xcodeproj */,
			);
			name = HK;
			sourceTree = "<group>";
		};
		80780F1B266CE39F000D0DD9 /* Products */ = {
			isa = PBXGroup;
			children = (
				80780F1F266CE3A0000D0DD9 /* HKVisualKit.framework */,
			);
			name = Products;
			sourceTree = "<group>";
		};
		80780F34266D3CFD000D0DD9 /* Scenes */ = {
			isa = PBXGroup;
			children = (
				8052613626FF1ABD00643C8A /* Intro */,
				80780F48266D451B000D0DD9 /* Root */,
			);
			path = Scenes;
			sourceTree = "<group>";
		};
		80780F35266D3D03000D0DD9 /* Summary */ = {
			isa = PBXGroup;
			children = (
				80780F4B266D4786000D0DD9 /* SummaryNavigationCoordinator.swift */,
				80780F4D266D47AE000D0DD9 /* SummaryNavigationCoordinatorView.swift */,
				80780F4F266D4997000D0DD9 /* SummaryCardsList */,
			);
			path = Summary;
			sourceTree = "<group>";
		};
		80780F3E266D42D4000D0DD9 /* Services */ = {
			isa = PBXGroup;
			children = (
				80A765DD26C7F33E00A66554 /* Audio */,
				D9A8729E26FB20B90072BD77 /* Cards */,
				80A765F726C8F9E300A66554 /* FileHelper.swift */,
			);
			path = Services;
			sourceTree = "<group>";
		};
		80780F48266D451B000D0DD9 /* Root */ = {
			isa = PBXGroup;
			children = (
				80780F42266D4377000D0DD9 /* RootCoordinator.swift */,
				80780F44266D439F000D0DD9 /* RootCoordinatorView.swift */,
				80780F35266D3D03000D0DD9 /* Summary */,
				D99509F426777D5800694208 /* History */,
				D99509F326777D4D00694208 /* Alarm */,
				80A765F126C85E9F00A66554 /* Sound */,
				D99509F8267780AD00694208 /* Settings */,
			);
			path = Root;
			sourceTree = "<group>";
		};
		80780F4F266D4997000D0DD9 /* SummaryCardsList */ = {
			isa = PBXGroup;
			children = (
				80780F52266D4A93000D0DD9 /* SummaryCardsListCoordinator.swift */,
				80780F5A266D4E58000D0DD9 /* SummaryCardsListView.swift */,
				D979FA8626F8C3C000928EF2 /* Cards */,
			);
			path = SummaryCardsList;
			sourceTree = "<group>";
		};
		80780F59266D4D92000D0DD9 /* CardsDetails */ = {
			isa = PBXGroup;
			children = (
				80780F5E266D4F42000D0DD9 /* CardDetailsViewCoordinator.swift */,
				801505AD267140F5007574B9 /* CardDetailsView.swift */,
				D9B1722826B0146D002C3B0D /* InsideViews */,
			);
			path = CardsDetails;
			sourceTree = "<group>";
		};
		80780F63266D5BC8000D0DD9 /* Extensions */ = {
			isa = PBXGroup;
			children = (
				80780F64266D5BDE000D0DD9 /* URL+Identifiable.swift */,
				80D7F0B9268C75D80055ECEE /* Date+Components.swift */,
				80A765EF26C843F300A66554 /* TimeInterval+String.swift */,
				8087D5E8269AD287007AB4C2 /* DateInterval+String.swift */,
				80D7F0BF268CFF850055ECEE /* Binding+OnChange.swift */,
				80647AF726D917380054C03F /* String+Localizable.swift */,
			);
			path = Extensions;
			sourceTree = "<group>";
		};
		808FDF312685E48A00B38B78 /* Products */ = {
			isa = PBXGroup;
			children = (
				808FDF352685E48B00B38B78 /* HKCoreSleep.framework */,
			);
			name = Products;
			sourceTree = "<group>";
		};
		80A765DA26C7C59300A66554 /* SubViews */ = {
			isa = PBXGroup;
			children = (
				80A765DB26C7C5A000A66554 /* ActivityViewController.swift */,
			);
			path = SubViews;
			sourceTree = "<group>";
		};
		80A765DD26C7F33E00A66554 /* Audio */ = {
			isa = PBXGroup;
			children = (
				8026061927202E2A00D737AF /* Model */,
				80A765E726C7F5F800A66554 /* ResultsObserver.swift */,
			);
			path = Audio;
			sourceTree = "<group>";
		};
		80A765F126C85E9F00A66554 /* Sound */ = {
			isa = PBXGroup;
			children = (
				80A765ED26C83B3700A66554 /* AudioPlayer.swift */,
				80A765DE26C7F35C00A66554 /* AudioRecorder.swift */,
				80A765F626C85F4B00A66554 /* Subviews */,
				80A765F226C85EB300A66554 /* SoundsCoordinator.swift */,
				80A765E426C7F44000A66554 /* SoundsCoordinatorView.swift */,
			);
			path = Sound;
			sourceTree = "<group>";
		};
		80A765F626C85F4B00A66554 /* Subviews */ = {
			isa = PBXGroup;
			children = (
				80A765F426C85EBF00A66554 /* AudioRecordingsListView.swift */,
				80A765E926C7FA1500A66554 /* AnalysisListView.swift */,
			);
			path = Subviews;
			sourceTree = "<group>";
		};
		80D7F0B2268C71DA0055ECEE /* Calendar */ = {
			isa = PBXGroup;
			children = (
				80D7F0B7268C71EE0055ECEE /* CalendarView.swift */,
				80D7F0BB268C77050055ECEE /* CalendarDayView.swift */,
				80D7F0BD268CF7A30055ECEE /* HealthTypeSwitchView.swift */,
			);
			path = Calendar;
			sourceTree = "<group>";
		};
		882574914EFE6785A847CA1B /* Frameworks */ = {
			isa = PBXGroup;
			children = (
				D91668AE2702307900BD7745 /* HealthKit.framework */,
				D97C395F26BD1530005CCDFB /* SettingsKit.xcodeproj */,
				80780F04266CE356000D0DD9 /* HK */,
				808FDF4A26861EFD00B38B78 /* HealthKit.framework */,
				EDA192C533040726BA3D0D2C /* Pods_Sleepy.framework */,
			);
			name = Frameworks;
			sourceTree = "<group>";
		};
		D91668AC2701FD9500BD7745 /* Extensions */ = {
			isa = PBXGroup;
			children = (
				D91668AA2701FD9200BD7745 /* Date+Extension.swift */,
				D9E12CAE27122B3000F55BF4 /* String+Extension.swift */,
			);
			path = Extensions;
			sourceTree = "<group>";
		};
		D93B632C270E2B3700B15731 /* Health */ = {
			isa = PBXGroup;
			children = (
				D9B8DC48271CBBA0002BC611 /* HealthManager */,
				D9B8DC44271CB47D002BC611 /* Heart */,
				D9B8DC47271CB937002BC611 /* Enums */,
			);
			path = Health;
			sourceTree = "<group>";
		};
		D94419C4266CD3C40019902F = {
			isa = PBXGroup;
			children = (
				D94419CF266CD3C40019902F /* Sleepy */,
				D94419FE266CD4C50019902F /* Sleepy_WatchOS */,
				D9441A0A266CD4C60019902F /* Sleepy_WatchOS Extension */,
				D94419CE266CD3C40019902F /* Products */,
				E2E51B75C4408BE321656654 /* Pods */,
				882574914EFE6785A847CA1B /* Frameworks */,
			);
			sourceTree = "<group>";
		};
		D94419CE266CD3C40019902F /* Products */ = {
			isa = PBXGroup;
			children = (
				D94419CD266CD3C40019902F /* Sleepy.app */,
				D94419FD266CD4C50019902F /* Sleepy_WatchOS.app */,
				D9441A06266CD4C60019902F /* Sleepy_WatchOS Extension.appex */,
			);
			name = Products;
			sourceTree = "<group>";
		};
		D94419CF266CD3C40019902F /* Sleepy */ = {
			isa = PBXGroup;
			children = (
				80260613271F577200D737AF /* soundClassifier.mlmodel */,
				808FDF4926861EFD00B38B78 /* Sleepy.entitlements */,
				D94419D0266CD3C40019902F /* SleepyApp.swift */,
				80780F26266CE7C3000D0DD9 /* AppDelegate.swift */,
				806E3C57271B73C700AA15BB /* Launch Screen.storyboard */,
				8030CB9A26FE5C3F0035D1F1 /* GoogleService-Info.plist */,
				80780F34266D3CFD000D0DD9 /* Scenes */,
				80780F3E266D42D4000D0DD9 /* Services */,
				80780F63266D5BC8000D0DD9 /* Extensions */,
				806E3C5E271C117900AA15BB /* Assets */,
				D94419D9266CD3C50019902F /* Info.plist */,
				D94419D6266CD3C50019902F /* Preview Content */,
				80647AF526D9163B0054C03F /* Localizable.strings */,
			);
			path = Sleepy;
			sourceTree = "<group>";
		};
		D94419D6266CD3C50019902F /* Preview Content */ = {
			isa = PBXGroup;
			children = (
				D94419D7266CD3C50019902F /* Preview Assets.xcassets */,
			);
			path = "Preview Content";
			sourceTree = "<group>";
		};
		D94419FE266CD4C50019902F /* Sleepy_WatchOS */ = {
			isa = PBXGroup;
			children = (
				D94419FF266CD4C60019902F /* Assets.xcassets */,
				D9441A01266CD4C60019902F /* Info.plist */,
			);
			path = Sleepy_WatchOS;
			sourceTree = "<group>";
		};
		D9441A0A266CD4C60019902F /* Sleepy_WatchOS Extension */ = {
			isa = PBXGroup;
			children = (
				D91668AD2702307900BD7745 /* Sleepy_WatchOS Extension.entitlements */,
				D955D4C22701A7E700C44B8D /* LifeCycle */,
				D93B632C270E2B3700B15731 /* Health */,
				D955D4CA2701B12200C44B8D /* SmartAlarm */,
				D955D4C12701A7E000C44B8D /* Views */,
				D9E12CA52710DCF000F55BF4 /* UserData */,
				D955D4C02701A7D700C44B8D /* Notifications */,
				D955D4CB2701B75200C44B8D /* Controls */,
				D91668AC2701FD9500BD7745 /* Extensions */,
				D9441A15266CD4C70019902F /* Assets.xcassets */,
				D9441A1A266CD4C70019902F /* Info.plist */,
				D9441A1B266CD4C70019902F /* PushNotificationPayload.apns */,
				D9441A17266CD4C70019902F /* Preview Content */,
				D9E12CAC2712297900F55BF4 /* Localizable.strings */,
			);
			path = "Sleepy_WatchOS Extension";
			sourceTree = "<group>";
		};
		D9441A17266CD4C70019902F /* Preview Content */ = {
			isa = PBXGroup;
			children = (
				D9441A18266CD4C70019902F /* Preview Assets.xcassets */,
			);
			path = "Preview Content";
			sourceTree = "<group>";
		};
		D955D4C02701A7D700C44B8D /* Notifications */ = {
			isa = PBXGroup;
			children = (
				D9441A0F266CD4C60019902F /* NotificationController.swift */,
				D9441A11266CD4C60019902F /* NotificationView.swift */,
			);
			path = Notifications;
			sourceTree = "<group>";
		};
		D955D4C12701A7E000C44B8D /* Views */ = {
			isa = PBXGroup;
			children = (
				D9441A0D266CD4C60019902F /* MainNavigationView.swift */,
				D955D4C32701A97100C44B8D /* NavItemView.swift */,
				D9E12CA1270E382C00F55BF4 /* NeedHealthAccessView.swift */,
				D9FE832E271CAA5200A9453B /* LoadingAppView.swift */,
			);
			path = Views;
			sourceTree = "<group>";
		};
		D955D4C22701A7E700C44B8D /* LifeCycle */ = {
			isa = PBXGroup;
			children = (
				D9441A0B266CD4C60019902F /* SleepyApp.swift */,
			);
			path = LifeCycle;
			sourceTree = "<group>";
		};
		D955D4CA2701B12200C44B8D /* SmartAlarm */ = {
			isa = PBXGroup;
			children = (
				D955D4C82701B11C00C44B8D /* SmartAlarmModel.swift */,
				D955D4B92701A7C500C44B8D /* SmartAlarmView.swift */,
			);
			path = SmartAlarm;
			sourceTree = "<group>";
		};
		D955D4CB2701B75200C44B8D /* Controls */ = {
			isa = PBXGroup;
			children = (
				D9441A13266CD4C60019902F /* ComplicationController.swift */,
			);
			path = Controls;
			sourceTree = "<group>";
		};
		D96DBC3E2687126000A0E018 /* Products */ = {
			isa = PBXGroup;
			children = (
				D96DBC442687126100A0E018 /* HKStatistics.framework */,
			);
			name = Products;
			sourceTree = "<group>";
		};
		D97030612725DD72000A347A /* RespiratoryCard */ = {
			isa = PBXGroup;
			children = (
				D97030662725DDAE000A347A /* RespiratoryCardDetailView.swift */,
			);
			path = RespiratoryCard;
			sourceTree = "<group>";
		};
		D979FA8626F8C3C000928EF2 /* Cards */ = {
			isa = PBXGroup;
			children = (
				D979FA8726F8C3CE00928EF2 /* CardsViews */,
				80780F59266D4D92000D0DD9 /* CardsDetails */,
			);
			path = Cards;
			sourceTree = "<group>";
		};
		D979FA8726F8C3CE00928EF2 /* CardsViews */ = {
			isa = PBXGroup;
			children = (
				8008E59426E3A8D30076DA7E /* GeneralSleepInfoCardView.swift */,
			);
			path = CardsViews;
			sourceTree = "<group>";
		};
		D979FA8826F8C48E00928EF2 /* GeneralCard */ = {
			isa = PBXGroup;
			children = (
				D99F446426B0136D00998590 /* GeneralCardDetailView.swift */,
			);
			path = GeneralCard;
			sourceTree = "<group>";
		};
		D979FA8926F8C49700928EF2 /* PhasesCard */ = {
			isa = PBXGroup;
			children = (
				D9B1722926B01495002C3B0D /* PhasesCardDetailView.swift */,
			);
			path = PhasesCard;
			sourceTree = "<group>";
		};
		D979FA8A26F8C49E00928EF2 /* HeartCard */ = {
			isa = PBXGroup;
			children = (
				D9B1722B26B014A8002C3B0D /* HeartCardDetailView.swift */,
			);
			path = HeartCard;
			sourceTree = "<group>";
		};
		D97C396026BD1530005CCDFB /* Products */ = {
			isa = PBXGroup;
			children = (
				D97C396426BD1531005CCDFB /* SettingsKit.framework */,
			);
			name = Products;
			sourceTree = "<group>";
		};
		D99509F326777D4D00694208 /* Alarm */ = {
			isa = PBXGroup;
			children = (
				D99509F9267780C400694208 /* AlarmCoordinator.swift */,
				D99509FB267780D700694208 /* AlarmCoordinatorView.swift */,
			);
			path = Alarm;
			sourceTree = "<group>";
		};
		D99509F426777D5800694208 /* History */ = {
			isa = PBXGroup;
			children = (
				D99509EF26777D4200694208 /* HistoryCoordinator.swift */,
				D99509F026777D4200694208 /* HistoryCoordinatorView.swift */,
				8002F3A526A1FA3600A7192A /* HistoryListView.swift */,
				805D75152692456000C19034 /* Embed Statistics */,
				80D7F0B2268C71DA0055ECEE /* Calendar */,
			);
			path = History;
			sourceTree = "<group>";
		};
		D99509F8267780AD00694208 /* Settings */ = {
			isa = PBXGroup;
			children = (
				80A765DA26C7C59300A66554 /* SubViews */,
				D99509FD267780DE00694208 /* SettingsCoordinator.swift */,
				D99509FF267780F300694208 /* SettingsCoordinatorView.swift */,
			);
			path = Settings;
			sourceTree = "<group>";
		};
		D99FD91D26A9F4A500A66A85 /* CardsViewModels */ = {
			isa = PBXGroup;
			children = (
				D9DC913426A9F71000D38E32 /* SummaryGeneralDataViewModel.swift */,
				D9DC913226A9F70200D38E32 /* SummaryPhasesDataViewModel.swift */,
				D9DC913026A9F6EC00D38E32 /* SummaryHeartDataViewModel.swift */,
				D98D925426B0960100C6B7E4 /* BankOfSleepDataViewModel.swift */,
				80C19297270DD67500F66A69 /* SummaryRespiratoryDataViewModel.swift */,
			);
			path = CardsViewModels;
			sourceTree = "<group>";
		};
		D9A8729E26FB20B90072BD77 /* Cards */ = {
			isa = PBXGroup;
			children = (
				80780F57266D4C2E000D0DD9 /* CardService.swift */,
				D99FD91D26A9F4A500A66A85 /* CardsViewModels */,
			);
			path = Cards;
			sourceTree = "<group>";
		};
		D9B1722826B0146D002C3B0D /* InsideViews */ = {
			isa = PBXGroup;
			children = (
				D979FA8826F8C48E00928EF2 /* GeneralCard */,
				D979FA8926F8C49700928EF2 /* PhasesCard */,
				D979FA8A26F8C49E00928EF2 /* HeartCard */,
				D97030612725DD72000A347A /* RespiratoryCard */,
				D9B727DC26FB0F2C00B41683 /* Advices */,
			);
			path = InsideViews;
			sourceTree = "<group>";
		};
		D9B727DC26FB0F2C00B41683 /* Advices */ = {
			isa = PBXGroup;
			children = (
				D9B727DD26FB0F4900B41683 /* AdviceView.swift */,
				D984A91426FB7B2500F800B3 /* AdviceViewModel.swift */,
			);
			path = Advices;
			sourceTree = "<group>";
		};
		D9B8DC44271CB47D002BC611 /* Heart */ = {
			isa = PBXGroup;
			children = (
				D9B8DC42271CB476002BC611 /* HeartDataManager.swift */,
				D9B8DC4C271CBC0A002BC611 /* HeartDataManagerDelegate.swift */,
			);
			path = Heart;
			sourceTree = "<group>";
		};
		D9B8DC47271CB937002BC611 /* Enums */ = {
			isa = PBXGroup;
			children = (
				D9B8DC45271CB931002BC611 /* HealthType.swift */,
			);
			path = Enums;
			sourceTree = "<group>";
		};
		D9B8DC48271CBBA0002BC611 /* HealthManager */ = {
			isa = PBXGroup;
			children = (
				D9B8DC49271CBBB2002BC611 /* HealthManagerDelegate.swift */,
				D903F874270E2D12008A7307 /* HealthManager.swift */,
			);
			path = HealthManager;
			sourceTree = "<group>";
		};
		D9E12CA52710DCF000F55BF4 /* UserData */ = {
			isa = PBXGroup;
			children = (
				D9E12CA32710DC9000F55BF4 /* UserDefaultsWrapper.swift */,
			);
			path = UserData;
			sourceTree = "<group>";
		};
		E2E51B75C4408BE321656654 /* Pods */ = {
			isa = PBXGroup;
			children = (
				F07D7AEDC184141545C503A0 /* Pods-Sleepy.debug.xcconfig */,
				0733EA6A3C4FB57B724ACD34 /* Pods-Sleepy.release.xcconfig */,
			);
			path = Pods;
			sourceTree = "<group>";
		};
/* End PBXGroup section */

/* Begin PBXNativeTarget section */
		D94419CC266CD3C40019902F /* Sleepy */ = {
			isa = PBXNativeTarget;
			buildConfigurationList = D94419F2266CD3C50019902F /* Build configuration list for PBXNativeTarget "Sleepy" */;
			buildPhases = (
				E448DD795795FD8EFDDF300F /* [CP] Check Pods Manifest.lock */,
				D94419C9266CD3C40019902F /* Sources */,
				D94419CA266CD3C40019902F /* Frameworks */,
				D94419CB266CD3C40019902F /* Resources */,
				D9441A3C266CD4C70019902F /* Embed Watch Content */,
				80780F22266CE43A000D0DD9 /* Embed Frameworks */,
				80780F2D266CF63E000D0DD9 /* ShellScript */,
				80BA9C54270B7C5B0001E57F /* ShellScript */,
				DCE5DF5466ADFFF69EC6DDC3 /* [CP] Embed Pods Frameworks */,
			);
			buildRules = (
			);
			dependencies = (
				D9441A33266CD4C70019902F /* PBXTargetDependency */,
			);
			name = Sleepy;
			packageProductDependencies = (
				80780F31266D3B94000D0DD9 /* XUI */,
			);
			productName = Sleepy;
			productReference = D94419CD266CD3C40019902F /* Sleepy.app */;
			productType = "com.apple.product-type.application";
		};
		D94419FC266CD4C50019902F /* Sleepy_WatchOS */ = {
			isa = PBXNativeTarget;
			buildConfigurationList = D9441A39266CD4C70019902F /* Build configuration list for PBXNativeTarget "Sleepy_WatchOS" */;
			buildPhases = (
				D94419FB266CD4C50019902F /* Resources */,
				D9441A38266CD4C70019902F /* Embed App Extensions */,
				E98ED58A4FA15318F870EB51 /* Frameworks */,
			);
			buildRules = (
			);
			dependencies = (
				D9441A09266CD4C60019902F /* PBXTargetDependency */,
			);
			name = Sleepy_WatchOS;
			productName = Sleepy_WatchOS;
			productReference = D94419FD266CD4C50019902F /* Sleepy_WatchOS.app */;
			productType = "com.apple.product-type.application.watchapp2";
		};
		D9441A05266CD4C60019902F /* Sleepy_WatchOS Extension */ = {
			isa = PBXNativeTarget;
			buildConfigurationList = D9441A35266CD4C70019902F /* Build configuration list for PBXNativeTarget "Sleepy_WatchOS Extension" */;
			buildPhases = (
				D9441A02266CD4C60019902F /* Sources */,
				D9441A03266CD4C60019902F /* Frameworks */,
				D9441A04266CD4C60019902F /* Resources */,
			);
			buildRules = (
			);
			dependencies = (
			);
			name = "Sleepy_WatchOS Extension";
			productName = "Sleepy_WatchOS Extension";
			productReference = D9441A06266CD4C60019902F /* Sleepy_WatchOS Extension.appex */;
			productType = "com.apple.product-type.watchkit2-extension";
		};
/* End PBXNativeTarget section */

/* Begin PBXProject section */
		D94419C5266CD3C40019902F /* Project object */ = {
			isa = PBXProject;
			attributes = {
				LastSwiftUpdateCheck = 1300;
				LastUpgradeCheck = 1250;
				TargetAttributes = {
					D94419CC266CD3C40019902F = {
						CreatedOnToolsVersion = 12.5;
					};
					D94419FC266CD4C50019902F = {
						CreatedOnToolsVersion = 12.5;
					};
					D9441A05266CD4C60019902F = {
						CreatedOnToolsVersion = 12.5;
					};
				};
			};
			buildConfigurationList = D94419C8266CD3C40019902F /* Build configuration list for PBXProject "Sleepy" */;
			compatibilityVersion = "Xcode 9.3";
			developmentRegion = en;
			hasScannedForEncodings = 0;
			knownRegions = (
				en,
				Base,
				ru,
			);
			mainGroup = D94419C4266CD3C40019902F;
			packageReferences = (
				80780F30266D3B94000D0DD9 /* XCRemoteSwiftPackageReference "XUI" */,
			);
			productRefGroup = D94419CE266CD3C40019902F /* Products */;
			projectDirPath = "";
			projectReferences = (
				{
					ProductGroup = 808FDF312685E48A00B38B78 /* Products */;
					ProjectRef = 808FDF302685E48A00B38B78 /* HKCoreSleep.xcodeproj */;
				},
				{
					ProductGroup = D96DBC3E2687126000A0E018 /* Products */;
					ProjectRef = D96DBC3D2687126000A0E018 /* HKStatistics.xcodeproj */;
				},
				{
					ProductGroup = 80780F1B266CE39F000D0DD9 /* Products */;
					ProjectRef = 80780F1A266CE39F000D0DD9 /* HKVisualKit.xcodeproj */;
				},
				{
					ProductGroup = D97C396026BD1530005CCDFB /* Products */;
					ProjectRef = D97C395F26BD1530005CCDFB /* SettingsKit.xcodeproj */;
				},
			);
			projectRoot = "";
			targets = (
				D94419CC266CD3C40019902F /* Sleepy */,
				D94419FC266CD4C50019902F /* Sleepy_WatchOS */,
				D9441A05266CD4C60019902F /* Sleepy_WatchOS Extension */,
			);
		};
/* End PBXProject section */

/* Begin PBXReferenceProxy section */
		80780F1F266CE3A0000D0DD9 /* HKVisualKit.framework */ = {
			isa = PBXReferenceProxy;
			fileType = wrapper.framework;
			path = HKVisualKit.framework;
			remoteRef = 80780F1E266CE3A0000D0DD9 /* PBXContainerItemProxy */;
			sourceTree = BUILT_PRODUCTS_DIR;
		};
		808FDF352685E48B00B38B78 /* HKCoreSleep.framework */ = {
			isa = PBXReferenceProxy;
			fileType = wrapper.framework;
			path = HKCoreSleep.framework;
			remoteRef = 808FDF342685E48B00B38B78 /* PBXContainerItemProxy */;
			sourceTree = BUILT_PRODUCTS_DIR;
		};
		D96DBC442687126100A0E018 /* HKStatistics.framework */ = {
			isa = PBXReferenceProxy;
			fileType = wrapper.framework;
			path = HKStatistics.framework;
			remoteRef = D96DBC432687126100A0E018 /* PBXContainerItemProxy */;
			sourceTree = BUILT_PRODUCTS_DIR;
		};
		D97C396426BD1531005CCDFB /* SettingsKit.framework */ = {
			isa = PBXReferenceProxy;
			fileType = wrapper.framework;
			path = SettingsKit.framework;
			remoteRef = D97C396326BD1531005CCDFB /* PBXContainerItemProxy */;
			sourceTree = BUILT_PRODUCTS_DIR;
		};
/* End PBXReferenceProxy section */

/* Begin PBXResourcesBuildPhase section */
		D94419CB266CD3C40019902F /* Resources */ = {
			isa = PBXResourcesBuildPhase;
			buildActionMask = 2147483647;
			files = (
				D94419D8266CD3C50019902F /* Preview Assets.xcassets in Resources */,
				8030CBA026FE5C3F0035D1F1 /* GoogleService-Info.plist in Resources */,
				80647AF326D9163B0054C03F /* Localizable.strings in Resources */,
				806E3C67271C124600AA15BB /* darkIcon@3x.png in Resources */,
				806E3C61271C11CD00AA15BB /* whiteIcon@3x.png in Resources */,
				806E3C63271C11D300AA15BB /* whiteIcon@2x.png in Resources */,
				806E3C65271C123F00AA15BB /* darkIcon@2x.png in Resources */,
				806E3C58271B73C700AA15BB /* Launch Screen.storyboard in Resources */,
				D94419D5266CD3C50019902F /* Assets.xcassets in Resources */,
			);
			runOnlyForDeploymentPostprocessing = 0;
		};
		D94419FB266CD4C50019902F /* Resources */ = {
			isa = PBXResourcesBuildPhase;
			buildActionMask = 2147483647;
			files = (
				D9441A00266CD4C60019902F /* Assets.xcassets in Resources */,
				8030CBA126FE5C3F0035D1F1 /* GoogleService-Info.plist in Resources */,
			);
			runOnlyForDeploymentPostprocessing = 0;
		};
		D9441A04266CD4C60019902F /* Resources */ = {
			isa = PBXResourcesBuildPhase;
			buildActionMask = 2147483647;
			files = (
				D9441A19266CD4C70019902F /* Preview Assets.xcassets in Resources */,
				D9E12CAA2712297900F55BF4 /* Localizable.strings in Resources */,
				D9441A16266CD4C70019902F /* Assets.xcassets in Resources */,
				8030CBA226FE5C3F0035D1F1 /* GoogleService-Info.plist in Resources */,
			);
			runOnlyForDeploymentPostprocessing = 0;
		};
/* End PBXResourcesBuildPhase section */

/* Begin PBXShellScriptBuildPhase section */
		80780F2D266CF63E000D0DD9 /* ShellScript */ = {
			isa = PBXShellScriptBuildPhase;
			buildActionMask = 2147483647;
			files = (
			);
			inputFileListPaths = (
			);
			inputPaths = (
			);
			outputFileListPaths = (
			);
			outputPaths = (
			);
			runOnlyForDeploymentPostprocessing = 0;
			shellPath = /bin/sh;
			shellScript = "\"${PODS_ROOT}/SwiftLint/swiftlint\"\n";
		};
		80BA9C54270B7C5B0001E57F /* ShellScript */ = {
			isa = PBXShellScriptBuildPhase;
			buildActionMask = 2147483647;
			files = (
			);
			inputFileListPaths = (
			);
			inputPaths = (
			);
			outputFileListPaths = (
			);
			outputPaths = (
			);
			runOnlyForDeploymentPostprocessing = 0;
			shellPath = /bin/sh;
			shellScript = "# Type a script or drag a script file from your workspace to insert its path.\nif which swift-format >/dev/null; then\n    swift-format -m format -i -r ${PROJECT_DIR}\nelse\n    echo \"warning: swift-format not installed\"\nfi\n";
		};
		DCE5DF5466ADFFF69EC6DDC3 /* [CP] Embed Pods Frameworks */ = {
			isa = PBXShellScriptBuildPhase;
			buildActionMask = 2147483647;
			files = (
			);
			inputFileListPaths = (
				"${PODS_ROOT}/Target Support Files/Pods-Sleepy/Pods-Sleepy-frameworks-${CONFIGURATION}-input-files.xcfilelist",
			);
			name = "[CP] Embed Pods Frameworks";
			outputFileListPaths = (
				"${PODS_ROOT}/Target Support Files/Pods-Sleepy/Pods-Sleepy-frameworks-${CONFIGURATION}-output-files.xcfilelist",
			);
			runOnlyForDeploymentPostprocessing = 0;
			shellPath = /bin/sh;
			shellScript = "\"${PODS_ROOT}/Target Support Files/Pods-Sleepy/Pods-Sleepy-frameworks.sh\"\n";
			showEnvVarsInLog = 0;
		};
		E448DD795795FD8EFDDF300F /* [CP] Check Pods Manifest.lock */ = {
			isa = PBXShellScriptBuildPhase;
			buildActionMask = 2147483647;
			files = (
			);
			inputFileListPaths = (
			);
			inputPaths = (
				"${PODS_PODFILE_DIR_PATH}/Podfile.lock",
				"${PODS_ROOT}/Manifest.lock",
			);
			name = "[CP] Check Pods Manifest.lock";
			outputFileListPaths = (
			);
			outputPaths = (
				"$(DERIVED_FILE_DIR)/Pods-Sleepy-checkManifestLockResult.txt",
			);
			runOnlyForDeploymentPostprocessing = 0;
			shellPath = /bin/sh;
			shellScript = "diff \"${PODS_PODFILE_DIR_PATH}/Podfile.lock\" \"${PODS_ROOT}/Manifest.lock\" > /dev/null\nif [ $? != 0 ] ; then\n    # print error to STDERR\n    echo \"error: The sandbox is not in sync with the Podfile.lock. Run 'pod install' or update your CocoaPods installation.\" >&2\n    exit 1\nfi\n# This output is used by Xcode 'outputs' to avoid re-running this script phase.\necho \"SUCCESS\" > \"${SCRIPT_OUTPUT_FILE_0}\"\n";
			showEnvVarsInLog = 0;
		};
/* End PBXShellScriptBuildPhase section */

/* Begin PBXSourcesBuildPhase section */
		D94419C9266CD3C40019902F /* Sources */ = {
			isa = PBXSourcesBuildPhase;
			buildActionMask = 2147483647;
			files = (
				D9DC913526A9F71000D38E32 /* SummaryGeneralDataViewModel.swift in Sources */,
				D9DC913326A9F70200D38E32 /* SummaryPhasesDataViewModel.swift in Sources */,
				80D7F0C0268CFF850055ECEE /* Binding+OnChange.swift in Sources */,
				801505AE267140F5007574B9 /* CardDetailsView.swift in Sources */,
				80A765EC26C7FBF000A66554 /* SoundAnalysisResult.swift in Sources */,
				D9DC913126A9F6EC00D38E32 /* SummaryHeartDataViewModel.swift in Sources */,
				80780F5F266D4F42000D0DD9 /* CardDetailsViewCoordinator.swift in Sources */,
				D9B1722C26B014A8002C3B0D /* HeartCardDetailView.swift in Sources */,
				80780F53266D4A93000D0DD9 /* SummaryCardsListCoordinator.swift in Sources */,
				8001402126FF273D001AE152 /* HealthKitIntroView.swift in Sources */,
				8001401F26FF26C0001AE152 /* MainIntroView.swift in Sources */,
				80D7F0BC268C77050055ECEE /* CalendarDayView.swift in Sources */,
				80780F27266CE7C3000D0DD9 /* AppDelegate.swift in Sources */,
				80C19298270DD67500F66A69 /* SummaryRespiratoryDataViewModel.swift in Sources */,
				80780F58266D4C2E000D0DD9 /* CardService.swift in Sources */,
				80D7F0B8268C71EE0055ECEE /* CalendarView.swift in Sources */,
				80647AF826D917380054C03F /* String+Localizable.swift in Sources */,
				8002F3AB26A2163B00A7192A /* EnergyHistoryStatsView.swift in Sources */,
				D99509FE267780DE00694208 /* SettingsCoordinator.swift in Sources */,
				8002F3A926A2139900A7192A /* HeartHistoryStatsView.swift in Sources */,
				8002F3A626A1FA3600A7192A /* HistoryListView.swift in Sources */,
				D98D925526B0960100C6B7E4 /* BankOfSleepDataViewModel.swift in Sources */,
				D99509F126777D4200694208 /* HistoryCoordinator.swift in Sources */,
				80780F5B266D4E58000D0DD9 /* SummaryCardsListView.swift in Sources */,
				D99509F226777D4200694208 /* HistoryCoordinatorView.swift in Sources */,
				80A765DF26C7F35C00A66554 /* AudioRecorder.swift in Sources */,
				80A765F326C85EB300A66554 /* SoundsCoordinator.swift in Sources */,
				80A765F526C85EBF00A66554 /* AudioRecordingsListView.swift in Sources */,
				D9B727DE26FB0F4900B41683 /* AdviceView.swift in Sources */,
				D97030672725DDAE000A347A /* RespiratoryCardDetailView.swift in Sources */,
				805D751B2692458500C19034 /* SleepHistoryStatsView.swift in Sources */,
				D984A91526FB7B2500F800B3 /* AdviceViewModel.swift in Sources */,
				D99509FC267780D700694208 /* AlarmCoordinatorView.swift in Sources */,
				80780F4C266D4786000D0DD9 /* SummaryNavigationCoordinator.swift in Sources */,
				D9B1722A26B01495002C3B0D /* PhasesCardDetailView.swift in Sources */,
				80780F4E266D47AE000D0DD9 /* SummaryNavigationCoordinatorView.swift in Sources */,
				8061C84E26FFDE03002BDA28 /* WelcomeScreenLineView.swift in Sources */,
				80A765EA26C7FA1500A66554 /* AnalysisListView.swift in Sources */,
				D94419D1266CD3C40019902F /* SleepyApp.swift in Sources */,
				D9950A00267780F300694208 /* SettingsCoordinatorView.swift in Sources */,
				8008E59B26E3A8E80076DA7E /* GeneralSleepInfoCardView.swift in Sources */,
				80780F45266D439F000D0DD9 /* RootCoordinatorView.swift in Sources */,
				80A765E526C7F44000A66554 /* SoundsCoordinatorView.swift in Sources */,
				8052613826FF1AD600643C8A /* IntroCoordinator.swift in Sources */,
				8087D5E9269AD287007AB4C2 /* DateInterval+String.swift in Sources */,
				80780F65266D5BDE000D0DD9 /* URL+Identifiable.swift in Sources */,
				80A765F826C8F9E300A66554 /* FileHelper.swift in Sources */,
				80A765E826C7F5F800A66554 /* ResultsObserver.swift in Sources */,
				80A765EE26C83B3700A66554 /* AudioPlayer.swift in Sources */,
				80D7F0BA268C75D80055ECEE /* Date+Components.swift in Sources */,
				80A765DC26C7C5A000A66554 /* ActivityViewController.swift in Sources */,
				80A765E126C7F3A700A66554 /* Recording.swift in Sources */,
				80E15A992708DF68003F55F8 /* HowToUseIntroView.swift in Sources */,
				80A765F026C843F300A66554 /* TimeInterval+String.swift in Sources */,
				8061C85026FFE460002BDA28 /* NotificationsIntroView.swift in Sources */,
				D99F446526B0136D00998590 /* GeneralCardDetailView.swift in Sources */,
				8061C85226FFE4D8002BDA28 /* GoalIntroView.swift in Sources */,
				8052613A26FF1B7A00643C8A /* IntroCoordinatorView.swift in Sources */,
				80780F43266D4377000D0DD9 /* RootCoordinator.swift in Sources */,
				D99509FA267780C400694208 /* AlarmCoordinator.swift in Sources */,
				80260614271F577200D737AF /* soundClassifier.mlmodel in Sources */,
				80D7F0BE268CF7A30055ECEE /* HealthTypeSwitchView.swift in Sources */,
			);
			runOnlyForDeploymentPostprocessing = 0;
		};
		D9441A02266CD4C60019902F /* Sources */ = {
			isa = PBXSourcesBuildPhase;
			buildActionMask = 2147483647;
			files = (
				D9441A10266CD4C60019902F /* NotificationController.swift in Sources */,
				D9FE832F271CAA5200A9453B /* LoadingAppView.swift in Sources */,
				D955D4C92701B11C00C44B8D /* SmartAlarmModel.swift in Sources */,
				D9441A0E266CD4C60019902F /* MainNavigationView.swift in Sources */,
				D9441A14266CD4C60019902F /* ComplicationController.swift in Sources */,
				D9441A0C266CD4C60019902F /* SleepyApp.swift in Sources */,
				D955D4BA2701A7C500C44B8D /* SmartAlarmView.swift in Sources */,
				D9B8DC4D271CBC0A002BC611 /* HeartDataManagerDelegate.swift in Sources */,
				D9E12CAF27122B3000F55BF4 /* String+Extension.swift in Sources */,
				D9B8DC4A271CBBB2002BC611 /* HealthManagerDelegate.swift in Sources */,
				D9B8DC43271CB476002BC611 /* HeartDataManager.swift in Sources */,
				D955D4C42701A97100C44B8D /* NavItemView.swift in Sources */,
				D9B8DC46271CB931002BC611 /* HealthType.swift in Sources */,
				D9441A12266CD4C60019902F /* NotificationView.swift in Sources */,
				D9E12CA42710DC9000F55BF4 /* UserDefaultsWrapper.swift in Sources */,
				D91668AB2701FD9200BD7745 /* Date+Extension.swift in Sources */,
				D9E12CA2270E382C00F55BF4 /* NeedHealthAccessView.swift in Sources */,
				D903F875270E2D12008A7307 /* HealthManager.swift in Sources */,
			);
			runOnlyForDeploymentPostprocessing = 0;
		};
/* End PBXSourcesBuildPhase section */

/* Begin PBXTargetDependency section */
		D9441A09266CD4C60019902F /* PBXTargetDependency */ = {
			isa = PBXTargetDependency;
			target = D9441A05266CD4C60019902F /* Sleepy_WatchOS Extension */;
			targetProxy = D9441A08266CD4C60019902F /* PBXContainerItemProxy */;
		};
		D9441A33266CD4C70019902F /* PBXTargetDependency */ = {
			isa = PBXTargetDependency;
			target = D94419FC266CD4C50019902F /* Sleepy_WatchOS */;
			targetProxy = D9441A32266CD4C70019902F /* PBXContainerItemProxy */;
		};
/* End PBXTargetDependency section */

/* Begin PBXVariantGroup section */
		80647AF526D9163B0054C03F /* Localizable.strings */ = {
			isa = PBXVariantGroup;
			children = (
				80647AF426D9163B0054C03F /* en */,
				80647AF626D916770054C03F /* ru */,
			);
			name = Localizable.strings;
			sourceTree = "<group>";
		};
		D9E12CAC2712297900F55BF4 /* Localizable.strings */ = {
			isa = PBXVariantGroup;
			children = (
				D9E12CAB2712297900F55BF4 /* en */,
				D9E12CAD2712297E00F55BF4 /* ru */,
			);
			name = Localizable.strings;
			sourceTree = "<group>";
		};
/* End PBXVariantGroup section */

/* Begin XCBuildConfiguration section */
		D94419F0266CD3C50019902F /* Debug */ = {
			isa = XCBuildConfiguration;
			buildSettings = {
				ALWAYS_SEARCH_USER_PATHS = NO;
				CLANG_ANALYZER_LOCALIZABILITY_NONLOCALIZED = YES;
				CLANG_ANALYZER_NONNULL = YES;
				CLANG_ANALYZER_NUMBER_OBJECT_CONVERSION = YES_AGGRESSIVE;
				CLANG_CXX_LANGUAGE_STANDARD = "gnu++14";
				CLANG_CXX_LIBRARY = "libc++";
				CLANG_ENABLE_MODULES = YES;
				CLANG_ENABLE_OBJC_ARC = YES;
				CLANG_ENABLE_OBJC_WEAK = YES;
				CLANG_WARN_BLOCK_CAPTURE_AUTORELEASING = YES;
				CLANG_WARN_BOOL_CONVERSION = YES;
				CLANG_WARN_COMMA = YES;
				CLANG_WARN_CONSTANT_CONVERSION = YES;
				CLANG_WARN_DEPRECATED_OBJC_IMPLEMENTATIONS = YES;
				CLANG_WARN_DIRECT_OBJC_ISA_USAGE = YES_ERROR;
				CLANG_WARN_DOCUMENTATION_COMMENTS = YES;
				CLANG_WARN_EMPTY_BODY = YES;
				CLANG_WARN_ENUM_CONVERSION = YES;
				CLANG_WARN_INFINITE_RECURSION = YES;
				CLANG_WARN_INT_CONVERSION = YES;
				CLANG_WARN_NON_LITERAL_NULL_CONVERSION = YES;
				CLANG_WARN_OBJC_IMPLICIT_RETAIN_SELF = YES;
				CLANG_WARN_OBJC_LITERAL_CONVERSION = YES;
				CLANG_WARN_OBJC_ROOT_CLASS = YES_ERROR;
				CLANG_WARN_QUOTED_INCLUDE_IN_FRAMEWORK_HEADER = YES;
				CLANG_WARN_RANGE_LOOP_ANALYSIS = YES;
				CLANG_WARN_STRICT_PROTOTYPES = YES;
				CLANG_WARN_SUSPICIOUS_MOVE = YES;
				CLANG_WARN_UNGUARDED_AVAILABILITY = YES_AGGRESSIVE;
				CLANG_WARN_UNREACHABLE_CODE = YES;
				CLANG_WARN__DUPLICATE_METHOD_MATCH = YES;
				COPY_PHASE_STRIP = NO;
				DEBUG_INFORMATION_FORMAT = dwarf;
				ENABLE_STRICT_OBJC_MSGSEND = YES;
				ENABLE_TESTABILITY = YES;
				GCC_C_LANGUAGE_STANDARD = gnu11;
				GCC_DYNAMIC_NO_PIC = NO;
				GCC_NO_COMMON_BLOCKS = YES;
				GCC_OPTIMIZATION_LEVEL = 0;
				GCC_PREPROCESSOR_DEFINITIONS = (
					"DEBUG=1",
					"$(inherited)",
				);
				GCC_WARN_64_TO_32_BIT_CONVERSION = YES;
				GCC_WARN_ABOUT_RETURN_TYPE = YES_ERROR;
				GCC_WARN_UNDECLARED_SELECTOR = YES;
				GCC_WARN_UNINITIALIZED_AUTOS = YES_AGGRESSIVE;
				GCC_WARN_UNUSED_FUNCTION = YES;
				GCC_WARN_UNUSED_VARIABLE = YES;
				IPHONEOS_DEPLOYMENT_TARGET = 14.0;
				MTL_ENABLE_DEBUG_INFO = INCLUDE_SOURCE;
				MTL_FAST_MATH = YES;
				ONLY_ACTIVE_ARCH = YES;
				SDKROOT = iphoneos;
				SWIFT_ACTIVE_COMPILATION_CONDITIONS = DEBUG;
				SWIFT_OPTIMIZATION_LEVEL = "-Onone";
			};
			name = Debug;
		};
		D94419F1266CD3C50019902F /* Release */ = {
			isa = XCBuildConfiguration;
			buildSettings = {
				ALWAYS_SEARCH_USER_PATHS = NO;
				CLANG_ANALYZER_LOCALIZABILITY_NONLOCALIZED = YES;
				CLANG_ANALYZER_NONNULL = YES;
				CLANG_ANALYZER_NUMBER_OBJECT_CONVERSION = YES_AGGRESSIVE;
				CLANG_CXX_LANGUAGE_STANDARD = "gnu++14";
				CLANG_CXX_LIBRARY = "libc++";
				CLANG_ENABLE_MODULES = YES;
				CLANG_ENABLE_OBJC_ARC = YES;
				CLANG_ENABLE_OBJC_WEAK = YES;
				CLANG_WARN_BLOCK_CAPTURE_AUTORELEASING = YES;
				CLANG_WARN_BOOL_CONVERSION = YES;
				CLANG_WARN_COMMA = YES;
				CLANG_WARN_CONSTANT_CONVERSION = YES;
				CLANG_WARN_DEPRECATED_OBJC_IMPLEMENTATIONS = YES;
				CLANG_WARN_DIRECT_OBJC_ISA_USAGE = YES_ERROR;
				CLANG_WARN_DOCUMENTATION_COMMENTS = YES;
				CLANG_WARN_EMPTY_BODY = YES;
				CLANG_WARN_ENUM_CONVERSION = YES;
				CLANG_WARN_INFINITE_RECURSION = YES;
				CLANG_WARN_INT_CONVERSION = YES;
				CLANG_WARN_NON_LITERAL_NULL_CONVERSION = YES;
				CLANG_WARN_OBJC_IMPLICIT_RETAIN_SELF = YES;
				CLANG_WARN_OBJC_LITERAL_CONVERSION = YES;
				CLANG_WARN_OBJC_ROOT_CLASS = YES_ERROR;
				CLANG_WARN_QUOTED_INCLUDE_IN_FRAMEWORK_HEADER = YES;
				CLANG_WARN_RANGE_LOOP_ANALYSIS = YES;
				CLANG_WARN_STRICT_PROTOTYPES = YES;
				CLANG_WARN_SUSPICIOUS_MOVE = YES;
				CLANG_WARN_UNGUARDED_AVAILABILITY = YES_AGGRESSIVE;
				CLANG_WARN_UNREACHABLE_CODE = YES;
				CLANG_WARN__DUPLICATE_METHOD_MATCH = YES;
				COPY_PHASE_STRIP = NO;
				DEBUG_INFORMATION_FORMAT = "dwarf-with-dsym";
				ENABLE_NS_ASSERTIONS = NO;
				ENABLE_STRICT_OBJC_MSGSEND = YES;
				GCC_C_LANGUAGE_STANDARD = gnu11;
				GCC_NO_COMMON_BLOCKS = YES;
				GCC_WARN_64_TO_32_BIT_CONVERSION = YES;
				GCC_WARN_ABOUT_RETURN_TYPE = YES_ERROR;
				GCC_WARN_UNDECLARED_SELECTOR = YES;
				GCC_WARN_UNINITIALIZED_AUTOS = YES_AGGRESSIVE;
				GCC_WARN_UNUSED_FUNCTION = YES;
				GCC_WARN_UNUSED_VARIABLE = YES;
				IPHONEOS_DEPLOYMENT_TARGET = 14.0;
				MTL_ENABLE_DEBUG_INFO = NO;
				MTL_FAST_MATH = YES;
				SDKROOT = iphoneos;
				SWIFT_COMPILATION_MODE = wholemodule;
				SWIFT_OPTIMIZATION_LEVEL = "-O";
				VALIDATE_PRODUCT = YES;
			};
			name = Release;
		};
		D94419F3266CD3C50019902F /* Debug */ = {
			isa = XCBuildConfiguration;
			baseConfigurationReference = F07D7AEDC184141545C503A0 /* Pods-Sleepy.debug.xcconfig */;
			buildSettings = {
				ASSETCATALOG_COMPILER_APPICON_NAME = AppIcon;
				ASSETCATALOG_COMPILER_GLOBAL_ACCENT_COLOR_NAME = AccentColor;
				CODE_SIGN_ENTITLEMENTS = Sleepy/Sleepy.entitlements;
				CODE_SIGN_STYLE = Automatic;
				DEVELOPMENT_ASSET_PATHS = "\"Sleepy/Preview Content\"";
				DEVELOPMENT_TEAM = 74N9HYZTUU;
				ENABLE_PREVIEWS = YES;
				INFOPLIST_FILE = Sleepy/Info.plist;
				IPHONEOS_DEPLOYMENT_TARGET = 14.0;
				LD_RUNPATH_SEARCH_PATHS = (
					"$(inherited)",
					"@executable_path/Frameworks",
				);
				MARKETING_VERSION = 1.0;
				OTHER_LDFLAGS = (
					"$(inherited)",
					"-l\"c++\"",
					"-l\"sqlite3\"",
					"-l\"z\"",
					"-framework",
					"\"Armchair\"",
					"-framework",
					"\"CoreTelephony\"",
					"-framework",
					"\"FBLPromises\"",
					"-framework",
					"\"FirebaseAnalytics\"",
					"-framework",
					"\"FirebaseCore\"",
					"-framework",
					"\"FirebaseCoreDiagnostics\"",
					"-framework",
					"\"FirebaseInstallations\"",
					"-framework",
					"\"Foundation\"",
					"-framework",
					"\"GoogleAppMeasurement\"",
					"-framework",
					"\"GoogleDataTransport\"",
					"-framework",
					"\"GoogleUtilities\"",
					"-framework",
					"\"Security\"",
					"-framework",
					"\"StoreKit\"",
					"-framework",
					"\"SystemConfiguration\"",
					"-framework",
					"\"UIKit\"",
					"-framework",
					"\"nanopb\"",
					"-ObjC",
				);
				PRODUCT_BUNDLE_IDENTIFIER = com.benmustafa.sleepy;
				PRODUCT_NAME = "$(TARGET_NAME)";
				SWIFT_VERSION = 5.0;
				TARGETED_DEVICE_FAMILY = 1;
			};
			name = Debug;
		};
		D94419F4266CD3C50019902F /* Release */ = {
			isa = XCBuildConfiguration;
			baseConfigurationReference = 0733EA6A3C4FB57B724ACD34 /* Pods-Sleepy.release.xcconfig */;
			buildSettings = {
				ASSETCATALOG_COMPILER_APPICON_NAME = AppIcon;
				ASSETCATALOG_COMPILER_GLOBAL_ACCENT_COLOR_NAME = AccentColor;
				CODE_SIGN_ENTITLEMENTS = Sleepy/Sleepy.entitlements;
				CODE_SIGN_STYLE = Automatic;
				DEVELOPMENT_ASSET_PATHS = "\"Sleepy/Preview Content\"";
				DEVELOPMENT_TEAM = 74N9HYZTUU;
				ENABLE_PREVIEWS = YES;
				INFOPLIST_FILE = Sleepy/Info.plist;
				IPHONEOS_DEPLOYMENT_TARGET = 14.0;
				LD_RUNPATH_SEARCH_PATHS = (
					"$(inherited)",
					"@executable_path/Frameworks",
				);
				MARKETING_VERSION = 1.0;
				OTHER_LDFLAGS = (
					"$(inherited)",
					"-l\"c++\"",
					"-l\"sqlite3\"",
					"-l\"z\"",
					"-framework",
					"\"Armchair\"",
					"-framework",
					"\"CoreTelephony\"",
					"-framework",
					"\"FBLPromises\"",
					"-framework",
					"\"FirebaseAnalytics\"",
					"-framework",
					"\"FirebaseCore\"",
					"-framework",
					"\"FirebaseCoreDiagnostics\"",
					"-framework",
					"\"FirebaseInstallations\"",
					"-framework",
					"\"Foundation\"",
					"-framework",
					"\"GoogleAppMeasurement\"",
					"-framework",
					"\"GoogleDataTransport\"",
					"-framework",
					"\"GoogleUtilities\"",
					"-framework",
					"\"Security\"",
					"-framework",
					"\"StoreKit\"",
					"-framework",
					"\"SystemConfiguration\"",
					"-framework",
					"\"UIKit\"",
					"-framework",
					"\"nanopb\"",
					"-ObjC",
				);
				PRODUCT_BUNDLE_IDENTIFIER = com.benmustafa.sleepy;
				PRODUCT_NAME = "$(TARGET_NAME)";
				SWIFT_VERSION = 5.0;
				TARGETED_DEVICE_FAMILY = 1;
			};
			name = Release;
		};
		D9441A36266CD4C70019902F /* Debug */ = {
			isa = XCBuildConfiguration;
			buildSettings = {
				ASSETCATALOG_COMPILER_COMPLICATION_NAME = Complication;
				CODE_SIGN_ENTITLEMENTS = "Sleepy_WatchOS Extension/Sleepy_WatchOS Extension.entitlements";
				CODE_SIGN_STYLE = Automatic;
				DEFINES_MODULE = YES;
				DEVELOPMENT_ASSET_PATHS = "Sleepy_WatchOS\\ Extension/Preview\\ Content";
				DEVELOPMENT_TEAM = 74N9HYZTUU;
				ENABLE_PREVIEWS = YES;
				INFOPLIST_FILE = "Sleepy_WatchOS Extension/Info.plist";
				LD_RUNPATH_SEARCH_PATHS = (
					"$(inherited)",
					"@executable_path/Frameworks",
					"@executable_path/../../Frameworks",
				);
				PRODUCT_BUNDLE_IDENTIFIER = com.benmustafa.sleepy.watchkitapp.watchkitextension;
				PRODUCT_NAME = "${TARGET_NAME}";
				SDKROOT = watchos;
				SKIP_INSTALL = YES;
				SWIFT_VERSION = 5.0;
				TARGETED_DEVICE_FAMILY = 4;
				WATCHOS_DEPLOYMENT_TARGET = 7.4;
			};
			name = Debug;
		};
		D9441A37266CD4C70019902F /* Release */ = {
			isa = XCBuildConfiguration;
			buildSettings = {
				ASSETCATALOG_COMPILER_COMPLICATION_NAME = Complication;
				CODE_SIGN_ENTITLEMENTS = "Sleepy_WatchOS Extension/Sleepy_WatchOS Extension.entitlements";
				CODE_SIGN_STYLE = Automatic;
				DEFINES_MODULE = YES;
				DEVELOPMENT_ASSET_PATHS = "Sleepy_WatchOS\\ Extension/Preview\\ Content";
				DEVELOPMENT_TEAM = 74N9HYZTUU;
				ENABLE_PREVIEWS = YES;
				ENABLE_TESTABILITY = NO;
				INFOPLIST_FILE = "Sleepy_WatchOS Extension/Info.plist";
				LD_RUNPATH_SEARCH_PATHS = (
					"$(inherited)",
					"@executable_path/Frameworks",
					"@executable_path/../../Frameworks",
				);
				PRODUCT_BUNDLE_IDENTIFIER = com.benmustafa.sleepy.watchkitapp.watchkitextension;
				PRODUCT_NAME = "${TARGET_NAME}";
				SDKROOT = watchos;
				SKIP_INSTALL = YES;
				SWIFT_VERSION = 5.0;
				TARGETED_DEVICE_FAMILY = 4;
				WATCHOS_DEPLOYMENT_TARGET = 7.4;
			};
			name = Release;
		};
		D9441A3A266CD4C70019902F /* Debug */ = {
			isa = XCBuildConfiguration;
			buildSettings = {
				ALWAYS_EMBED_SWIFT_STANDARD_LIBRARIES = YES;
				ASSETCATALOG_COMPILER_APPICON_NAME = AppIcon;
				ASSETCATALOG_COMPILER_GLOBAL_ACCENT_COLOR_NAME = AccentColor;
				CODE_SIGN_STYLE = Automatic;
				DEVELOPMENT_TEAM = 74N9HYZTUU;
				IBSC_MODULE = Sleepy_WatchOS_Extension;
				INFOPLIST_FILE = Sleepy_WatchOS/Info.plist;
				LD_RUNPATH_SEARCH_PATHS = (
					"$(inherited)",
					"@executable_path/Frameworks",
				);
				PRODUCT_BUNDLE_IDENTIFIER = com.benmustafa.sleepy.watchkitapp;
				PRODUCT_NAME = "$(TARGET_NAME)";
				SDKROOT = watchos;
				SKIP_INSTALL = YES;
				SWIFT_VERSION = 5.0;
				TARGETED_DEVICE_FAMILY = 4;
				WATCHOS_DEPLOYMENT_TARGET = 7.4;
			};
			name = Debug;
		};
		D9441A3B266CD4C70019902F /* Release */ = {
			isa = XCBuildConfiguration;
			buildSettings = {
				ALWAYS_EMBED_SWIFT_STANDARD_LIBRARIES = YES;
				ASSETCATALOG_COMPILER_APPICON_NAME = AppIcon;
				ASSETCATALOG_COMPILER_GLOBAL_ACCENT_COLOR_NAME = AccentColor;
				CODE_SIGN_STYLE = Automatic;
				DEVELOPMENT_TEAM = 74N9HYZTUU;
				IBSC_MODULE = Sleepy_WatchOS_Extension;
				INFOPLIST_FILE = Sleepy_WatchOS/Info.plist;
				LD_RUNPATH_SEARCH_PATHS = (
					"$(inherited)",
					"@executable_path/Frameworks",
				);
				PRODUCT_BUNDLE_IDENTIFIER = com.benmustafa.sleepy.watchkitapp;
				PRODUCT_NAME = "$(TARGET_NAME)";
				SDKROOT = watchos;
				SKIP_INSTALL = YES;
				SWIFT_VERSION = 5.0;
				TARGETED_DEVICE_FAMILY = 4;
				WATCHOS_DEPLOYMENT_TARGET = 7.4;
			};
			name = Release;
		};
/* End XCBuildConfiguration section */

/* Begin XCConfigurationList section */
		D94419C8266CD3C40019902F /* Build configuration list for PBXProject "Sleepy" */ = {
			isa = XCConfigurationList;
			buildConfigurations = (
				D94419F0266CD3C50019902F /* Debug */,
				D94419F1266CD3C50019902F /* Release */,
			);
			defaultConfigurationIsVisible = 0;
			defaultConfigurationName = Release;
		};
		D94419F2266CD3C50019902F /* Build configuration list for PBXNativeTarget "Sleepy" */ = {
			isa = XCConfigurationList;
			buildConfigurations = (
				D94419F3266CD3C50019902F /* Debug */,
				D94419F4266CD3C50019902F /* Release */,
			);
			defaultConfigurationIsVisible = 0;
			defaultConfigurationName = Release;
		};
		D9441A35266CD4C70019902F /* Build configuration list for PBXNativeTarget "Sleepy_WatchOS Extension" */ = {
			isa = XCConfigurationList;
			buildConfigurations = (
				D9441A36266CD4C70019902F /* Debug */,
				D9441A37266CD4C70019902F /* Release */,
			);
			defaultConfigurationIsVisible = 0;
			defaultConfigurationName = Release;
		};
		D9441A39266CD4C70019902F /* Build configuration list for PBXNativeTarget "Sleepy_WatchOS" */ = {
			isa = XCConfigurationList;
			buildConfigurations = (
				D9441A3A266CD4C70019902F /* Debug */,
				D9441A3B266CD4C70019902F /* Release */,
			);
			defaultConfigurationIsVisible = 0;
			defaultConfigurationName = Release;
		};
/* End XCConfigurationList section */

/* Begin XCRemoteSwiftPackageReference section */
		80780F30266D3B94000D0DD9 /* XCRemoteSwiftPackageReference "XUI" */ = {
			isa = XCRemoteSwiftPackageReference;
			repositoryURL = "https://github.com/quickbirdstudios/XUI.git";
			requirement = {
				branch = main;
				kind = branch;
			};
		};
/* End XCRemoteSwiftPackageReference section */

/* Begin XCSwiftPackageProductDependency section */
		80780F31266D3B94000D0DD9 /* XUI */ = {
			isa = XCSwiftPackageProductDependency;
			package = 80780F30266D3B94000D0DD9 /* XCRemoteSwiftPackageReference "XUI" */;
			productName = XUI;
		};
/* End XCSwiftPackageProductDependency section */
	};
	rootObject = D94419C5266CD3C40019902F /* Project object */;
}
