// !$*UTF8*$!
{
	archiveVersion = 1;
	classes = {
	};
	objectVersion = 52;
	objects = {

/* Begin PBXBuildFile section */
		4C845AFBD9129D07199D3362 /* Pods_Sleepy_Sleepy_WatchOSUITests.framework in Frameworks */ = {isa = PBXBuildFile; fileRef = 6B18099E1729DF44447B75B1 /* Pods_Sleepy_Sleepy_WatchOSUITests.framework */; };
		8002F3A626A1FA3600A7192A /* HistoryListView.swift in Sources */ = {isa = PBXBuildFile; fileRef = 8002F3A526A1FA3600A7192A /* HistoryListView.swift */; };
		8002F3A926A2139900A7192A /* HeartHistoryStatsView.swift in Sources */ = {isa = PBXBuildFile; fileRef = 8002F3A826A2139900A7192A /* HeartHistoryStatsView.swift */; };
		8002F3AB26A2163B00A7192A /* EnergyHistoryStatsView.swift in Sources */ = {isa = PBXBuildFile; fileRef = 8002F3AA26A2163B00A7192A /* EnergyHistoryStatsView.swift */; };
		801505AE267140F5007574B9 /* CardDetailView.swift in Sources */ = {isa = PBXBuildFile; fileRef = 801505AD267140F5007574B9 /* CardDetailView.swift */; };
		805CDA7626D11C91005786B9 /* soundClassifier.mlmodel in Sources */ = {isa = PBXBuildFile; fileRef = 805CDA7026D11C91005786B9 /* soundClassifier.mlmodel */; };
		805D751B2692458500C19034 /* SleepHistoryStatsView.swift in Sources */ = {isa = PBXBuildFile; fileRef = 805D751A2692458500C19034 /* SleepHistoryStatsView.swift */; };
		80647AF326D9163B0054C03F /* Localizable.strings in Resources */ = {isa = PBXBuildFile; fileRef = 80647AF526D9163B0054C03F /* Localizable.strings */; };
		80647AF826D917380054C03F /* String+Localizable.swift in Sources */ = {isa = PBXBuildFile; fileRef = 80647AF726D917380054C03F /* String+Localizable.swift */; };
		80647AFA26D918E50054C03F /* SummaryInfoCardView.swift in Sources */ = {isa = PBXBuildFile; fileRef = 80647AF926D918E50054C03F /* SummaryInfoCardView.swift */; };
		80780F20266CE43A000D0DD9 /* HKVisualKit.framework in Frameworks */ = {isa = PBXBuildFile; fileRef = 80780F1F266CE3A0000D0DD9 /* HKVisualKit.framework */; };
		80780F21266CE43A000D0DD9 /* HKVisualKit.framework in Embed Frameworks */ = {isa = PBXBuildFile; fileRef = 80780F1F266CE3A0000D0DD9 /* HKVisualKit.framework */; settings = {ATTRIBUTES = (CodeSignOnCopy, RemoveHeadersOnCopy, ); }; };
		80780F27266CE7C3000D0DD9 /* AppDelegate.swift in Sources */ = {isa = PBXBuildFile; fileRef = 80780F26266CE7C3000D0DD9 /* AppDelegate.swift */; };
		80780F32266D3B94000D0DD9 /* XUI in Frameworks */ = {isa = PBXBuildFile; productRef = 80780F31266D3B94000D0DD9 /* XUI */; };
		80780F43266D4377000D0DD9 /* RootCoordinator.swift in Sources */ = {isa = PBXBuildFile; fileRef = 80780F42266D4377000D0DD9 /* RootCoordinator.swift */; };
		80780F45266D439F000D0DD9 /* RootCoordinatorView.swift in Sources */ = {isa = PBXBuildFile; fileRef = 80780F44266D439F000D0DD9 /* RootCoordinatorView.swift */; };
		80780F4C266D4786000D0DD9 /* SummaryNavigationCoordinator.swift in Sources */ = {isa = PBXBuildFile; fileRef = 80780F4B266D4786000D0DD9 /* SummaryNavigationCoordinator.swift */; };
		80780F4E266D47AE000D0DD9 /* SummaryNavigationCoordinatorView.swift in Sources */ = {isa = PBXBuildFile; fileRef = 80780F4D266D47AE000D0DD9 /* SummaryNavigationCoordinatorView.swift */; };
		80780F53266D4A93000D0DD9 /* SummaryListCoordinator.swift in Sources */ = {isa = PBXBuildFile; fileRef = 80780F52266D4A93000D0DD9 /* SummaryListCoordinator.swift */; };
		80780F58266D4C2E000D0DD9 /* CardService.swift in Sources */ = {isa = PBXBuildFile; fileRef = 80780F57266D4C2E000D0DD9 /* CardService.swift */; };
		80780F5B266D4E58000D0DD9 /* SummaryListView.swift in Sources */ = {isa = PBXBuildFile; fileRef = 80780F5A266D4E58000D0DD9 /* SummaryListView.swift */; };
		80780F5F266D4F42000D0DD9 /* CardDetailViewCoordinator.swift in Sources */ = {isa = PBXBuildFile; fileRef = 80780F5E266D4F42000D0DD9 /* CardDetailViewCoordinator.swift */; };
		80780F65266D5BDE000D0DD9 /* URL+Identifiable.swift in Sources */ = {isa = PBXBuildFile; fileRef = 80780F64266D5BDE000D0DD9 /* URL+Identifiable.swift */; };
		8087D5E9269AD287007AB4C2 /* DateInterval+String.swift in Sources */ = {isa = PBXBuildFile; fileRef = 8087D5E8269AD287007AB4C2 /* DateInterval+String.swift */; };
		808FDF3E2685EB8000B38B78 /* HKCoreSleep.framework in Frameworks */ = {isa = PBXBuildFile; fileRef = 808FDF352685E48B00B38B78 /* HKCoreSleep.framework */; };
		808FDF3F2685EB8000B38B78 /* HKCoreSleep.framework in Embed Frameworks */ = {isa = PBXBuildFile; fileRef = 808FDF352685E48B00B38B78 /* HKCoreSleep.framework */; settings = {ATTRIBUTES = (CodeSignOnCopy, RemoveHeadersOnCopy, ); }; };
		808FDF4B26861EFD00B38B78 /* HealthKit.framework in Frameworks */ = {isa = PBXBuildFile; fileRef = 808FDF4A26861EFD00B38B78 /* HealthKit.framework */; };
		80A765DC26C7C5A000A66554 /* ActivityViewController.swift in Sources */ = {isa = PBXBuildFile; fileRef = 80A765DB26C7C5A000A66554 /* ActivityViewController.swift */; };
		80A765DF26C7F35C00A66554 /* AudioRecorder.swift in Sources */ = {isa = PBXBuildFile; fileRef = 80A765DE26C7F35C00A66554 /* AudioRecorder.swift */; };
		80A765E126C7F3A700A66554 /* Recording.swift in Sources */ = {isa = PBXBuildFile; fileRef = 80A765E026C7F3A700A66554 /* Recording.swift */; };
		80A765E526C7F44000A66554 /* SoundsCoordinatorView.swift in Sources */ = {isa = PBXBuildFile; fileRef = 80A765E426C7F44000A66554 /* SoundsCoordinatorView.swift */; };
		80A765E826C7F5F800A66554 /* ResultsObserver.swift in Sources */ = {isa = PBXBuildFile; fileRef = 80A765E726C7F5F800A66554 /* ResultsObserver.swift */; };
		80A765EA26C7FA1500A66554 /* AnalysisListView.swift in Sources */ = {isa = PBXBuildFile; fileRef = 80A765E926C7FA1500A66554 /* AnalysisListView.swift */; };
		80A765EC26C7FBF000A66554 /* SoundAnalysisResult.swift in Sources */ = {isa = PBXBuildFile; fileRef = 80A765EB26C7FBF000A66554 /* SoundAnalysisResult.swift */; };
		80A765EE26C83B3700A66554 /* AudioPlayer.swift in Sources */ = {isa = PBXBuildFile; fileRef = 80A765ED26C83B3700A66554 /* AudioPlayer.swift */; };
		80A765F026C843F300A66554 /* TimeInterval+String.swift in Sources */ = {isa = PBXBuildFile; fileRef = 80A765EF26C843F300A66554 /* TimeInterval+String.swift */; };
		80A765F326C85EB300A66554 /* SoundsCoordinator.swift in Sources */ = {isa = PBXBuildFile; fileRef = 80A765F226C85EB300A66554 /* SoundsCoordinator.swift */; };
		80A765F526C85EBF00A66554 /* AudioRecordingsListView.swift in Sources */ = {isa = PBXBuildFile; fileRef = 80A765F426C85EBF00A66554 /* AudioRecordingsListView.swift */; };
		80A765F826C8F9E300A66554 /* FileHelper.swift in Sources */ = {isa = PBXBuildFile; fileRef = 80A765F726C8F9E300A66554 /* FileHelper.swift */; };
		80D7F0B8268C71EE0055ECEE /* CalendarView.swift in Sources */ = {isa = PBXBuildFile; fileRef = 80D7F0B7268C71EE0055ECEE /* CalendarView.swift */; };
		80D7F0BA268C75D80055ECEE /* Date+Components.swift in Sources */ = {isa = PBXBuildFile; fileRef = 80D7F0B9268C75D80055ECEE /* Date+Components.swift */; };
		80D7F0BC268C77050055ECEE /* CalendarDayView.swift in Sources */ = {isa = PBXBuildFile; fileRef = 80D7F0BB268C77050055ECEE /* CalendarDayView.swift */; };
		80D7F0BE268CF7A30055ECEE /* HealthTypeSwitchView.swift in Sources */ = {isa = PBXBuildFile; fileRef = 80D7F0BD268CF7A30055ECEE /* HealthTypeSwitchView.swift */; };
		80D7F0C0268CFF850055ECEE /* Binding+OnChange.swift in Sources */ = {isa = PBXBuildFile; fileRef = 80D7F0BF268CFF850055ECEE /* Binding+OnChange.swift */; };
		C5562385977B9BE864A30123 /* Pods_Sleepy_SleepyUITests.framework in Frameworks */ = {isa = PBXBuildFile; fileRef = 755EE027EAE16912B3161FCB /* Pods_Sleepy_SleepyUITests.framework */; };
		D94419D1266CD3C40019902F /* SleepyApp.swift in Sources */ = {isa = PBXBuildFile; fileRef = D94419D0266CD3C40019902F /* SleepyApp.swift */; };
		D94419D5266CD3C50019902F /* Assets.xcassets in Resources */ = {isa = PBXBuildFile; fileRef = D94419D4266CD3C50019902F /* Assets.xcassets */; };
		D94419D8266CD3C50019902F /* Preview Assets.xcassets in Resources */ = {isa = PBXBuildFile; fileRef = D94419D7266CD3C50019902F /* Preview Assets.xcassets */; };
		D94419E3266CD3C50019902F /* SleepyTests.swift in Sources */ = {isa = PBXBuildFile; fileRef = D94419E2266CD3C50019902F /* SleepyTests.swift */; };
		D94419EE266CD3C50019902F /* SleepyUITests.swift in Sources */ = {isa = PBXBuildFile; fileRef = D94419ED266CD3C50019902F /* SleepyUITests.swift */; };
		D9441A00266CD4C60019902F /* Assets.xcassets in Resources */ = {isa = PBXBuildFile; fileRef = D94419FF266CD4C60019902F /* Assets.xcassets */; };
		D9441A07266CD4C60019902F /* Sleepy_WatchOS Extension.appex in Embed App Extensions */ = {isa = PBXBuildFile; fileRef = D9441A06266CD4C60019902F /* Sleepy_WatchOS Extension.appex */; settings = {ATTRIBUTES = (RemoveHeadersOnCopy, ); }; };
		D9441A0C266CD4C60019902F /* SleepyApp.swift in Sources */ = {isa = PBXBuildFile; fileRef = D9441A0B266CD4C60019902F /* SleepyApp.swift */; };
		D9441A0E266CD4C60019902F /* ContentView.swift in Sources */ = {isa = PBXBuildFile; fileRef = D9441A0D266CD4C60019902F /* ContentView.swift */; };
		D9441A10266CD4C60019902F /* NotificationController.swift in Sources */ = {isa = PBXBuildFile; fileRef = D9441A0F266CD4C60019902F /* NotificationController.swift */; };
		D9441A12266CD4C60019902F /* NotificationView.swift in Sources */ = {isa = PBXBuildFile; fileRef = D9441A11266CD4C60019902F /* NotificationView.swift */; };
		D9441A14266CD4C60019902F /* ComplicationController.swift in Sources */ = {isa = PBXBuildFile; fileRef = D9441A13266CD4C60019902F /* ComplicationController.swift */; };
		D9441A16266CD4C70019902F /* Assets.xcassets in Resources */ = {isa = PBXBuildFile; fileRef = D9441A15266CD4C70019902F /* Assets.xcassets */; };
		D9441A19266CD4C70019902F /* Preview Assets.xcassets in Resources */ = {isa = PBXBuildFile; fileRef = D9441A18266CD4C70019902F /* Preview Assets.xcassets */; };
		D9441A25266CD4C70019902F /* Sleepy_WatchOSTests.swift in Sources */ = {isa = PBXBuildFile; fileRef = D9441A24266CD4C70019902F /* Sleepy_WatchOSTests.swift */; };
		D9441A30266CD4C70019902F /* Sleepy_WatchOSUITests.swift in Sources */ = {isa = PBXBuildFile; fileRef = D9441A2F266CD4C70019902F /* Sleepy_WatchOSUITests.swift */; };
		D9441A34266CD4C70019902F /* Sleepy_WatchOS.app in Embed Watch Content */ = {isa = PBXBuildFile; fileRef = D94419FD266CD4C50019902F /* Sleepy_WatchOS.app */; settings = {ATTRIBUTES = (RemoveHeadersOnCopy, ); }; };
		D96DBC5026872FEA00A0E018 /* HKStatistics.framework in Frameworks */ = {isa = PBXBuildFile; fileRef = D96DBC442687126100A0E018 /* HKStatistics.framework */; };
		D96DBC5126872FEA00A0E018 /* HKStatistics.framework in Embed Frameworks */ = {isa = PBXBuildFile; fileRef = D96DBC442687126100A0E018 /* HKStatistics.framework */; settings = {ATTRIBUTES = (CodeSignOnCopy, RemoveHeadersOnCopy, ); }; };
		D97C397626BD15CF005CCDFB /* SettingsKit.framework in Frameworks */ = {isa = PBXBuildFile; fileRef = D97C396426BD1531005CCDFB /* SettingsKit.framework */; platformFilter = ios; };
		D97C397726BD15CF005CCDFB /* SettingsKit.framework in Embed Frameworks */ = {isa = PBXBuildFile; fileRef = D97C396426BD1531005CCDFB /* SettingsKit.framework */; settings = {ATTRIBUTES = (CodeSignOnCopy, RemoveHeadersOnCopy, ); }; };
		D98D925526B0960100C6B7E4 /* BankOfSleepDataViewModel.swift in Sources */ = {isa = PBXBuildFile; fileRef = D98D925426B0960100C6B7E4 /* BankOfSleepDataViewModel.swift */; };
		D99509F126777D4200694208 /* HistoryCoordinator.swift in Sources */ = {isa = PBXBuildFile; fileRef = D99509EF26777D4200694208 /* HistoryCoordinator.swift */; };
		D99509F226777D4200694208 /* HistoryCoordinatorView.swift in Sources */ = {isa = PBXBuildFile; fileRef = D99509F026777D4200694208 /* HistoryCoordinatorView.swift */; };
		D99509FA267780C400694208 /* AlarmCoordinator.swift in Sources */ = {isa = PBXBuildFile; fileRef = D99509F9267780C400694208 /* AlarmCoordinator.swift */; };
		D99509FC267780D700694208 /* AlarmCoordinatorView.swift in Sources */ = {isa = PBXBuildFile; fileRef = D99509FB267780D700694208 /* AlarmCoordinatorView.swift */; };
		D99509FE267780DE00694208 /* SettingsCoordinator.swift in Sources */ = {isa = PBXBuildFile; fileRef = D99509FD267780DE00694208 /* SettingsCoordinator.swift */; };
		D9950A00267780F300694208 /* SettingsCoordinatorView.swift in Sources */ = {isa = PBXBuildFile; fileRef = D99509FF267780F300694208 /* SettingsCoordinatorView.swift */; };
		D99F446526B0136D00998590 /* GeneralCardDetailView.swift in Sources */ = {isa = PBXBuildFile; fileRef = D99F446426B0136D00998590 /* GeneralCardDetailView.swift */; };
		D9B1722A26B01495002C3B0D /* PhasesCardDetailView.swift in Sources */ = {isa = PBXBuildFile; fileRef = D9B1722926B01495002C3B0D /* PhasesCardDetailView.swift */; };
		D9B1722C26B014A8002C3B0D /* HeartCardDetailView.swift in Sources */ = {isa = PBXBuildFile; fileRef = D9B1722B26B014A8002C3B0D /* HeartCardDetailView.swift */; };
		D9DC913126A9F6EC00D38E32 /* SummaryHeartDataViewModel.swift in Sources */ = {isa = PBXBuildFile; fileRef = D9DC913026A9F6EC00D38E32 /* SummaryHeartDataViewModel.swift */; };
		D9DC913326A9F70200D38E32 /* SummaryPhasesDataViewModel.swift in Sources */ = {isa = PBXBuildFile; fileRef = D9DC913226A9F70200D38E32 /* SummaryPhasesDataViewModel.swift */; };
		D9DC913526A9F71000D38E32 /* SummaryGeneralDataViewModel.swift in Sources */ = {isa = PBXBuildFile; fileRef = D9DC913426A9F71000D38E32 /* SummaryGeneralDataViewModel.swift */; };
		E52F35914630DFDE987DB5B0 /* Pods_SleepyTests.framework in Frameworks */ = {isa = PBXBuildFile; fileRef = 61210E5275BC7FC2886643CA /* Pods_SleepyTests.framework */; };
		E5EFF19FF15FD03F8428C707 /* Pods_Sleepy_WatchOSTests.framework in Frameworks */ = {isa = PBXBuildFile; fileRef = 9ECF754580332D4C4A4FF74A /* Pods_Sleepy_WatchOSTests.framework */; };
		F35457EB47FEEFB0DAF7D4A5 /* Pods_Sleepy.framework in Frameworks */ = {isa = PBXBuildFile; fileRef = 7471D5A6A4C3192A5860DAE5 /* Pods_Sleepy.framework */; };
/* End PBXBuildFile section */

/* Begin PBXContainerItemProxy section */
		80780F1E266CE3A0000D0DD9 /* PBXContainerItemProxy */ = {
			isa = PBXContainerItemProxy;
			containerPortal = 80780F1A266CE39F000D0DD9 /* HKVisualKit.xcodeproj */;
			proxyType = 2;
			remoteGlobalIDString = 80780F0F266CE39F000D0DD9;
			remoteInfo = HKVisualKit;
		};
		808FDF342685E48B00B38B78 /* PBXContainerItemProxy */ = {
			isa = PBXContainerItemProxy;
			containerPortal = 808FDF302685E48A00B38B78 /* HKCoreSleep.xcodeproj */;
			proxyType = 2;
			remoteGlobalIDString = 808FDF242685E48A00B38B78;
			remoteInfo = HKCoreSleep;
		};
		D94419DF266CD3C50019902F /* PBXContainerItemProxy */ = {
			isa = PBXContainerItemProxy;
			containerPortal = D94419C5266CD3C40019902F /* Project object */;
			proxyType = 1;
			remoteGlobalIDString = D94419CC266CD3C40019902F;
			remoteInfo = Sleepy;
		};
		D94419EA266CD3C50019902F /* PBXContainerItemProxy */ = {
			isa = PBXContainerItemProxy;
			containerPortal = D94419C5266CD3C40019902F /* Project object */;
			proxyType = 1;
			remoteGlobalIDString = D94419CC266CD3C40019902F;
			remoteInfo = Sleepy;
		};
		D9441A08266CD4C60019902F /* PBXContainerItemProxy */ = {
			isa = PBXContainerItemProxy;
			containerPortal = D94419C5266CD3C40019902F /* Project object */;
			proxyType = 1;
			remoteGlobalIDString = D9441A05266CD4C60019902F;
			remoteInfo = "Sleepy_WatchOS Extension";
		};
		D9441A21266CD4C70019902F /* PBXContainerItemProxy */ = {
			isa = PBXContainerItemProxy;
			containerPortal = D94419C5266CD3C40019902F /* Project object */;
			proxyType = 1;
			remoteGlobalIDString = D9441A05266CD4C60019902F;
			remoteInfo = "Sleepy_WatchOS Extension";
		};
		D9441A2C266CD4C70019902F /* PBXContainerItemProxy */ = {
			isa = PBXContainerItemProxy;
			containerPortal = D94419C5266CD3C40019902F /* Project object */;
			proxyType = 1;
			remoteGlobalIDString = D94419FC266CD4C50019902F;
			remoteInfo = Sleepy_WatchOS;
		};
		D9441A32266CD4C70019902F /* PBXContainerItemProxy */ = {
			isa = PBXContainerItemProxy;
			containerPortal = D94419C5266CD3C40019902F /* Project object */;
			proxyType = 1;
			remoteGlobalIDString = D94419FC266CD4C50019902F;
			remoteInfo = Sleepy_WatchOS;
		};
		D96DBC432687126100A0E018 /* PBXContainerItemProxy */ = {
			isa = PBXContainerItemProxy;
			containerPortal = D96DBC3D2687126000A0E018 /* HKStatistics.xcodeproj */;
			proxyType = 2;
			remoteGlobalIDString = D96DBC252687126000A0E018;
			remoteInfo = HKStatistics;
		};
		D96DBC452687126100A0E018 /* PBXContainerItemProxy */ = {
			isa = PBXContainerItemProxy;
			containerPortal = D96DBC3D2687126000A0E018 /* HKStatistics.xcodeproj */;
			proxyType = 2;
			remoteGlobalIDString = D96DBC2D2687126000A0E018;
			remoteInfo = HKStatisticsTests;
		};
		D97C396326BD1531005CCDFB /* PBXContainerItemProxy */ = {
			isa = PBXContainerItemProxy;
			containerPortal = D97C395F26BD1530005CCDFB /* SettingsKit.xcodeproj */;
			proxyType = 2;
			remoteGlobalIDString = D97C395526BD1530005CCDFB;
			remoteInfo = SettingsKit;
		};
/* End PBXContainerItemProxy section */

/* Begin PBXCopyFilesBuildPhase section */
		80780F22266CE43A000D0DD9 /* Embed Frameworks */ = {
			isa = PBXCopyFilesBuildPhase;
			buildActionMask = 2147483647;
			dstPath = "";
			dstSubfolderSpec = 10;
			files = (
				808FDF3F2685EB8000B38B78 /* HKCoreSleep.framework in Embed Frameworks */,
				80780F21266CE43A000D0DD9 /* HKVisualKit.framework in Embed Frameworks */,
				D97C397726BD15CF005CCDFB /* SettingsKit.framework in Embed Frameworks */,
				D96DBC5126872FEA00A0E018 /* HKStatistics.framework in Embed Frameworks */,
			);
			name = "Embed Frameworks";
			runOnlyForDeploymentPostprocessing = 0;
		};
		D9441A38266CD4C70019902F /* Embed App Extensions */ = {
			isa = PBXCopyFilesBuildPhase;
			buildActionMask = 2147483647;
			dstPath = "";
			dstSubfolderSpec = 13;
			files = (
				D9441A07266CD4C60019902F /* Sleepy_WatchOS Extension.appex in Embed App Extensions */,
			);
			name = "Embed App Extensions";
			runOnlyForDeploymentPostprocessing = 0;
		};
		D9441A3C266CD4C70019902F /* Embed Watch Content */ = {
			isa = PBXCopyFilesBuildPhase;
			buildActionMask = 2147483647;
			dstPath = "$(CONTENTS_FOLDER_PATH)/Watch";
			dstSubfolderSpec = 16;
			files = (
				D9441A34266CD4C70019902F /* Sleepy_WatchOS.app in Embed Watch Content */,
			);
			name = "Embed Watch Content";
			runOnlyForDeploymentPostprocessing = 0;
		};
/* End PBXCopyFilesBuildPhase section */

/* Begin PBXFileReference section */
		159E17D4132A1A5EB678DED5 /* Pods-SleepyTests.debug.xcconfig */ = {isa = PBXFileReference; includeInIndex = 1; lastKnownFileType = text.xcconfig; name = "Pods-SleepyTests.debug.xcconfig"; path = "Target Support Files/Pods-SleepyTests/Pods-SleepyTests.debug.xcconfig"; sourceTree = "<group>"; };
		3DDF5078896DFF8709277BAC /* Pods-Sleepy-Sleepy_WatchOSUITests.debug.xcconfig */ = {isa = PBXFileReference; includeInIndex = 1; lastKnownFileType = text.xcconfig; name = "Pods-Sleepy-Sleepy_WatchOSUITests.debug.xcconfig"; path = "Target Support Files/Pods-Sleepy-Sleepy_WatchOSUITests/Pods-Sleepy-Sleepy_WatchOSUITests.debug.xcconfig"; sourceTree = "<group>"; };
		438E7DBF4BA661273117AB21 /* Pods-Sleepy.debug.xcconfig */ = {isa = PBXFileReference; includeInIndex = 1; lastKnownFileType = text.xcconfig; name = "Pods-Sleepy.debug.xcconfig"; path = "Target Support Files/Pods-Sleepy/Pods-Sleepy.debug.xcconfig"; sourceTree = "<group>"; };
		50ED3F96FF46D23618F5661B /* Pods-Sleepy.release.xcconfig */ = {isa = PBXFileReference; includeInIndex = 1; lastKnownFileType = text.xcconfig; name = "Pods-Sleepy.release.xcconfig"; path = "Target Support Files/Pods-Sleepy/Pods-Sleepy.release.xcconfig"; sourceTree = "<group>"; };
		61210E5275BC7FC2886643CA /* Pods_SleepyTests.framework */ = {isa = PBXFileReference; explicitFileType = wrapper.framework; includeInIndex = 0; path = Pods_SleepyTests.framework; sourceTree = BUILT_PRODUCTS_DIR; };
		6B18099E1729DF44447B75B1 /* Pods_Sleepy_Sleepy_WatchOSUITests.framework */ = {isa = PBXFileReference; explicitFileType = wrapper.framework; includeInIndex = 0; path = Pods_Sleepy_Sleepy_WatchOSUITests.framework; sourceTree = BUILT_PRODUCTS_DIR; };
		6E8E54E67A3140C18D05934A /* Pods-Sleepy-SleepyUITests.release.xcconfig */ = {isa = PBXFileReference; includeInIndex = 1; lastKnownFileType = text.xcconfig; name = "Pods-Sleepy-SleepyUITests.release.xcconfig"; path = "Target Support Files/Pods-Sleepy-SleepyUITests/Pods-Sleepy-SleepyUITests.release.xcconfig"; sourceTree = "<group>"; };
		7471D5A6A4C3192A5860DAE5 /* Pods_Sleepy.framework */ = {isa = PBXFileReference; explicitFileType = wrapper.framework; includeInIndex = 0; path = Pods_Sleepy.framework; sourceTree = BUILT_PRODUCTS_DIR; };
		755EE027EAE16912B3161FCB /* Pods_Sleepy_SleepyUITests.framework */ = {isa = PBXFileReference; explicitFileType = wrapper.framework; includeInIndex = 0; path = Pods_Sleepy_SleepyUITests.framework; sourceTree = BUILT_PRODUCTS_DIR; };
		8002F3A526A1FA3600A7192A /* HistoryListView.swift */ = {isa = PBXFileReference; lastKnownFileType = sourcecode.swift; path = HistoryListView.swift; sourceTree = "<group>"; };
		8002F3A826A2139900A7192A /* HeartHistoryStatsView.swift */ = {isa = PBXFileReference; lastKnownFileType = sourcecode.swift; path = HeartHistoryStatsView.swift; sourceTree = "<group>"; };
		8002F3AA26A2163B00A7192A /* EnergyHistoryStatsView.swift */ = {isa = PBXFileReference; lastKnownFileType = sourcecode.swift; path = EnergyHistoryStatsView.swift; sourceTree = "<group>"; };
		801505AD267140F5007574B9 /* CardDetailView.swift */ = {isa = PBXFileReference; lastKnownFileType = sourcecode.swift; path = CardDetailView.swift; sourceTree = "<group>"; };
		805CDA7026D11C91005786B9 /* soundClassifier.mlmodel */ = {isa = PBXFileReference; lastKnownFileType = file.mlmodel; path = soundClassifier.mlmodel; sourceTree = "<group>"; };
		805D751A2692458500C19034 /* SleepHistoryStatsView.swift */ = {isa = PBXFileReference; lastKnownFileType = sourcecode.swift; path = SleepHistoryStatsView.swift; sourceTree = "<group>"; };
		80647AF426D9163B0054C03F /* en */ = {isa = PBXFileReference; lastKnownFileType = text.plist.strings; name = en; path = en.lproj/Localizable.strings; sourceTree = "<group>"; };
		80647AF626D916770054C03F /* ru */ = {isa = PBXFileReference; lastKnownFileType = text.plist.strings; name = ru; path = ru.lproj/Localizable.strings; sourceTree = "<group>"; };
		80647AF726D917380054C03F /* String+Localizable.swift */ = {isa = PBXFileReference; lastKnownFileType = sourcecode.swift; path = "String+Localizable.swift"; sourceTree = "<group>"; };
		80647AF926D918E50054C03F /* SummaryInfoCardView.swift */ = {isa = PBXFileReference; fileEncoding = 4; lastKnownFileType = sourcecode.swift; path = SummaryInfoCardView.swift; sourceTree = "<group>"; };
		80780F1A266CE39F000D0DD9 /* HKVisualKit.xcodeproj */ = {isa = PBXFileReference; lastKnownFileType = "wrapper.pb-project"; name = HKVisualKit.xcodeproj; path = frameworks/HKVisualKit/HKVisualKit.xcodeproj; sourceTree = "<group>"; };
		80780F26266CE7C3000D0DD9 /* AppDelegate.swift */ = {isa = PBXFileReference; lastKnownFileType = sourcecode.swift; path = AppDelegate.swift; sourceTree = "<group>"; };
		80780F42266D4377000D0DD9 /* RootCoordinator.swift */ = {isa = PBXFileReference; lastKnownFileType = sourcecode.swift; path = RootCoordinator.swift; sourceTree = "<group>"; };
		80780F44266D439F000D0DD9 /* RootCoordinatorView.swift */ = {isa = PBXFileReference; lastKnownFileType = sourcecode.swift; path = RootCoordinatorView.swift; sourceTree = "<group>"; };
		80780F4B266D4786000D0DD9 /* SummaryNavigationCoordinator.swift */ = {isa = PBXFileReference; lastKnownFileType = sourcecode.swift; path = SummaryNavigationCoordinator.swift; sourceTree = "<group>"; };
		80780F4D266D47AE000D0DD9 /* SummaryNavigationCoordinatorView.swift */ = {isa = PBXFileReference; lastKnownFileType = sourcecode.swift; path = SummaryNavigationCoordinatorView.swift; sourceTree = "<group>"; };
		80780F52266D4A93000D0DD9 /* SummaryListCoordinator.swift */ = {isa = PBXFileReference; lastKnownFileType = sourcecode.swift; path = SummaryListCoordinator.swift; sourceTree = "<group>"; };
		80780F57266D4C2E000D0DD9 /* CardService.swift */ = {isa = PBXFileReference; lastKnownFileType = sourcecode.swift; path = CardService.swift; sourceTree = "<group>"; };
		80780F5A266D4E58000D0DD9 /* SummaryListView.swift */ = {isa = PBXFileReference; lastKnownFileType = sourcecode.swift; path = SummaryListView.swift; sourceTree = "<group>"; };
		80780F5E266D4F42000D0DD9 /* CardDetailViewCoordinator.swift */ = {isa = PBXFileReference; lastKnownFileType = sourcecode.swift; path = CardDetailViewCoordinator.swift; sourceTree = "<group>"; };
		80780F64266D5BDE000D0DD9 /* URL+Identifiable.swift */ = {isa = PBXFileReference; lastKnownFileType = sourcecode.swift; path = "URL+Identifiable.swift"; sourceTree = "<group>"; };
		8087D5E8269AD287007AB4C2 /* DateInterval+String.swift */ = {isa = PBXFileReference; lastKnownFileType = sourcecode.swift; path = "DateInterval+String.swift"; sourceTree = "<group>"; };
		808FDF302685E48A00B38B78 /* HKCoreSleep.xcodeproj */ = {isa = PBXFileReference; lastKnownFileType = "wrapper.pb-project"; name = HKCoreSleep.xcodeproj; path = frameworks/HKCoreSleep/HKCoreSleep.xcodeproj; sourceTree = "<group>"; };
		808FDF4926861EFD00B38B78 /* Sleepy.entitlements */ = {isa = PBXFileReference; lastKnownFileType = text.plist.entitlements; path = Sleepy.entitlements; sourceTree = "<group>"; };
		808FDF4A26861EFD00B38B78 /* HealthKit.framework */ = {isa = PBXFileReference; lastKnownFileType = wrapper.framework; name = HealthKit.framework; path = System/Library/Frameworks/HealthKit.framework; sourceTree = SDKROOT; };
		80A765DB26C7C5A000A66554 /* ActivityViewController.swift */ = {isa = PBXFileReference; lastKnownFileType = sourcecode.swift; path = ActivityViewController.swift; sourceTree = "<group>"; };
		80A765DE26C7F35C00A66554 /* AudioRecorder.swift */ = {isa = PBXFileReference; lastKnownFileType = sourcecode.swift; path = AudioRecorder.swift; sourceTree = "<group>"; };
		80A765E026C7F3A700A66554 /* Recording.swift */ = {isa = PBXFileReference; lastKnownFileType = sourcecode.swift; path = Recording.swift; sourceTree = "<group>"; };
		80A765E426C7F44000A66554 /* SoundsCoordinatorView.swift */ = {isa = PBXFileReference; lastKnownFileType = sourcecode.swift; path = SoundsCoordinatorView.swift; sourceTree = "<group>"; };
		80A765E726C7F5F800A66554 /* ResultsObserver.swift */ = {isa = PBXFileReference; lastKnownFileType = sourcecode.swift; path = ResultsObserver.swift; sourceTree = "<group>"; };
		80A765E926C7FA1500A66554 /* AnalysisListView.swift */ = {isa = PBXFileReference; lastKnownFileType = sourcecode.swift; path = AnalysisListView.swift; sourceTree = "<group>"; };
		80A765EB26C7FBF000A66554 /* SoundAnalysisResult.swift */ = {isa = PBXFileReference; lastKnownFileType = sourcecode.swift; path = SoundAnalysisResult.swift; sourceTree = "<group>"; };
		80A765ED26C83B3700A66554 /* AudioPlayer.swift */ = {isa = PBXFileReference; lastKnownFileType = sourcecode.swift; path = AudioPlayer.swift; sourceTree = "<group>"; };
		80A765EF26C843F300A66554 /* TimeInterval+String.swift */ = {isa = PBXFileReference; lastKnownFileType = sourcecode.swift; path = "TimeInterval+String.swift"; sourceTree = "<group>"; };
		80A765F226C85EB300A66554 /* SoundsCoordinator.swift */ = {isa = PBXFileReference; lastKnownFileType = sourcecode.swift; path = SoundsCoordinator.swift; sourceTree = "<group>"; };
		80A765F426C85EBF00A66554 /* AudioRecordingsListView.swift */ = {isa = PBXFileReference; lastKnownFileType = sourcecode.swift; path = AudioRecordingsListView.swift; sourceTree = "<group>"; };
		80A765F726C8F9E300A66554 /* FileHelper.swift */ = {isa = PBXFileReference; lastKnownFileType = sourcecode.swift; path = FileHelper.swift; sourceTree = "<group>"; };
		80D7F0B7268C71EE0055ECEE /* CalendarView.swift */ = {isa = PBXFileReference; lastKnownFileType = sourcecode.swift; path = CalendarView.swift; sourceTree = "<group>"; };
		80D7F0B9268C75D80055ECEE /* Date+Components.swift */ = {isa = PBXFileReference; lastKnownFileType = sourcecode.swift; path = "Date+Components.swift"; sourceTree = "<group>"; };
		80D7F0BB268C77050055ECEE /* CalendarDayView.swift */ = {isa = PBXFileReference; lastKnownFileType = sourcecode.swift; path = CalendarDayView.swift; sourceTree = "<group>"; };
		80D7F0BD268CF7A30055ECEE /* HealthTypeSwitchView.swift */ = {isa = PBXFileReference; lastKnownFileType = sourcecode.swift; path = HealthTypeSwitchView.swift; sourceTree = "<group>"; };
		80D7F0BF268CFF850055ECEE /* Binding+OnChange.swift */ = {isa = PBXFileReference; lastKnownFileType = sourcecode.swift; path = "Binding+OnChange.swift"; sourceTree = "<group>"; };
		8867A2F399E527D317B7896E /* Pods-Sleepy-SleepyUITests.debug.xcconfig */ = {isa = PBXFileReference; includeInIndex = 1; lastKnownFileType = text.xcconfig; name = "Pods-Sleepy-SleepyUITests.debug.xcconfig"; path = "Target Support Files/Pods-Sleepy-SleepyUITests/Pods-Sleepy-SleepyUITests.debug.xcconfig"; sourceTree = "<group>"; };
		9ECF754580332D4C4A4FF74A /* Pods_Sleepy_WatchOSTests.framework */ = {isa = PBXFileReference; explicitFileType = wrapper.framework; includeInIndex = 0; path = Pods_Sleepy_WatchOSTests.framework; sourceTree = BUILT_PRODUCTS_DIR; };
		CF632548D612EE7E7D4A8586 /* Pods-Sleepy_WatchOSTests.debug.xcconfig */ = {isa = PBXFileReference; includeInIndex = 1; lastKnownFileType = text.xcconfig; name = "Pods-Sleepy_WatchOSTests.debug.xcconfig"; path = "Target Support Files/Pods-Sleepy_WatchOSTests/Pods-Sleepy_WatchOSTests.debug.xcconfig"; sourceTree = "<group>"; };
		D94419CD266CD3C40019902F /* Sleepy.app */ = {isa = PBXFileReference; explicitFileType = wrapper.application; includeInIndex = 0; path = Sleepy.app; sourceTree = BUILT_PRODUCTS_DIR; };
		D94419D0266CD3C40019902F /* SleepyApp.swift */ = {isa = PBXFileReference; lastKnownFileType = sourcecode.swift; path = SleepyApp.swift; sourceTree = "<group>"; };
		D94419D4266CD3C50019902F /* Assets.xcassets */ = {isa = PBXFileReference; lastKnownFileType = folder.assetcatalog; path = Assets.xcassets; sourceTree = "<group>"; };
		D94419D7266CD3C50019902F /* Preview Assets.xcassets */ = {isa = PBXFileReference; lastKnownFileType = folder.assetcatalog; path = "Preview Assets.xcassets"; sourceTree = "<group>"; };
		D94419D9266CD3C50019902F /* Info.plist */ = {isa = PBXFileReference; lastKnownFileType = text.plist.xml; path = Info.plist; sourceTree = "<group>"; };
		D94419DE266CD3C50019902F /* SleepyTests.xctest */ = {isa = PBXFileReference; explicitFileType = wrapper.cfbundle; includeInIndex = 0; path = SleepyTests.xctest; sourceTree = BUILT_PRODUCTS_DIR; };
		D94419E2266CD3C50019902F /* SleepyTests.swift */ = {isa = PBXFileReference; lastKnownFileType = sourcecode.swift; path = SleepyTests.swift; sourceTree = "<group>"; };
		D94419E4266CD3C50019902F /* Info.plist */ = {isa = PBXFileReference; lastKnownFileType = text.plist.xml; path = Info.plist; sourceTree = "<group>"; };
		D94419E9266CD3C50019902F /* SleepyUITests.xctest */ = {isa = PBXFileReference; explicitFileType = wrapper.cfbundle; includeInIndex = 0; path = SleepyUITests.xctest; sourceTree = BUILT_PRODUCTS_DIR; };
		D94419ED266CD3C50019902F /* SleepyUITests.swift */ = {isa = PBXFileReference; lastKnownFileType = sourcecode.swift; path = SleepyUITests.swift; sourceTree = "<group>"; };
		D94419EF266CD3C50019902F /* Info.plist */ = {isa = PBXFileReference; lastKnownFileType = text.plist.xml; path = Info.plist; sourceTree = "<group>"; };
		D94419FD266CD4C50019902F /* Sleepy_WatchOS.app */ = {isa = PBXFileReference; explicitFileType = wrapper.application; includeInIndex = 0; path = Sleepy_WatchOS.app; sourceTree = BUILT_PRODUCTS_DIR; };
		D94419FF266CD4C60019902F /* Assets.xcassets */ = {isa = PBXFileReference; lastKnownFileType = folder.assetcatalog; path = Assets.xcassets; sourceTree = "<group>"; };
		D9441A01266CD4C60019902F /* Info.plist */ = {isa = PBXFileReference; lastKnownFileType = text.plist.xml; path = Info.plist; sourceTree = "<group>"; };
		D9441A06266CD4C60019902F /* Sleepy_WatchOS Extension.appex */ = {isa = PBXFileReference; explicitFileType = "wrapper.app-extension"; includeInIndex = 0; path = "Sleepy_WatchOS Extension.appex"; sourceTree = BUILT_PRODUCTS_DIR; };
		D9441A0B266CD4C60019902F /* SleepyApp.swift */ = {isa = PBXFileReference; lastKnownFileType = sourcecode.swift; path = SleepyApp.swift; sourceTree = "<group>"; };
		D9441A0D266CD4C60019902F /* ContentView.swift */ = {isa = PBXFileReference; lastKnownFileType = sourcecode.swift; path = ContentView.swift; sourceTree = "<group>"; };
		D9441A0F266CD4C60019902F /* NotificationController.swift */ = {isa = PBXFileReference; lastKnownFileType = sourcecode.swift; path = NotificationController.swift; sourceTree = "<group>"; };
		D9441A11266CD4C60019902F /* NotificationView.swift */ = {isa = PBXFileReference; lastKnownFileType = sourcecode.swift; path = NotificationView.swift; sourceTree = "<group>"; };
		D9441A13266CD4C60019902F /* ComplicationController.swift */ = {isa = PBXFileReference; lastKnownFileType = sourcecode.swift; path = ComplicationController.swift; sourceTree = "<group>"; };
		D9441A15266CD4C70019902F /* Assets.xcassets */ = {isa = PBXFileReference; lastKnownFileType = folder.assetcatalog; path = Assets.xcassets; sourceTree = "<group>"; };
		D9441A18266CD4C70019902F /* Preview Assets.xcassets */ = {isa = PBXFileReference; lastKnownFileType = folder.assetcatalog; path = "Preview Assets.xcassets"; sourceTree = "<group>"; };
		D9441A1A266CD4C70019902F /* Info.plist */ = {isa = PBXFileReference; lastKnownFileType = text.plist.xml; path = Info.plist; sourceTree = "<group>"; };
		D9441A1B266CD4C70019902F /* PushNotificationPayload.apns */ = {isa = PBXFileReference; lastKnownFileType = text; path = PushNotificationPayload.apns; sourceTree = "<group>"; };
		D9441A20266CD4C70019902F /* Sleepy_WatchOSTests.xctest */ = {isa = PBXFileReference; explicitFileType = wrapper.cfbundle; includeInIndex = 0; path = Sleepy_WatchOSTests.xctest; sourceTree = BUILT_PRODUCTS_DIR; };
		D9441A24266CD4C70019902F /* Sleepy_WatchOSTests.swift */ = {isa = PBXFileReference; lastKnownFileType = sourcecode.swift; path = Sleepy_WatchOSTests.swift; sourceTree = "<group>"; };
		D9441A26266CD4C70019902F /* Info.plist */ = {isa = PBXFileReference; lastKnownFileType = text.plist.xml; path = Info.plist; sourceTree = "<group>"; };
		D9441A2B266CD4C70019902F /* Sleepy_WatchOSUITests.xctest */ = {isa = PBXFileReference; explicitFileType = wrapper.cfbundle; includeInIndex = 0; path = Sleepy_WatchOSUITests.xctest; sourceTree = BUILT_PRODUCTS_DIR; };
		D9441A2F266CD4C70019902F /* Sleepy_WatchOSUITests.swift */ = {isa = PBXFileReference; lastKnownFileType = sourcecode.swift; path = Sleepy_WatchOSUITests.swift; sourceTree = "<group>"; };
		D9441A31266CD4C70019902F /* Info.plist */ = {isa = PBXFileReference; lastKnownFileType = text.plist.xml; path = Info.plist; sourceTree = "<group>"; };
		D96DBC3D2687126000A0E018 /* HKStatistics.xcodeproj */ = {isa = PBXFileReference; lastKnownFileType = "wrapper.pb-project"; name = HKStatistics.xcodeproj; path = frameworks/HKStatistics/HKStatistics.xcodeproj; sourceTree = "<group>"; };
		D97C395F26BD1530005CCDFB /* SettingsKit.xcodeproj */ = {isa = PBXFileReference; lastKnownFileType = "wrapper.pb-project"; name = SettingsKit.xcodeproj; path = frameworks/SettingsKit/SettingsKit.xcodeproj; sourceTree = "<group>"; };
		D98D925426B0960100C6B7E4 /* BankOfSleepDataViewModel.swift */ = {isa = PBXFileReference; lastKnownFileType = sourcecode.swift; path = BankOfSleepDataViewModel.swift; sourceTree = "<group>"; };
		D99509EF26777D4200694208 /* HistoryCoordinator.swift */ = {isa = PBXFileReference; fileEncoding = 4; lastKnownFileType = sourcecode.swift; path = HistoryCoordinator.swift; sourceTree = "<group>"; };
		D99509F026777D4200694208 /* HistoryCoordinatorView.swift */ = {isa = PBXFileReference; fileEncoding = 4; lastKnownFileType = sourcecode.swift; path = HistoryCoordinatorView.swift; sourceTree = "<group>"; };
		D99509F9267780C400694208 /* AlarmCoordinator.swift */ = {isa = PBXFileReference; lastKnownFileType = sourcecode.swift; path = AlarmCoordinator.swift; sourceTree = "<group>"; };
		D99509FB267780D700694208 /* AlarmCoordinatorView.swift */ = {isa = PBXFileReference; lastKnownFileType = sourcecode.swift; path = AlarmCoordinatorView.swift; sourceTree = "<group>"; };
		D99509FD267780DE00694208 /* SettingsCoordinator.swift */ = {isa = PBXFileReference; lastKnownFileType = sourcecode.swift; path = SettingsCoordinator.swift; sourceTree = "<group>"; };
		D99509FF267780F300694208 /* SettingsCoordinatorView.swift */ = {isa = PBXFileReference; lastKnownFileType = sourcecode.swift; path = SettingsCoordinatorView.swift; sourceTree = "<group>"; };
		D99F446426B0136D00998590 /* GeneralCardDetailView.swift */ = {isa = PBXFileReference; lastKnownFileType = sourcecode.swift; path = GeneralCardDetailView.swift; sourceTree = "<group>"; };
		D9B1722926B01495002C3B0D /* PhasesCardDetailView.swift */ = {isa = PBXFileReference; lastKnownFileType = sourcecode.swift; path = PhasesCardDetailView.swift; sourceTree = "<group>"; };
		D9B1722B26B014A8002C3B0D /* HeartCardDetailView.swift */ = {isa = PBXFileReference; lastKnownFileType = sourcecode.swift; path = HeartCardDetailView.swift; sourceTree = "<group>"; };
		D9DC913026A9F6EC00D38E32 /* SummaryHeartDataViewModel.swift */ = {isa = PBXFileReference; lastKnownFileType = sourcecode.swift; path = SummaryHeartDataViewModel.swift; sourceTree = "<group>"; };
		D9DC913226A9F70200D38E32 /* SummaryPhasesDataViewModel.swift */ = {isa = PBXFileReference; lastKnownFileType = sourcecode.swift; path = SummaryPhasesDataViewModel.swift; sourceTree = "<group>"; };
		D9DC913426A9F71000D38E32 /* SummaryGeneralDataViewModel.swift */ = {isa = PBXFileReference; lastKnownFileType = sourcecode.swift; path = SummaryGeneralDataViewModel.swift; sourceTree = "<group>"; };
		E10D41B95868DE65092B6B39 /* Pods-SleepyTests.release.xcconfig */ = {isa = PBXFileReference; includeInIndex = 1; lastKnownFileType = text.xcconfig; name = "Pods-SleepyTests.release.xcconfig"; path = "Target Support Files/Pods-SleepyTests/Pods-SleepyTests.release.xcconfig"; sourceTree = "<group>"; };
		E190B908F0E65C713AC18A2A /* Pods-Sleepy_WatchOSTests.release.xcconfig */ = {isa = PBXFileReference; includeInIndex = 1; lastKnownFileType = text.xcconfig; name = "Pods-Sleepy_WatchOSTests.release.xcconfig"; path = "Target Support Files/Pods-Sleepy_WatchOSTests/Pods-Sleepy_WatchOSTests.release.xcconfig"; sourceTree = "<group>"; };
		E98F2FCC13C74777CC71C957 /* Pods-Sleepy-Sleepy_WatchOSUITests.release.xcconfig */ = {isa = PBXFileReference; includeInIndex = 1; lastKnownFileType = text.xcconfig; name = "Pods-Sleepy-Sleepy_WatchOSUITests.release.xcconfig"; path = "Target Support Files/Pods-Sleepy-Sleepy_WatchOSUITests/Pods-Sleepy-Sleepy_WatchOSUITests.release.xcconfig"; sourceTree = "<group>"; };
/* End PBXFileReference section */

/* Begin PBXFrameworksBuildPhase section */
		D94419CA266CD3C40019902F /* Frameworks */ = {
			isa = PBXFrameworksBuildPhase;
			buildActionMask = 2147483647;
			files = (
				80780F32266D3B94000D0DD9 /* XUI in Frameworks */,
				80780F20266CE43A000D0DD9 /* HKVisualKit.framework in Frameworks */,
				D96DBC5026872FEA00A0E018 /* HKStatistics.framework in Frameworks */,
				D97C397626BD15CF005CCDFB /* SettingsKit.framework in Frameworks */,
				808FDF3E2685EB8000B38B78 /* HKCoreSleep.framework in Frameworks */,
				F35457EB47FEEFB0DAF7D4A5 /* Pods_Sleepy.framework in Frameworks */,
				808FDF4B26861EFD00B38B78 /* HealthKit.framework in Frameworks */,
			);
			runOnlyForDeploymentPostprocessing = 0;
		};
		D94419DB266CD3C50019902F /* Frameworks */ = {
			isa = PBXFrameworksBuildPhase;
			buildActionMask = 2147483647;
			files = (
				E52F35914630DFDE987DB5B0 /* Pods_SleepyTests.framework in Frameworks */,
			);
			runOnlyForDeploymentPostprocessing = 0;
		};
		D94419E6266CD3C50019902F /* Frameworks */ = {
			isa = PBXFrameworksBuildPhase;
			buildActionMask = 2147483647;
			files = (
				C5562385977B9BE864A30123 /* Pods_Sleepy_SleepyUITests.framework in Frameworks */,
			);
			runOnlyForDeploymentPostprocessing = 0;
		};
		D9441A03266CD4C60019902F /* Frameworks */ = {
			isa = PBXFrameworksBuildPhase;
			buildActionMask = 2147483647;
			files = (
			);
			runOnlyForDeploymentPostprocessing = 0;
		};
		D9441A1D266CD4C70019902F /* Frameworks */ = {
			isa = PBXFrameworksBuildPhase;
			buildActionMask = 2147483647;
			files = (
				E5EFF19FF15FD03F8428C707 /* Pods_Sleepy_WatchOSTests.framework in Frameworks */,
			);
			runOnlyForDeploymentPostprocessing = 0;
		};
		D9441A28266CD4C70019902F /* Frameworks */ = {
			isa = PBXFrameworksBuildPhase;
			buildActionMask = 2147483647;
			files = (
				4C845AFBD9129D07199D3362 /* Pods_Sleepy_Sleepy_WatchOSUITests.framework in Frameworks */,
			);
			runOnlyForDeploymentPostprocessing = 0;
		};
		E98ED58A4FA15318F870EB51 /* Frameworks */ = {
			isa = PBXFrameworksBuildPhase;
			buildActionMask = 2147483647;
			files = (
			);
			runOnlyForDeploymentPostprocessing = 0;
		};
/* End PBXFrameworksBuildPhase section */

/* Begin PBXGroup section */
		805D75152692456000C19034 /* Embed Statistics */ = {
			isa = PBXGroup;
			children = (
				805D751A2692458500C19034 /* SleepHistoryStatsView.swift */,
				8002F3A826A2139900A7192A /* HeartHistoryStatsView.swift */,
				8002F3AA26A2163B00A7192A /* EnergyHistoryStatsView.swift */,
			);
			path = "Embed Statistics";
			sourceTree = "<group>";
		};
		80647AFB26D918E90054C03F /* Cards */ = {
			isa = PBXGroup;
			children = (
				80647AF926D918E50054C03F /* SummaryInfoCardView.swift */,
			);
			path = Cards;
			sourceTree = "<group>";
		};
		80780F04266CE356000D0DD9 /* HK */ = {
			isa = PBXGroup;
			children = (
				D96DBC3D2687126000A0E018 /* HKStatistics.xcodeproj */,
				808FDF302685E48A00B38B78 /* HKCoreSleep.xcodeproj */,
				80780F1A266CE39F000D0DD9 /* HKVisualKit.xcodeproj */,
			);
			name = HK;
			sourceTree = "<group>";
		};
		80780F1B266CE39F000D0DD9 /* Products */ = {
			isa = PBXGroup;
			children = (
				80780F1F266CE3A0000D0DD9 /* HKVisualKit.framework */,
			);
			name = Products;
			sourceTree = "<group>";
		};
		80780F34266D3CFD000D0DD9 /* Scenes */ = {
			isa = PBXGroup;
			children = (
				80780F48266D451B000D0DD9 /* MainTabCoordinator */,
			);
			path = Scenes;
			sourceTree = "<group>";
		};
		80780F35266D3D03000D0DD9 /* SummaryCoordinator */ = {
			isa = PBXGroup;
			children = (
				80780F4B266D4786000D0DD9 /* SummaryNavigationCoordinator.swift */,
				80780F4D266D47AE000D0DD9 /* SummaryNavigationCoordinatorView.swift */,
				80780F4F266D4997000D0DD9 /* SummaryList */,
			);
			path = SummaryCoordinator;
			sourceTree = "<group>";
		};
		80780F3E266D42D4000D0DD9 /* Services */ = {
			isa = PBXGroup;
			children = (
				80A765DD26C7F33E00A66554 /* Audio */,
				80780F57266D4C2E000D0DD9 /* CardService.swift */,
				80A765F726C8F9E300A66554 /* FileHelper.swift */,
			);
			path = Services;
			sourceTree = "<group>";
		};
		80780F48266D451B000D0DD9 /* MainTabCoordinator */ = {
			isa = PBXGroup;
			children = (
				80780F42266D4377000D0DD9 /* RootCoordinator.swift */,
				80780F44266D439F000D0DD9 /* RootCoordinatorView.swift */,
				80780F35266D3D03000D0DD9 /* SummaryCoordinator */,
				D99509F426777D5800694208 /* HistoryCoordinator */,
				D99509F326777D4D00694208 /* AlarmCoordinator */,
				80A765F126C85E9F00A66554 /* SoundCoordinator */,
				D99509F8267780AD00694208 /* SettingsCoordinator */,
			);
			path = MainTabCoordinator;
			sourceTree = "<group>";
		};
		80780F4F266D4997000D0DD9 /* SummaryList */ = {
			isa = PBXGroup;
			children = (
				80647AFB26D918E90054C03F /* Cards */,
				80780F52266D4A93000D0DD9 /* SummaryListCoordinator.swift */,
				80780F5A266D4E58000D0DD9 /* SummaryListView.swift */,
				D99FD91D26A9F4A500A66A85 /* ViewModels */,
				80780F59266D4D92000D0DD9 /* CardsDetail */,
			);
			path = SummaryList;
			sourceTree = "<group>";
		};
		80780F59266D4D92000D0DD9 /* CardsDetail */ = {
			isa = PBXGroup;
			children = (
				80780F5E266D4F42000D0DD9 /* CardDetailViewCoordinator.swift */,
				801505AD267140F5007574B9 /* CardDetailView.swift */,
				D9B1722826B0146D002C3B0D /* DetailViews */,
			);
			path = CardsDetail;
			sourceTree = "<group>";
		};
		80780F63266D5BC8000D0DD9 /* Extensions */ = {
			isa = PBXGroup;
			children = (
				80780F64266D5BDE000D0DD9 /* URL+Identifiable.swift */,
				80D7F0B9268C75D80055ECEE /* Date+Components.swift */,
				80A765EF26C843F300A66554 /* TimeInterval+String.swift */,
				8087D5E8269AD287007AB4C2 /* DateInterval+String.swift */,
				80D7F0BF268CFF850055ECEE /* Binding+OnChange.swift */,
				80647AF726D917380054C03F /* String+Localizable.swift */,
			);
			path = Extensions;
			sourceTree = "<group>";
		};
		808FDF312685E48A00B38B78 /* Products */ = {
			isa = PBXGroup;
			children = (
				808FDF352685E48B00B38B78 /* HKCoreSleep.framework */,
			);
			name = Products;
			sourceTree = "<group>";
		};
		80A765DA26C7C59300A66554 /* SubViews */ = {
			isa = PBXGroup;
			children = (
				80A765DB26C7C5A000A66554 /* ActivityViewController.swift */,
			);
			path = SubViews;
			sourceTree = "<group>";
		};
		80A765DD26C7F33E00A66554 /* Audio */ = {
			isa = PBXGroup;
			children = (
				80A765EB26C7FBF000A66554 /* SoundAnalysisResult.swift */,
				80A765E726C7F5F800A66554 /* ResultsObserver.swift */,
				80A765E026C7F3A700A66554 /* Recording.swift */,
			);
			path = Audio;
			sourceTree = "<group>";
		};
		80A765F126C85E9F00A66554 /* SoundCoordinator */ = {
			isa = PBXGroup;
			children = (
				80A765F626C85F4B00A66554 /* Subviews */,
				80A765F226C85EB300A66554 /* SoundsCoordinator.swift */,
				80A765E426C7F44000A66554 /* SoundsCoordinatorView.swift */,
			);
			path = SoundCoordinator;
			sourceTree = "<group>";
		};
		80A765F626C85F4B00A66554 /* Subviews */ = {
			isa = PBXGroup;
			children = (
				80A765F426C85EBF00A66554 /* AudioRecordingsListView.swift */,
				80A765DE26C7F35C00A66554 /* AudioRecorder.swift */,
				80A765ED26C83B3700A66554 /* AudioPlayer.swift */,
				80A765E926C7FA1500A66554 /* AnalysisListView.swift */,
			);
			path = Subviews;
			sourceTree = "<group>";
		};
		80D7F0B2268C71DA0055ECEE /* Calendar */ = {
			isa = PBXGroup;
			children = (
				80D7F0B7268C71EE0055ECEE /* CalendarView.swift */,
				80D7F0BB268C77050055ECEE /* CalendarDayView.swift */,
				80D7F0BD268CF7A30055ECEE /* HealthTypeSwitchView.swift */,
			);
			path = Calendar;
			sourceTree = "<group>";
		};
		882574914EFE6785A847CA1B /* Frameworks */ = {
			isa = PBXGroup;
			children = (
				D97C395F26BD1530005CCDFB /* SettingsKit.xcodeproj */,
				80780F04266CE356000D0DD9 /* HK */,
				808FDF4A26861EFD00B38B78 /* HealthKit.framework */,
				7471D5A6A4C3192A5860DAE5 /* Pods_Sleepy.framework */,
				755EE027EAE16912B3161FCB /* Pods_Sleepy_SleepyUITests.framework */,
				6B18099E1729DF44447B75B1 /* Pods_Sleepy_Sleepy_WatchOSUITests.framework */,
				61210E5275BC7FC2886643CA /* Pods_SleepyTests.framework */,
				9ECF754580332D4C4A4FF74A /* Pods_Sleepy_WatchOSTests.framework */,
			);
			name = Frameworks;
			sourceTree = "<group>";
		};
		D94419C4266CD3C40019902F = {
			isa = PBXGroup;
			children = (
				D94419CF266CD3C40019902F /* Sleepy */,
				D94419E1266CD3C50019902F /* SleepyTests */,
				D94419EC266CD3C50019902F /* SleepyUITests */,
				D94419FE266CD4C50019902F /* Sleepy_WatchOS */,
				D9441A0A266CD4C60019902F /* Sleepy_WatchOS Extension */,
				D9441A23266CD4C70019902F /* Sleepy_WatchOSTests */,
				D9441A2E266CD4C70019902F /* Sleepy_WatchOSUITests */,
				D94419CE266CD3C40019902F /* Products */,
				E2E51B75C4408BE321656654 /* Pods */,
				882574914EFE6785A847CA1B /* Frameworks */,
			);
			sourceTree = "<group>";
		};
		D94419CE266CD3C40019902F /* Products */ = {
			isa = PBXGroup;
			children = (
				D94419CD266CD3C40019902F /* Sleepy.app */,
				D94419DE266CD3C50019902F /* SleepyTests.xctest */,
				D94419E9266CD3C50019902F /* SleepyUITests.xctest */,
				D94419FD266CD4C50019902F /* Sleepy_WatchOS.app */,
				D9441A06266CD4C60019902F /* Sleepy_WatchOS Extension.appex */,
				D9441A20266CD4C70019902F /* Sleepy_WatchOSTests.xctest */,
				D9441A2B266CD4C70019902F /* Sleepy_WatchOSUITests.xctest */,
			);
			name = Products;
			sourceTree = "<group>";
		};
		D94419CF266CD3C40019902F /* Sleepy */ = {
			isa = PBXGroup;
			children = (
				805CDA7026D11C91005786B9 /* soundClassifier.mlmodel */,
				808FDF4926861EFD00B38B78 /* Sleepy.entitlements */,
				D94419D0266CD3C40019902F /* SleepyApp.swift */,
				80780F26266CE7C3000D0DD9 /* AppDelegate.swift */,
				80780F34266D3CFD000D0DD9 /* Scenes */,
				80780F3E266D42D4000D0DD9 /* Services */,
				80780F63266D5BC8000D0DD9 /* Extensions */,
				D94419D4266CD3C50019902F /* Assets.xcassets */,
				D94419D9266CD3C50019902F /* Info.plist */,
				D94419D6266CD3C50019902F /* Preview Content */,
				80647AF526D9163B0054C03F /* Localizable.strings */,
			);
			path = Sleepy;
			sourceTree = "<group>";
		};
		D94419D6266CD3C50019902F /* Preview Content */ = {
			isa = PBXGroup;
			children = (
				D94419D7266CD3C50019902F /* Preview Assets.xcassets */,
			);
			path = "Preview Content";
			sourceTree = "<group>";
		};
		D94419E1266CD3C50019902F /* SleepyTests */ = {
			isa = PBXGroup;
			children = (
				D94419E2266CD3C50019902F /* SleepyTests.swift */,
				D94419E4266CD3C50019902F /* Info.plist */,
			);
			path = SleepyTests;
			sourceTree = "<group>";
		};
		D94419EC266CD3C50019902F /* SleepyUITests */ = {
			isa = PBXGroup;
			children = (
				D94419ED266CD3C50019902F /* SleepyUITests.swift */,
				D94419EF266CD3C50019902F /* Info.plist */,
			);
			path = SleepyUITests;
			sourceTree = "<group>";
		};
		D94419FE266CD4C50019902F /* Sleepy_WatchOS */ = {
			isa = PBXGroup;
			children = (
				D94419FF266CD4C60019902F /* Assets.xcassets */,
				D9441A01266CD4C60019902F /* Info.plist */,
			);
			path = Sleepy_WatchOS;
			sourceTree = "<group>";
		};
		D9441A0A266CD4C60019902F /* Sleepy_WatchOS Extension */ = {
			isa = PBXGroup;
			children = (
				D9441A0B266CD4C60019902F /* SleepyApp.swift */,
				D9441A0D266CD4C60019902F /* ContentView.swift */,
				D9441A0F266CD4C60019902F /* NotificationController.swift */,
				D9441A11266CD4C60019902F /* NotificationView.swift */,
				D9441A13266CD4C60019902F /* ComplicationController.swift */,
				D9441A15266CD4C70019902F /* Assets.xcassets */,
				D9441A1A266CD4C70019902F /* Info.plist */,
				D9441A1B266CD4C70019902F /* PushNotificationPayload.apns */,
				D9441A17266CD4C70019902F /* Preview Content */,
			);
			path = "Sleepy_WatchOS Extension";
			sourceTree = "<group>";
		};
		D9441A17266CD4C70019902F /* Preview Content */ = {
			isa = PBXGroup;
			children = (
				D9441A18266CD4C70019902F /* Preview Assets.xcassets */,
			);
			path = "Preview Content";
			sourceTree = "<group>";
		};
		D9441A23266CD4C70019902F /* Sleepy_WatchOSTests */ = {
			isa = PBXGroup;
			children = (
				D9441A24266CD4C70019902F /* Sleepy_WatchOSTests.swift */,
				D9441A26266CD4C70019902F /* Info.plist */,
			);
			path = Sleepy_WatchOSTests;
			sourceTree = "<group>";
		};
		D9441A2E266CD4C70019902F /* Sleepy_WatchOSUITests */ = {
			isa = PBXGroup;
			children = (
				D9441A2F266CD4C70019902F /* Sleepy_WatchOSUITests.swift */,
				D9441A31266CD4C70019902F /* Info.plist */,
			);
			path = Sleepy_WatchOSUITests;
			sourceTree = "<group>";
		};
		D96DBC3E2687126000A0E018 /* Products */ = {
			isa = PBXGroup;
			children = (
				D96DBC442687126100A0E018 /* HKStatistics.framework */,
				D96DBC462687126100A0E018 /* HKStatisticsTests.xctest */,
			);
			name = Products;
			sourceTree = "<group>";
		};
		D97C396026BD1530005CCDFB /* Products */ = {
			isa = PBXGroup;
			children = (
				D97C396426BD1531005CCDFB /* SettingsKit.framework */,
			);
			name = Products;
			sourceTree = "<group>";
		};
		D99509F326777D4D00694208 /* AlarmCoordinator */ = {
			isa = PBXGroup;
			children = (
				D99509FB267780D700694208 /* AlarmCoordinatorView.swift */,
				D99509F9267780C400694208 /* AlarmCoordinator.swift */,
			);
			path = AlarmCoordinator;
			sourceTree = "<group>";
		};
		D99509F426777D5800694208 /* HistoryCoordinator */ = {
			isa = PBXGroup;
			children = (
				D99509EF26777D4200694208 /* HistoryCoordinator.swift */,
				D99509F026777D4200694208 /* HistoryCoordinatorView.swift */,
				8002F3A526A1FA3600A7192A /* HistoryListView.swift */,
				805D75152692456000C19034 /* Embed Statistics */,
				80D7F0B2268C71DA0055ECEE /* Calendar */,
			);
			path = HistoryCoordinator;
			sourceTree = "<group>";
		};
		D99509F8267780AD00694208 /* SettingsCoordinator */ = {
			isa = PBXGroup;
			children = (
				80A765DA26C7C59300A66554 /* SubViews */,
				D99509FD267780DE00694208 /* SettingsCoordinator.swift */,
				D99509FF267780F300694208 /* SettingsCoordinatorView.swift */,
			);
			path = SettingsCoordinator;
			sourceTree = "<group>";
		};
		D99FD91D26A9F4A500A66A85 /* ViewModels */ = {
			isa = PBXGroup;
			children = (
				D9DC913426A9F71000D38E32 /* SummaryGeneralDataViewModel.swift */,
				D9DC913226A9F70200D38E32 /* SummaryPhasesDataViewModel.swift */,
				D9DC913026A9F6EC00D38E32 /* SummaryHeartDataViewModel.swift */,
				D98D925426B0960100C6B7E4 /* BankOfSleepDataViewModel.swift */,
			);
			path = ViewModels;
			sourceTree = "<group>";
		};
		D9B1722826B0146D002C3B0D /* DetailViews */ = {
			isa = PBXGroup;
			children = (
				D99F446426B0136D00998590 /* GeneralCardDetailView.swift */,
				D9B1722926B01495002C3B0D /* PhasesCardDetailView.swift */,
				D9B1722B26B014A8002C3B0D /* HeartCardDetailView.swift */,
			);
			path = DetailViews;
			sourceTree = "<group>";
		};
		E2E51B75C4408BE321656654 /* Pods */ = {
			isa = PBXGroup;
			children = (
				438E7DBF4BA661273117AB21 /* Pods-Sleepy.debug.xcconfig */,
				50ED3F96FF46D23618F5661B /* Pods-Sleepy.release.xcconfig */,
				8867A2F399E527D317B7896E /* Pods-Sleepy-SleepyUITests.debug.xcconfig */,
				6E8E54E67A3140C18D05934A /* Pods-Sleepy-SleepyUITests.release.xcconfig */,
				3DDF5078896DFF8709277BAC /* Pods-Sleepy-Sleepy_WatchOSUITests.debug.xcconfig */,
				E98F2FCC13C74777CC71C957 /* Pods-Sleepy-Sleepy_WatchOSUITests.release.xcconfig */,
				159E17D4132A1A5EB678DED5 /* Pods-SleepyTests.debug.xcconfig */,
				E10D41B95868DE65092B6B39 /* Pods-SleepyTests.release.xcconfig */,
				CF632548D612EE7E7D4A8586 /* Pods-Sleepy_WatchOSTests.debug.xcconfig */,
				E190B908F0E65C713AC18A2A /* Pods-Sleepy_WatchOSTests.release.xcconfig */,
			);
			path = Pods;
			sourceTree = "<group>";
		};
/* End PBXGroup section */

/* Begin PBXNativeTarget section */
		D94419CC266CD3C40019902F /* Sleepy */ = {
			isa = PBXNativeTarget;
			buildConfigurationList = D94419F2266CD3C50019902F /* Build configuration list for PBXNativeTarget "Sleepy" */;
			buildPhases = (
				C2F1F5FB0A2730DC30DC40A0 /* [CP] Check Pods Manifest.lock */,
				D94419C9266CD3C40019902F /* Sources */,
				D94419CA266CD3C40019902F /* Frameworks */,
				D94419CB266CD3C40019902F /* Resources */,
				D9441A3C266CD4C70019902F /* Embed Watch Content */,
				80780F22266CE43A000D0DD9 /* Embed Frameworks */,
				80780F2D266CF63E000D0DD9 /* ShellScript */,
				0E7EBE5C9106494C99218ACF /* [CP] Embed Pods Frameworks */,
			);
			buildRules = (
			);
			dependencies = (
				D9441A33266CD4C70019902F /* PBXTargetDependency */,
			);
			name = Sleepy;
			packageProductDependencies = (
				80780F31266D3B94000D0DD9 /* XUI */,
			);
			productName = Sleepy;
			productReference = D94419CD266CD3C40019902F /* Sleepy.app */;
			productType = "com.apple.product-type.application";
		};
		D94419DD266CD3C50019902F /* SleepyTests */ = {
			isa = PBXNativeTarget;
			buildConfigurationList = D94419F5266CD3C50019902F /* Build configuration list for PBXNativeTarget "SleepyTests" */;
			buildPhases = (
				29B2875EF30ECC7DDC176C5B /* [CP] Check Pods Manifest.lock */,
				D94419DA266CD3C50019902F /* Sources */,
				D94419DB266CD3C50019902F /* Frameworks */,
				D94419DC266CD3C50019902F /* Resources */,
			);
			buildRules = (
			);
			dependencies = (
				D94419E0266CD3C50019902F /* PBXTargetDependency */,
			);
			name = SleepyTests;
			productName = SleepyTests;
			productReference = D94419DE266CD3C50019902F /* SleepyTests.xctest */;
			productType = "com.apple.product-type.bundle.unit-test";
		};
		D94419E8266CD3C50019902F /* SleepyUITests */ = {
			isa = PBXNativeTarget;
			buildConfigurationList = D94419F8266CD3C50019902F /* Build configuration list for PBXNativeTarget "SleepyUITests" */;
			buildPhases = (
				3D6BD0E348F97AF0AB1A17E0 /* [CP] Check Pods Manifest.lock */,
				D94419E5266CD3C50019902F /* Sources */,
				D94419E6266CD3C50019902F /* Frameworks */,
				D94419E7266CD3C50019902F /* Resources */,
				A8D220E46497483F9FE27961 /* [CP] Embed Pods Frameworks */,
			);
			buildRules = (
			);
			dependencies = (
				D94419EB266CD3C50019902F /* PBXTargetDependency */,
			);
			name = SleepyUITests;
			productName = SleepyUITests;
			productReference = D94419E9266CD3C50019902F /* SleepyUITests.xctest */;
			productType = "com.apple.product-type.bundle.ui-testing";
		};
		D94419FC266CD4C50019902F /* Sleepy_WatchOS */ = {
			isa = PBXNativeTarget;
			buildConfigurationList = D9441A39266CD4C70019902F /* Build configuration list for PBXNativeTarget "Sleepy_WatchOS" */;
			buildPhases = (
				D94419FB266CD4C50019902F /* Resources */,
				D9441A38266CD4C70019902F /* Embed App Extensions */,
				E98ED58A4FA15318F870EB51 /* Frameworks */,
			);
			buildRules = (
			);
			dependencies = (
				D9441A09266CD4C60019902F /* PBXTargetDependency */,
			);
			name = Sleepy_WatchOS;
			productName = Sleepy_WatchOS;
			productReference = D94419FD266CD4C50019902F /* Sleepy_WatchOS.app */;
			productType = "com.apple.product-type.application.watchapp2";
		};
		D9441A05266CD4C60019902F /* Sleepy_WatchOS Extension */ = {
			isa = PBXNativeTarget;
			buildConfigurationList = D9441A35266CD4C70019902F /* Build configuration list for PBXNativeTarget "Sleepy_WatchOS Extension" */;
			buildPhases = (
				D9441A02266CD4C60019902F /* Sources */,
				D9441A03266CD4C60019902F /* Frameworks */,
				D9441A04266CD4C60019902F /* Resources */,
			);
			buildRules = (
			);
			dependencies = (
			);
			name = "Sleepy_WatchOS Extension";
			productName = "Sleepy_WatchOS Extension";
			productReference = D9441A06266CD4C60019902F /* Sleepy_WatchOS Extension.appex */;
			productType = "com.apple.product-type.watchkit2-extension";
		};
		D9441A1F266CD4C70019902F /* Sleepy_WatchOSTests */ = {
			isa = PBXNativeTarget;
			buildConfigurationList = D9441A3D266CD4C70019902F /* Build configuration list for PBXNativeTarget "Sleepy_WatchOSTests" */;
			buildPhases = (
				252B714DB7E5CF1888E8F1D0 /* [CP] Check Pods Manifest.lock */,
				D9441A1C266CD4C70019902F /* Sources */,
				D9441A1D266CD4C70019902F /* Frameworks */,
				D9441A1E266CD4C70019902F /* Resources */,
			);
			buildRules = (
			);
			dependencies = (
				D9441A22266CD4C70019902F /* PBXTargetDependency */,
			);
			name = Sleepy_WatchOSTests;
			productName = Sleepy_WatchOSTests;
			productReference = D9441A20266CD4C70019902F /* Sleepy_WatchOSTests.xctest */;
			productType = "com.apple.product-type.bundle.unit-test";
		};
		D9441A2A266CD4C70019902F /* Sleepy_WatchOSUITests */ = {
			isa = PBXNativeTarget;
			buildConfigurationList = D9441A40266CD4C70019902F /* Build configuration list for PBXNativeTarget "Sleepy_WatchOSUITests" */;
			buildPhases = (
				39D85746A92B88A138EF444C /* [CP] Check Pods Manifest.lock */,
				D9441A27266CD4C70019902F /* Sources */,
				D9441A28266CD4C70019902F /* Frameworks */,
				D9441A29266CD4C70019902F /* Resources */,
				3E92C51FE4D91340E06EFD41 /* [CP] Embed Pods Frameworks */,
			);
			buildRules = (
			);
			dependencies = (
				D9441A2D266CD4C70019902F /* PBXTargetDependency */,
			);
			name = Sleepy_WatchOSUITests;
			productName = Sleepy_WatchOSUITests;
			productReference = D9441A2B266CD4C70019902F /* Sleepy_WatchOSUITests.xctest */;
			productType = "com.apple.product-type.bundle.ui-testing";
		};
/* End PBXNativeTarget section */

/* Begin PBXProject section */
		D94419C5266CD3C40019902F /* Project object */ = {
			isa = PBXProject;
			attributes = {
				LastSwiftUpdateCheck = 1250;
				LastUpgradeCheck = 1250;
				TargetAttributes = {
					D94419CC266CD3C40019902F = {
						CreatedOnToolsVersion = 12.5;
					};
					D94419DD266CD3C50019902F = {
						CreatedOnToolsVersion = 12.5;
						TestTargetID = D94419CC266CD3C40019902F;
					};
					D94419E8266CD3C50019902F = {
						CreatedOnToolsVersion = 12.5;
						TestTargetID = D94419CC266CD3C40019902F;
					};
					D94419FC266CD4C50019902F = {
						CreatedOnToolsVersion = 12.5;
					};
					D9441A05266CD4C60019902F = {
						CreatedOnToolsVersion = 12.5;
					};
					D9441A1F266CD4C70019902F = {
						CreatedOnToolsVersion = 12.5;
						TestTargetID = D9441A05266CD4C60019902F;
					};
					D9441A2A266CD4C70019902F = {
						CreatedOnToolsVersion = 12.5;
						TestTargetID = D94419FC266CD4C50019902F;
					};
				};
			};
			buildConfigurationList = D94419C8266CD3C40019902F /* Build configuration list for PBXProject "Sleepy" */;
			compatibilityVersion = "Xcode 9.3";
			developmentRegion = en;
			hasScannedForEncodings = 0;
			knownRegions = (
				en,
				Base,
				ru,
			);
			mainGroup = D94419C4266CD3C40019902F;
			packageReferences = (
				80780F30266D3B94000D0DD9 /* XCRemoteSwiftPackageReference "XUI" */,
			);
			productRefGroup = D94419CE266CD3C40019902F /* Products */;
			projectDirPath = "";
			projectReferences = (
				{
					ProductGroup = 808FDF312685E48A00B38B78 /* Products */;
					ProjectRef = 808FDF302685E48A00B38B78 /* HKCoreSleep.xcodeproj */;
				},
				{
					ProductGroup = D96DBC3E2687126000A0E018 /* Products */;
					ProjectRef = D96DBC3D2687126000A0E018 /* HKStatistics.xcodeproj */;
				},
				{
					ProductGroup = 80780F1B266CE39F000D0DD9 /* Products */;
					ProjectRef = 80780F1A266CE39F000D0DD9 /* HKVisualKit.xcodeproj */;
				},
				{
					ProductGroup = D97C396026BD1530005CCDFB /* Products */;
					ProjectRef = D97C395F26BD1530005CCDFB /* SettingsKit.xcodeproj */;
				},
			);
			projectRoot = "";
			targets = (
				D94419CC266CD3C40019902F /* Sleepy */,
				D94419DD266CD3C50019902F /* SleepyTests */,
				D94419E8266CD3C50019902F /* SleepyUITests */,
				D94419FC266CD4C50019902F /* Sleepy_WatchOS */,
				D9441A05266CD4C60019902F /* Sleepy_WatchOS Extension */,
				D9441A1F266CD4C70019902F /* Sleepy_WatchOSTests */,
				D9441A2A266CD4C70019902F /* Sleepy_WatchOSUITests */,
			);
		};
/* End PBXProject section */

/* Begin PBXReferenceProxy section */
		80780F1F266CE3A0000D0DD9 /* HKVisualKit.framework */ = {
			isa = PBXReferenceProxy;
			fileType = wrapper.framework;
			path = HKVisualKit.framework;
			remoteRef = 80780F1E266CE3A0000D0DD9 /* PBXContainerItemProxy */;
			sourceTree = BUILT_PRODUCTS_DIR;
		};
		808FDF352685E48B00B38B78 /* HKCoreSleep.framework */ = {
			isa = PBXReferenceProxy;
			fileType = wrapper.framework;
			path = HKCoreSleep.framework;
			remoteRef = 808FDF342685E48B00B38B78 /* PBXContainerItemProxy */;
			sourceTree = BUILT_PRODUCTS_DIR;
		};
		D96DBC442687126100A0E018 /* HKStatistics.framework */ = {
			isa = PBXReferenceProxy;
			fileType = wrapper.framework;
			path = HKStatistics.framework;
			remoteRef = D96DBC432687126100A0E018 /* PBXContainerItemProxy */;
			sourceTree = BUILT_PRODUCTS_DIR;
		};
		D96DBC462687126100A0E018 /* HKStatisticsTests.xctest */ = {
			isa = PBXReferenceProxy;
			fileType = wrapper.cfbundle;
			path = HKStatisticsTests.xctest;
			remoteRef = D96DBC452687126100A0E018 /* PBXContainerItemProxy */;
			sourceTree = BUILT_PRODUCTS_DIR;
		};
		D97C396426BD1531005CCDFB /* SettingsKit.framework */ = {
			isa = PBXReferenceProxy;
			fileType = wrapper.framework;
			path = SettingsKit.framework;
			remoteRef = D97C396326BD1531005CCDFB /* PBXContainerItemProxy */;
			sourceTree = BUILT_PRODUCTS_DIR;
		};
/* End PBXReferenceProxy section */

/* Begin PBXResourcesBuildPhase section */
		D94419CB266CD3C40019902F /* Resources */ = {
			isa = PBXResourcesBuildPhase;
			buildActionMask = 2147483647;
			files = (
				D94419D8266CD3C50019902F /* Preview Assets.xcassets in Resources */,
				80647AF326D9163B0054C03F /* Localizable.strings in Resources */,
				D94419D5266CD3C50019902F /* Assets.xcassets in Resources */,
			);
			runOnlyForDeploymentPostprocessing = 0;
		};
		D94419DC266CD3C50019902F /* Resources */ = {
			isa = PBXResourcesBuildPhase;
			buildActionMask = 2147483647;
			files = (
			);
			runOnlyForDeploymentPostprocessing = 0;
		};
		D94419E7266CD3C50019902F /* Resources */ = {
			isa = PBXResourcesBuildPhase;
			buildActionMask = 2147483647;
			files = (
			);
			runOnlyForDeploymentPostprocessing = 0;
		};
		D94419FB266CD4C50019902F /* Resources */ = {
			isa = PBXResourcesBuildPhase;
			buildActionMask = 2147483647;
			files = (
				D9441A00266CD4C60019902F /* Assets.xcassets in Resources */,
			);
			runOnlyForDeploymentPostprocessing = 0;
		};
		D9441A04266CD4C60019902F /* Resources */ = {
			isa = PBXResourcesBuildPhase;
			buildActionMask = 2147483647;
			files = (
				D9441A19266CD4C70019902F /* Preview Assets.xcassets in Resources */,
				D9441A16266CD4C70019902F /* Assets.xcassets in Resources */,
			);
			runOnlyForDeploymentPostprocessing = 0;
		};
		D9441A1E266CD4C70019902F /* Resources */ = {
			isa = PBXResourcesBuildPhase;
			buildActionMask = 2147483647;
			files = (
			);
			runOnlyForDeploymentPostprocessing = 0;
		};
		D9441A29266CD4C70019902F /* Resources */ = {
			isa = PBXResourcesBuildPhase;
			buildActionMask = 2147483647;
			files = (
			);
			runOnlyForDeploymentPostprocessing = 0;
		};
/* End PBXResourcesBuildPhase section */

/* Begin PBXShellScriptBuildPhase section */
		0E7EBE5C9106494C99218ACF /* [CP] Embed Pods Frameworks */ = {
			isa = PBXShellScriptBuildPhase;
			buildActionMask = 2147483647;
			files = (
			);
			inputFileListPaths = (
				"${PODS_ROOT}/Target Support Files/Pods-Sleepy/Pods-Sleepy-frameworks-${CONFIGURATION}-input-files.xcfilelist",
			);
			name = "[CP] Embed Pods Frameworks";
			outputFileListPaths = (
				"${PODS_ROOT}/Target Support Files/Pods-Sleepy/Pods-Sleepy-frameworks-${CONFIGURATION}-output-files.xcfilelist",
			);
			runOnlyForDeploymentPostprocessing = 0;
			shellPath = /bin/sh;
			shellScript = "\"${PODS_ROOT}/Target Support Files/Pods-Sleepy/Pods-Sleepy-frameworks.sh\"\n";
			showEnvVarsInLog = 0;
		};
		252B714DB7E5CF1888E8F1D0 /* [CP] Check Pods Manifest.lock */ = {
			isa = PBXShellScriptBuildPhase;
			buildActionMask = 2147483647;
			files = (
			);
			inputFileListPaths = (
			);
			inputPaths = (
				"${PODS_PODFILE_DIR_PATH}/Podfile.lock",
				"${PODS_ROOT}/Manifest.lock",
			);
			name = "[CP] Check Pods Manifest.lock";
			outputFileListPaths = (
			);
			outputPaths = (
				"$(DERIVED_FILE_DIR)/Pods-Sleepy_WatchOSTests-checkManifestLockResult.txt",
			);
			runOnlyForDeploymentPostprocessing = 0;
			shellPath = /bin/sh;
			shellScript = "diff \"${PODS_PODFILE_DIR_PATH}/Podfile.lock\" \"${PODS_ROOT}/Manifest.lock\" > /dev/null\nif [ $? != 0 ] ; then\n    # print error to STDERR\n    echo \"error: The sandbox is not in sync with the Podfile.lock. Run 'pod install' or update your CocoaPods installation.\" >&2\n    exit 1\nfi\n# This output is used by Xcode 'outputs' to avoid re-running this script phase.\necho \"SUCCESS\" > \"${SCRIPT_OUTPUT_FILE_0}\"\n";
			showEnvVarsInLog = 0;
		};
		29B2875EF30ECC7DDC176C5B /* [CP] Check Pods Manifest.lock */ = {
			isa = PBXShellScriptBuildPhase;
			buildActionMask = 2147483647;
			files = (
			);
			inputFileListPaths = (
			);
			inputPaths = (
				"${PODS_PODFILE_DIR_PATH}/Podfile.lock",
				"${PODS_ROOT}/Manifest.lock",
			);
			name = "[CP] Check Pods Manifest.lock";
			outputFileListPaths = (
			);
			outputPaths = (
				"$(DERIVED_FILE_DIR)/Pods-SleepyTests-checkManifestLockResult.txt",
			);
			runOnlyForDeploymentPostprocessing = 0;
			shellPath = /bin/sh;
			shellScript = "diff \"${PODS_PODFILE_DIR_PATH}/Podfile.lock\" \"${PODS_ROOT}/Manifest.lock\" > /dev/null\nif [ $? != 0 ] ; then\n    # print error to STDERR\n    echo \"error: The sandbox is not in sync with the Podfile.lock. Run 'pod install' or update your CocoaPods installation.\" >&2\n    exit 1\nfi\n# This output is used by Xcode 'outputs' to avoid re-running this script phase.\necho \"SUCCESS\" > \"${SCRIPT_OUTPUT_FILE_0}\"\n";
			showEnvVarsInLog = 0;
		};
		39D85746A92B88A138EF444C /* [CP] Check Pods Manifest.lock */ = {
			isa = PBXShellScriptBuildPhase;
			buildActionMask = 2147483647;
			files = (
			);
			inputFileListPaths = (
			);
			inputPaths = (
				"${PODS_PODFILE_DIR_PATH}/Podfile.lock",
				"${PODS_ROOT}/Manifest.lock",
			);
			name = "[CP] Check Pods Manifest.lock";
			outputFileListPaths = (
			);
			outputPaths = (
				"$(DERIVED_FILE_DIR)/Pods-Sleepy-Sleepy_WatchOSUITests-checkManifestLockResult.txt",
			);
			runOnlyForDeploymentPostprocessing = 0;
			shellPath = /bin/sh;
			shellScript = "diff \"${PODS_PODFILE_DIR_PATH}/Podfile.lock\" \"${PODS_ROOT}/Manifest.lock\" > /dev/null\nif [ $? != 0 ] ; then\n    # print error to STDERR\n    echo \"error: The sandbox is not in sync with the Podfile.lock. Run 'pod install' or update your CocoaPods installation.\" >&2\n    exit 1\nfi\n# This output is used by Xcode 'outputs' to avoid re-running this script phase.\necho \"SUCCESS\" > \"${SCRIPT_OUTPUT_FILE_0}\"\n";
			showEnvVarsInLog = 0;
		};
		3D6BD0E348F97AF0AB1A17E0 /* [CP] Check Pods Manifest.lock */ = {
			isa = PBXShellScriptBuildPhase;
			buildActionMask = 2147483647;
			files = (
			);
			inputFileListPaths = (
			);
			inputPaths = (
				"${PODS_PODFILE_DIR_PATH}/Podfile.lock",
				"${PODS_ROOT}/Manifest.lock",
			);
			name = "[CP] Check Pods Manifest.lock";
			outputFileListPaths = (
			);
			outputPaths = (
				"$(DERIVED_FILE_DIR)/Pods-Sleepy-SleepyUITests-checkManifestLockResult.txt",
			);
			runOnlyForDeploymentPostprocessing = 0;
			shellPath = /bin/sh;
			shellScript = "diff \"${PODS_PODFILE_DIR_PATH}/Podfile.lock\" \"${PODS_ROOT}/Manifest.lock\" > /dev/null\nif [ $? != 0 ] ; then\n    # print error to STDERR\n    echo \"error: The sandbox is not in sync with the Podfile.lock. Run 'pod install' or update your CocoaPods installation.\" >&2\n    exit 1\nfi\n# This output is used by Xcode 'outputs' to avoid re-running this script phase.\necho \"SUCCESS\" > \"${SCRIPT_OUTPUT_FILE_0}\"\n";
			showEnvVarsInLog = 0;
		};
		3E92C51FE4D91340E06EFD41 /* [CP] Embed Pods Frameworks */ = {
			isa = PBXShellScriptBuildPhase;
			buildActionMask = 2147483647;
			files = (
			);
			inputFileListPaths = (
				"${PODS_ROOT}/Target Support Files/Pods-Sleepy-Sleepy_WatchOSUITests/Pods-Sleepy-Sleepy_WatchOSUITests-frameworks-${CONFIGURATION}-input-files.xcfilelist",
			);
			name = "[CP] Embed Pods Frameworks";
			outputFileListPaths = (
				"${PODS_ROOT}/Target Support Files/Pods-Sleepy-Sleepy_WatchOSUITests/Pods-Sleepy-Sleepy_WatchOSUITests-frameworks-${CONFIGURATION}-output-files.xcfilelist",
			);
			runOnlyForDeploymentPostprocessing = 0;
			shellPath = /bin/sh;
			shellScript = "\"${PODS_ROOT}/Target Support Files/Pods-Sleepy-Sleepy_WatchOSUITests/Pods-Sleepy-Sleepy_WatchOSUITests-frameworks.sh\"\n";
			showEnvVarsInLog = 0;
		};
		80780F2D266CF63E000D0DD9 /* ShellScript */ = {
			isa = PBXShellScriptBuildPhase;
			buildActionMask = 2147483647;
			files = (
			);
			inputFileListPaths = (
			);
			inputPaths = (
			);
			outputFileListPaths = (
			);
			outputPaths = (
			);
			runOnlyForDeploymentPostprocessing = 0;
			shellPath = /bin/sh;
			shellScript = "\"${PODS_ROOT}/SwiftLint/swiftlint\"\n";
		};
		A8D220E46497483F9FE27961 /* [CP] Embed Pods Frameworks */ = {
			isa = PBXShellScriptBuildPhase;
			buildActionMask = 2147483647;
			files = (
			);
			inputFileListPaths = (
				"${PODS_ROOT}/Target Support Files/Pods-Sleepy-SleepyUITests/Pods-Sleepy-SleepyUITests-frameworks-${CONFIGURATION}-input-files.xcfilelist",
			);
			name = "[CP] Embed Pods Frameworks";
			outputFileListPaths = (
				"${PODS_ROOT}/Target Support Files/Pods-Sleepy-SleepyUITests/Pods-Sleepy-SleepyUITests-frameworks-${CONFIGURATION}-output-files.xcfilelist",
			);
			runOnlyForDeploymentPostprocessing = 0;
			shellPath = /bin/sh;
			shellScript = "\"${PODS_ROOT}/Target Support Files/Pods-Sleepy-SleepyUITests/Pods-Sleepy-SleepyUITests-frameworks.sh\"\n";
			showEnvVarsInLog = 0;
		};
		C2F1F5FB0A2730DC30DC40A0 /* [CP] Check Pods Manifest.lock */ = {
			isa = PBXShellScriptBuildPhase;
			buildActionMask = 2147483647;
			files = (
			);
			inputFileListPaths = (
			);
			inputPaths = (
				"${PODS_PODFILE_DIR_PATH}/Podfile.lock",
				"${PODS_ROOT}/Manifest.lock",
			);
			name = "[CP] Check Pods Manifest.lock";
			outputFileListPaths = (
			);
			outputPaths = (
				"$(DERIVED_FILE_DIR)/Pods-Sleepy-checkManifestLockResult.txt",
			);
			runOnlyForDeploymentPostprocessing = 0;
			shellPath = /bin/sh;
			shellScript = "diff \"${PODS_PODFILE_DIR_PATH}/Podfile.lock\" \"${PODS_ROOT}/Manifest.lock\" > /dev/null\nif [ $? != 0 ] ; then\n    # print error to STDERR\n    echo \"error: The sandbox is not in sync with the Podfile.lock. Run 'pod install' or update your CocoaPods installation.\" >&2\n    exit 1\nfi\n# This output is used by Xcode 'outputs' to avoid re-running this script phase.\necho \"SUCCESS\" > \"${SCRIPT_OUTPUT_FILE_0}\"\n";
			showEnvVarsInLog = 0;
		};
/* End PBXShellScriptBuildPhase section */

/* Begin PBXSourcesBuildPhase section */
		D94419C9266CD3C40019902F /* Sources */ = {
			isa = PBXSourcesBuildPhase;
			buildActionMask = 2147483647;
			files = (
				D9DC913526A9F71000D38E32 /* SummaryGeneralDataViewModel.swift in Sources */,
				D9DC913326A9F70200D38E32 /* SummaryPhasesDataViewModel.swift in Sources */,
				80D7F0C0268CFF850055ECEE /* Binding+OnChange.swift in Sources */,
				801505AE267140F5007574B9 /* CardDetailView.swift in Sources */,
				80A765EC26C7FBF000A66554 /* SoundAnalysisResult.swift in Sources */,
				D9DC913126A9F6EC00D38E32 /* SummaryHeartDataViewModel.swift in Sources */,
				80780F5F266D4F42000D0DD9 /* CardDetailViewCoordinator.swift in Sources */,
				D9B1722C26B014A8002C3B0D /* HeartCardDetailView.swift in Sources */,
				80780F53266D4A93000D0DD9 /* SummaryListCoordinator.swift in Sources */,
				80D7F0BC268C77050055ECEE /* CalendarDayView.swift in Sources */,
				80780F27266CE7C3000D0DD9 /* AppDelegate.swift in Sources */,
				80780F58266D4C2E000D0DD9 /* CardService.swift in Sources */,
				80D7F0B8268C71EE0055ECEE /* CalendarView.swift in Sources */,
				80647AF826D917380054C03F /* String+Localizable.swift in Sources */,
				805CDA7626D11C91005786B9 /* soundClassifier.mlmodel in Sources */,
				8002F3AB26A2163B00A7192A /* EnergyHistoryStatsView.swift in Sources */,
				D99509FE267780DE00694208 /* SettingsCoordinator.swift in Sources */,
				8002F3A926A2139900A7192A /* HeartHistoryStatsView.swift in Sources */,
				8002F3A626A1FA3600A7192A /* HistoryListView.swift in Sources */,
				D98D925526B0960100C6B7E4 /* BankOfSleepDataViewModel.swift in Sources */,
				D99509F126777D4200694208 /* HistoryCoordinator.swift in Sources */,
				80780F5B266D4E58000D0DD9 /* SummaryListView.swift in Sources */,
				D99509F226777D4200694208 /* HistoryCoordinatorView.swift in Sources */,
				80A765DF26C7F35C00A66554 /* AudioRecorder.swift in Sources */,
				80A765F326C85EB300A66554 /* SoundsCoordinator.swift in Sources */,
				80A765F526C85EBF00A66554 /* AudioRecordingsListView.swift in Sources */,
				805D751B2692458500C19034 /* SleepHistoryStatsView.swift in Sources */,
				D99509FC267780D700694208 /* AlarmCoordinatorView.swift in Sources */,
				80780F4C266D4786000D0DD9 /* SummaryNavigationCoordinator.swift in Sources */,
				D9B1722A26B01495002C3B0D /* PhasesCardDetailView.swift in Sources */,
				80780F4E266D47AE000D0DD9 /* SummaryNavigationCoordinatorView.swift in Sources */,
				80A765EA26C7FA1500A66554 /* AnalysisListView.swift in Sources */,
				D94419D1266CD3C40019902F /* SleepyApp.swift in Sources */,
				D9950A00267780F300694208 /* SettingsCoordinatorView.swift in Sources */,
				80780F45266D439F000D0DD9 /* RootCoordinatorView.swift in Sources */,
				80647AFA26D918E50054C03F /* SummaryInfoCardView.swift in Sources */,
				80A765E526C7F44000A66554 /* SoundsCoordinatorView.swift in Sources */,
				8087D5E9269AD287007AB4C2 /* DateInterval+String.swift in Sources */,
				80780F65266D5BDE000D0DD9 /* URL+Identifiable.swift in Sources */,
				80A765F826C8F9E300A66554 /* FileHelper.swift in Sources */,
				80A765E826C7F5F800A66554 /* ResultsObserver.swift in Sources */,
				80A765EE26C83B3700A66554 /* AudioPlayer.swift in Sources */,
				80D7F0BA268C75D80055ECEE /* Date+Components.swift in Sources */,
				80A765DC26C7C5A000A66554 /* ActivityViewController.swift in Sources */,
				80A765E126C7F3A700A66554 /* Recording.swift in Sources */,
				80A765F026C843F300A66554 /* TimeInterval+String.swift in Sources */,
				D99F446526B0136D00998590 /* GeneralCardDetailView.swift in Sources */,
				80780F43266D4377000D0DD9 /* RootCoordinator.swift in Sources */,
				D99509FA267780C400694208 /* AlarmCoordinator.swift in Sources */,
				80D7F0BE268CF7A30055ECEE /* HealthTypeSwitchView.swift in Sources */,
			);
			runOnlyForDeploymentPostprocessing = 0;
		};
		D94419DA266CD3C50019902F /* Sources */ = {
			isa = PBXSourcesBuildPhase;
			buildActionMask = 2147483647;
			files = (
				D94419E3266CD3C50019902F /* SleepyTests.swift in Sources */,
			);
			runOnlyForDeploymentPostprocessing = 0;
		};
		D94419E5266CD3C50019902F /* Sources */ = {
			isa = PBXSourcesBuildPhase;
			buildActionMask = 2147483647;
			files = (
				D94419EE266CD3C50019902F /* SleepyUITests.swift in Sources */,
			);
			runOnlyForDeploymentPostprocessing = 0;
		};
		D9441A02266CD4C60019902F /* Sources */ = {
			isa = PBXSourcesBuildPhase;
			buildActionMask = 2147483647;
			files = (
				D9441A10266CD4C60019902F /* NotificationController.swift in Sources */,
				D9441A0E266CD4C60019902F /* ContentView.swift in Sources */,
				D9441A14266CD4C60019902F /* ComplicationController.swift in Sources */,
				D9441A0C266CD4C60019902F /* SleepyApp.swift in Sources */,
				D9441A12266CD4C60019902F /* NotificationView.swift in Sources */,
			);
			runOnlyForDeploymentPostprocessing = 0;
		};
		D9441A1C266CD4C70019902F /* Sources */ = {
			isa = PBXSourcesBuildPhase;
			buildActionMask = 2147483647;
			files = (
				D9441A25266CD4C70019902F /* Sleepy_WatchOSTests.swift in Sources */,
			);
			runOnlyForDeploymentPostprocessing = 0;
		};
		D9441A27266CD4C70019902F /* Sources */ = {
			isa = PBXSourcesBuildPhase;
			buildActionMask = 2147483647;
			files = (
				D9441A30266CD4C70019902F /* Sleepy_WatchOSUITests.swift in Sources */,
			);
			runOnlyForDeploymentPostprocessing = 0;
		};
/* End PBXSourcesBuildPhase section */

/* Begin PBXTargetDependency section */
		D94419E0266CD3C50019902F /* PBXTargetDependency */ = {
			isa = PBXTargetDependency;
			target = D94419CC266CD3C40019902F /* Sleepy */;
			targetProxy = D94419DF266CD3C50019902F /* PBXContainerItemProxy */;
		};
		D94419EB266CD3C50019902F /* PBXTargetDependency */ = {
			isa = PBXTargetDependency;
			target = D94419CC266CD3C40019902F /* Sleepy */;
			targetProxy = D94419EA266CD3C50019902F /* PBXContainerItemProxy */;
		};
		D9441A09266CD4C60019902F /* PBXTargetDependency */ = {
			isa = PBXTargetDependency;
			target = D9441A05266CD4C60019902F /* Sleepy_WatchOS Extension */;
			targetProxy = D9441A08266CD4C60019902F /* PBXContainerItemProxy */;
		};
		D9441A22266CD4C70019902F /* PBXTargetDependency */ = {
			isa = PBXTargetDependency;
			target = D9441A05266CD4C60019902F /* Sleepy_WatchOS Extension */;
			targetProxy = D9441A21266CD4C70019902F /* PBXContainerItemProxy */;
		};
		D9441A2D266CD4C70019902F /* PBXTargetDependency */ = {
			isa = PBXTargetDependency;
			target = D94419FC266CD4C50019902F /* Sleepy_WatchOS */;
			targetProxy = D9441A2C266CD4C70019902F /* PBXContainerItemProxy */;
		};
		D9441A33266CD4C70019902F /* PBXTargetDependency */ = {
			isa = PBXTargetDependency;
			target = D94419FC266CD4C50019902F /* Sleepy_WatchOS */;
			targetProxy = D9441A32266CD4C70019902F /* PBXContainerItemProxy */;
		};
/* End PBXTargetDependency section */

/* Begin PBXVariantGroup section */
		80647AF526D9163B0054C03F /* Localizable.strings */ = {
			isa = PBXVariantGroup;
			children = (
				80647AF426D9163B0054C03F /* en */,
				80647AF626D916770054C03F /* ru */,
			);
			name = Localizable.strings;
			sourceTree = "<group>";
		};
/* End PBXVariantGroup section */

/* Begin XCBuildConfiguration section */
		D94419F0266CD3C50019902F /* Debug */ = {
			isa = XCBuildConfiguration;
			buildSettings = {
				ALWAYS_SEARCH_USER_PATHS = NO;
				CLANG_ANALYZER_LOCALIZABILITY_NONLOCALIZED = YES;
				CLANG_ANALYZER_NONNULL = YES;
				CLANG_ANALYZER_NUMBER_OBJECT_CONVERSION = YES_AGGRESSIVE;
				CLANG_CXX_LANGUAGE_STANDARD = "gnu++14";
				CLANG_CXX_LIBRARY = "libc++";
				CLANG_ENABLE_MODULES = YES;
				CLANG_ENABLE_OBJC_ARC = YES;
				CLANG_ENABLE_OBJC_WEAK = YES;
				CLANG_WARN_BLOCK_CAPTURE_AUTORELEASING = YES;
				CLANG_WARN_BOOL_CONVERSION = YES;
				CLANG_WARN_COMMA = YES;
				CLANG_WARN_CONSTANT_CONVERSION = YES;
				CLANG_WARN_DEPRECATED_OBJC_IMPLEMENTATIONS = YES;
				CLANG_WARN_DIRECT_OBJC_ISA_USAGE = YES_ERROR;
				CLANG_WARN_DOCUMENTATION_COMMENTS = YES;
				CLANG_WARN_EMPTY_BODY = YES;
				CLANG_WARN_ENUM_CONVERSION = YES;
				CLANG_WARN_INFINITE_RECURSION = YES;
				CLANG_WARN_INT_CONVERSION = YES;
				CLANG_WARN_NON_LITERAL_NULL_CONVERSION = YES;
				CLANG_WARN_OBJC_IMPLICIT_RETAIN_SELF = YES;
				CLANG_WARN_OBJC_LITERAL_CONVERSION = YES;
				CLANG_WARN_OBJC_ROOT_CLASS = YES_ERROR;
				CLANG_WARN_QUOTED_INCLUDE_IN_FRAMEWORK_HEADER = YES;
				CLANG_WARN_RANGE_LOOP_ANALYSIS = YES;
				CLANG_WARN_STRICT_PROTOTYPES = YES;
				CLANG_WARN_SUSPICIOUS_MOVE = YES;
				CLANG_WARN_UNGUARDED_AVAILABILITY = YES_AGGRESSIVE;
				CLANG_WARN_UNREACHABLE_CODE = YES;
				CLANG_WARN__DUPLICATE_METHOD_MATCH = YES;
				COPY_PHASE_STRIP = NO;
				DEBUG_INFORMATION_FORMAT = dwarf;
				ENABLE_STRICT_OBJC_MSGSEND = YES;
				ENABLE_TESTABILITY = YES;
				GCC_C_LANGUAGE_STANDARD = gnu11;
				GCC_DYNAMIC_NO_PIC = NO;
				GCC_NO_COMMON_BLOCKS = YES;
				GCC_OPTIMIZATION_LEVEL = 0;
				GCC_PREPROCESSOR_DEFINITIONS = (
					"DEBUG=1",
					"$(inherited)",
				);
				GCC_WARN_64_TO_32_BIT_CONVERSION = YES;
				GCC_WARN_ABOUT_RETURN_TYPE = YES_ERROR;
				GCC_WARN_UNDECLARED_SELECTOR = YES;
				GCC_WARN_UNINITIALIZED_AUTOS = YES_AGGRESSIVE;
				GCC_WARN_UNUSED_FUNCTION = YES;
				GCC_WARN_UNUSED_VARIABLE = YES;
				IPHONEOS_DEPLOYMENT_TARGET = 14.0;
				MTL_ENABLE_DEBUG_INFO = INCLUDE_SOURCE;
				MTL_FAST_MATH = YES;
				ONLY_ACTIVE_ARCH = YES;
				SDKROOT = iphoneos;
				SWIFT_ACTIVE_COMPILATION_CONDITIONS = DEBUG;
				SWIFT_OPTIMIZATION_LEVEL = "-Onone";
			};
			name = Debug;
		};
		D94419F1266CD3C50019902F /* Release */ = {
			isa = XCBuildConfiguration;
			buildSettings = {
				ALWAYS_SEARCH_USER_PATHS = NO;
				CLANG_ANALYZER_LOCALIZABILITY_NONLOCALIZED = YES;
				CLANG_ANALYZER_NONNULL = YES;
				CLANG_ANALYZER_NUMBER_OBJECT_CONVERSION = YES_AGGRESSIVE;
				CLANG_CXX_LANGUAGE_STANDARD = "gnu++14";
				CLANG_CXX_LIBRARY = "libc++";
				CLANG_ENABLE_MODULES = YES;
				CLANG_ENABLE_OBJC_ARC = YES;
				CLANG_ENABLE_OBJC_WEAK = YES;
				CLANG_WARN_BLOCK_CAPTURE_AUTORELEASING = YES;
				CLANG_WARN_BOOL_CONVERSION = YES;
				CLANG_WARN_COMMA = YES;
				CLANG_WARN_CONSTANT_CONVERSION = YES;
				CLANG_WARN_DEPRECATED_OBJC_IMPLEMENTATIONS = YES;
				CLANG_WARN_DIRECT_OBJC_ISA_USAGE = YES_ERROR;
				CLANG_WARN_DOCUMENTATION_COMMENTS = YES;
				CLANG_WARN_EMPTY_BODY = YES;
				CLANG_WARN_ENUM_CONVERSION = YES;
				CLANG_WARN_INFINITE_RECURSION = YES;
				CLANG_WARN_INT_CONVERSION = YES;
				CLANG_WARN_NON_LITERAL_NULL_CONVERSION = YES;
				CLANG_WARN_OBJC_IMPLICIT_RETAIN_SELF = YES;
				CLANG_WARN_OBJC_LITERAL_CONVERSION = YES;
				CLANG_WARN_OBJC_ROOT_CLASS = YES_ERROR;
				CLANG_WARN_QUOTED_INCLUDE_IN_FRAMEWORK_HEADER = YES;
				CLANG_WARN_RANGE_LOOP_ANALYSIS = YES;
				CLANG_WARN_STRICT_PROTOTYPES = YES;
				CLANG_WARN_SUSPICIOUS_MOVE = YES;
				CLANG_WARN_UNGUARDED_AVAILABILITY = YES_AGGRESSIVE;
				CLANG_WARN_UNREACHABLE_CODE = YES;
				CLANG_WARN__DUPLICATE_METHOD_MATCH = YES;
				COPY_PHASE_STRIP = NO;
				DEBUG_INFORMATION_FORMAT = "dwarf-with-dsym";
				ENABLE_NS_ASSERTIONS = NO;
				ENABLE_STRICT_OBJC_MSGSEND = YES;
				GCC_C_LANGUAGE_STANDARD = gnu11;
				GCC_NO_COMMON_BLOCKS = YES;
				GCC_WARN_64_TO_32_BIT_CONVERSION = YES;
				GCC_WARN_ABOUT_RETURN_TYPE = YES_ERROR;
				GCC_WARN_UNDECLARED_SELECTOR = YES;
				GCC_WARN_UNINITIALIZED_AUTOS = YES_AGGRESSIVE;
				GCC_WARN_UNUSED_FUNCTION = YES;
				GCC_WARN_UNUSED_VARIABLE = YES;
				IPHONEOS_DEPLOYMENT_TARGET = 14.0;
				MTL_ENABLE_DEBUG_INFO = NO;
				MTL_FAST_MATH = YES;
				SDKROOT = iphoneos;
				SWIFT_COMPILATION_MODE = wholemodule;
				SWIFT_OPTIMIZATION_LEVEL = "-O";
				VALIDATE_PRODUCT = YES;
			};
			name = Release;
		};
		D94419F3266CD3C50019902F /* Debug */ = {
			isa = XCBuildConfiguration;
			baseConfigurationReference = 438E7DBF4BA661273117AB21 /* Pods-Sleepy.debug.xcconfig */;
			buildSettings = {
				ASSETCATALOG_COMPILER_APPICON_NAME = AppIcon;
				ASSETCATALOG_COMPILER_GLOBAL_ACCENT_COLOR_NAME = AccentColor;
				CODE_SIGN_ENTITLEMENTS = Sleepy/Sleepy.entitlements;
				CODE_SIGN_STYLE = Automatic;
				DEVELOPMENT_ASSET_PATHS = "\"Sleepy/Preview Content\"";
				DEVELOPMENT_TEAM = Z6TZXH8MS8;
				ENABLE_PREVIEWS = YES;
				INFOPLIST_FILE = Sleepy/Info.plist;
				IPHONEOS_DEPLOYMENT_TARGET = 14.1;
				LD_RUNPATH_SEARCH_PATHS = (
					"$(inherited)",
					"@executable_path/Frameworks",
				);
				MARKETING_VERSION = 1.0;
				PRODUCT_BUNDLE_IDENTIFIER = com.sinapsis.sleepy;
				PRODUCT_NAME = "$(TARGET_NAME)";
				SWIFT_VERSION = 5.0;
				TARGETED_DEVICE_FAMILY = 1;
			};
			name = Debug;
		};
		D94419F4266CD3C50019902F /* Release */ = {
			isa = XCBuildConfiguration;
			baseConfigurationReference = 50ED3F96FF46D23618F5661B /* Pods-Sleepy.release.xcconfig */;
			buildSettings = {
				ASSETCATALOG_COMPILER_APPICON_NAME = AppIcon;
				ASSETCATALOG_COMPILER_GLOBAL_ACCENT_COLOR_NAME = AccentColor;
				CODE_SIGN_ENTITLEMENTS = Sleepy/Sleepy.entitlements;
				CODE_SIGN_STYLE = Automatic;
				DEVELOPMENT_ASSET_PATHS = "\"Sleepy/Preview Content\"";
				DEVELOPMENT_TEAM = Z6TZXH8MS8;
				ENABLE_PREVIEWS = YES;
				INFOPLIST_FILE = Sleepy/Info.plist;
				IPHONEOS_DEPLOYMENT_TARGET = 14.1;
				LD_RUNPATH_SEARCH_PATHS = (
					"$(inherited)",
					"@executable_path/Frameworks",
				);
				MARKETING_VERSION = 1.0;
				PRODUCT_BUNDLE_IDENTIFIER = com.sinapsis.sleepy;
				PRODUCT_NAME = "$(TARGET_NAME)";
				SWIFT_VERSION = 5.0;
				TARGETED_DEVICE_FAMILY = 1;
			};
			name = Release;
		};
		D94419F6266CD3C50019902F /* Debug */ = {
			isa = XCBuildConfiguration;
			baseConfigurationReference = 159E17D4132A1A5EB678DED5 /* Pods-SleepyTests.debug.xcconfig */;
			buildSettings = {
				ALWAYS_EMBED_SWIFT_STANDARD_LIBRARIES = YES;
				BUNDLE_LOADER = "$(TEST_HOST)";
				CODE_SIGN_STYLE = Automatic;
				DEVELOPMENT_TEAM = Z6TZXH8MS8;
				INFOPLIST_FILE = SleepyTests/Info.plist;
				IPHONEOS_DEPLOYMENT_TARGET = 14.0;
				LD_RUNPATH_SEARCH_PATHS = (
					"$(inherited)",
					"@executable_path/Frameworks",
					"@loader_path/Frameworks",
				);
				PRODUCT_BUNDLE_IDENTIFIER = AnasBenMustafa.SleepyTests;
				PRODUCT_NAME = "$(TARGET_NAME)";
				SWIFT_VERSION = 5.0;
				TARGETED_DEVICE_FAMILY = "1,2";
				TEST_HOST = "$(BUILT_PRODUCTS_DIR)/Sleepy.app/Sleepy";
			};
			name = Debug;
		};
		D94419F7266CD3C50019902F /* Release */ = {
			isa = XCBuildConfiguration;
			baseConfigurationReference = E10D41B95868DE65092B6B39 /* Pods-SleepyTests.release.xcconfig */;
			buildSettings = {
				ALWAYS_EMBED_SWIFT_STANDARD_LIBRARIES = YES;
				BUNDLE_LOADER = "$(TEST_HOST)";
				CODE_SIGN_STYLE = Automatic;
				DEVELOPMENT_TEAM = Z6TZXH8MS8;
				INFOPLIST_FILE = SleepyTests/Info.plist;
				IPHONEOS_DEPLOYMENT_TARGET = 14.0;
				LD_RUNPATH_SEARCH_PATHS = (
					"$(inherited)",
					"@executable_path/Frameworks",
					"@loader_path/Frameworks",
				);
				PRODUCT_BUNDLE_IDENTIFIER = AnasBenMustafa.SleepyTests;
				PRODUCT_NAME = "$(TARGET_NAME)";
				SWIFT_VERSION = 5.0;
				TARGETED_DEVICE_FAMILY = "1,2";
				TEST_HOST = "$(BUILT_PRODUCTS_DIR)/Sleepy.app/Sleepy";
			};
			name = Release;
		};
		D94419F9266CD3C50019902F /* Debug */ = {
			isa = XCBuildConfiguration;
			baseConfigurationReference = 8867A2F399E527D317B7896E /* Pods-Sleepy-SleepyUITests.debug.xcconfig */;
			buildSettings = {
				ALWAYS_EMBED_SWIFT_STANDARD_LIBRARIES = YES;
				CODE_SIGN_STYLE = Automatic;
				DEVELOPMENT_TEAM = Z6TZXH8MS8;
				INFOPLIST_FILE = SleepyUITests/Info.plist;
				LD_RUNPATH_SEARCH_PATHS = (
					"$(inherited)",
					"@executable_path/Frameworks",
					"@loader_path/Frameworks",
				);
				PRODUCT_BUNDLE_IDENTIFIER = AnasBenMustafa.SleepyUITests;
				PRODUCT_NAME = "$(TARGET_NAME)";
				SWIFT_VERSION = 5.0;
				TARGETED_DEVICE_FAMILY = "1,2";
				TEST_TARGET_NAME = Sleepy;
			};
			name = Debug;
		};
		D94419FA266CD3C50019902F /* Release */ = {
			isa = XCBuildConfiguration;
			baseConfigurationReference = 6E8E54E67A3140C18D05934A /* Pods-Sleepy-SleepyUITests.release.xcconfig */;
			buildSettings = {
				ALWAYS_EMBED_SWIFT_STANDARD_LIBRARIES = YES;
				CODE_SIGN_STYLE = Automatic;
				DEVELOPMENT_TEAM = Z6TZXH8MS8;
				INFOPLIST_FILE = SleepyUITests/Info.plist;
				LD_RUNPATH_SEARCH_PATHS = (
					"$(inherited)",
					"@executable_path/Frameworks",
					"@loader_path/Frameworks",
				);
				PRODUCT_BUNDLE_IDENTIFIER = AnasBenMustafa.SleepyUITests;
				PRODUCT_NAME = "$(TARGET_NAME)";
				SWIFT_VERSION = 5.0;
				TARGETED_DEVICE_FAMILY = "1,2";
				TEST_TARGET_NAME = Sleepy;
			};
			name = Release;
		};
		D9441A36266CD4C70019902F /* Debug */ = {
			isa = XCBuildConfiguration;
			buildSettings = {
				ASSETCATALOG_COMPILER_COMPLICATION_NAME = Complication;
				CODE_SIGN_STYLE = Automatic;
				DEVELOPMENT_ASSET_PATHS = "\"Sleepy_WatchOS Extension/Preview Content\"";
				DEVELOPMENT_TEAM = Z6TZXH8MS8;
				ENABLE_PREVIEWS = YES;
				INFOPLIST_FILE = "Sleepy_WatchOS Extension/Info.plist";
				LD_RUNPATH_SEARCH_PATHS = (
					"$(inherited)",
					"@executable_path/Frameworks",
					"@executable_path/../../Frameworks",
				);
				PRODUCT_BUNDLE_IDENTIFIER = com.sinapsis.sleepy.watchkitapp.watchkitextension;
				PRODUCT_NAME = "${TARGET_NAME}";
				SDKROOT = watchos;
				SKIP_INSTALL = YES;
				SWIFT_VERSION = 5.0;
				TARGETED_DEVICE_FAMILY = 4;
				WATCHOS_DEPLOYMENT_TARGET = 7.4;
			};
			name = Debug;
		};
		D9441A37266CD4C70019902F /* Release */ = {
			isa = XCBuildConfiguration;
			buildSettings = {
				ASSETCATALOG_COMPILER_COMPLICATION_NAME = Complication;
				CODE_SIGN_STYLE = Automatic;
				DEVELOPMENT_ASSET_PATHS = "\"Sleepy_WatchOS Extension/Preview Content\"";
				DEVELOPMENT_TEAM = Z6TZXH8MS8;
				ENABLE_PREVIEWS = YES;
				INFOPLIST_FILE = "Sleepy_WatchOS Extension/Info.plist";
				LD_RUNPATH_SEARCH_PATHS = (
					"$(inherited)",
					"@executable_path/Frameworks",
					"@executable_path/../../Frameworks",
				);
				PRODUCT_BUNDLE_IDENTIFIER = com.sinapsis.sleepy.watchkitapp.watchkitextension;
				PRODUCT_NAME = "${TARGET_NAME}";
				SDKROOT = watchos;
				SKIP_INSTALL = YES;
				SWIFT_VERSION = 5.0;
				TARGETED_DEVICE_FAMILY = 4;
				WATCHOS_DEPLOYMENT_TARGET = 7.4;
			};
			name = Release;
		};
		D9441A3A266CD4C70019902F /* Debug */ = {
			isa = XCBuildConfiguration;
			buildSettings = {
				ALWAYS_EMBED_SWIFT_STANDARD_LIBRARIES = YES;
				ASSETCATALOG_COMPILER_APPICON_NAME = AppIcon;
				ASSETCATALOG_COMPILER_GLOBAL_ACCENT_COLOR_NAME = AccentColor;
				CODE_SIGN_STYLE = Automatic;
				DEVELOPMENT_TEAM = Z6TZXH8MS8;
				IBSC_MODULE = Sleepy_WatchOS_Extension;
				INFOPLIST_FILE = Sleepy_WatchOS/Info.plist;
				PRODUCT_BUNDLE_IDENTIFIER = com.sinapsis.sleepy.watchkitapp;
				PRODUCT_NAME = "$(TARGET_NAME)";
				SDKROOT = watchos;
				SKIP_INSTALL = YES;
				SWIFT_VERSION = 5.0;
				TARGETED_DEVICE_FAMILY = 4;
				WATCHOS_DEPLOYMENT_TARGET = 7.4;
			};
			name = Debug;
		};
		D9441A3B266CD4C70019902F /* Release */ = {
			isa = XCBuildConfiguration;
			buildSettings = {
				ALWAYS_EMBED_SWIFT_STANDARD_LIBRARIES = YES;
				ASSETCATALOG_COMPILER_APPICON_NAME = AppIcon;
				ASSETCATALOG_COMPILER_GLOBAL_ACCENT_COLOR_NAME = AccentColor;
				CODE_SIGN_STYLE = Automatic;
				DEVELOPMENT_TEAM = Z6TZXH8MS8;
				IBSC_MODULE = Sleepy_WatchOS_Extension;
				INFOPLIST_FILE = Sleepy_WatchOS/Info.plist;
				PRODUCT_BUNDLE_IDENTIFIER = com.sinapsis.sleepy.watchkitapp;
				PRODUCT_NAME = "$(TARGET_NAME)";
				SDKROOT = watchos;
				SKIP_INSTALL = YES;
				SWIFT_VERSION = 5.0;
				TARGETED_DEVICE_FAMILY = 4;
				WATCHOS_DEPLOYMENT_TARGET = 7.4;
			};
			name = Release;
		};
		D9441A3E266CD4C70019902F /* Debug */ = {
			isa = XCBuildConfiguration;
			baseConfigurationReference = CF632548D612EE7E7D4A8586 /* Pods-Sleepy_WatchOSTests.debug.xcconfig */;
			buildSettings = {
				ALWAYS_EMBED_SWIFT_STANDARD_LIBRARIES = YES;
				BUNDLE_LOADER = "$(TEST_HOST)";
				CODE_SIGN_STYLE = Automatic;
				DEVELOPMENT_TEAM = Z6TZXH8MS8;
				INFOPLIST_FILE = Sleepy_WatchOSTests/Info.plist;
				LD_RUNPATH_SEARCH_PATHS = (
					"$(inherited)",
					"@executable_path/Frameworks",
					"@loader_path/Frameworks",
				);
				PRODUCT_BUNDLE_IDENTIFIER = "AnasBenMustafa.Sleepy.Sleepy-WatchOSTests";
				PRODUCT_NAME = "$(TARGET_NAME)";
				SDKROOT = watchos;
				SWIFT_VERSION = 5.0;
				TARGETED_DEVICE_FAMILY = 4;
				TEST_HOST = "$(BUILT_PRODUCTS_DIR)/Sleepy_WatchOS Extension.appex/Sleepy_WatchOS Extension";
				WATCHOS_DEPLOYMENT_TARGET = 7.4;
			};
			name = Debug;
		};
		D9441A3F266CD4C70019902F /* Release */ = {
			isa = XCBuildConfiguration;
			baseConfigurationReference = E190B908F0E65C713AC18A2A /* Pods-Sleepy_WatchOSTests.release.xcconfig */;
			buildSettings = {
				ALWAYS_EMBED_SWIFT_STANDARD_LIBRARIES = YES;
				BUNDLE_LOADER = "$(TEST_HOST)";
				CODE_SIGN_STYLE = Automatic;
				DEVELOPMENT_TEAM = Z6TZXH8MS8;
				INFOPLIST_FILE = Sleepy_WatchOSTests/Info.plist;
				LD_RUNPATH_SEARCH_PATHS = (
					"$(inherited)",
					"@executable_path/Frameworks",
					"@loader_path/Frameworks",
				);
				PRODUCT_BUNDLE_IDENTIFIER = "AnasBenMustafa.Sleepy.Sleepy-WatchOSTests";
				PRODUCT_NAME = "$(TARGET_NAME)";
				SDKROOT = watchos;
				SWIFT_VERSION = 5.0;
				TARGETED_DEVICE_FAMILY = 4;
				TEST_HOST = "$(BUILT_PRODUCTS_DIR)/Sleepy_WatchOS Extension.appex/Sleepy_WatchOS Extension";
				WATCHOS_DEPLOYMENT_TARGET = 7.4;
			};
			name = Release;
		};
		D9441A41266CD4C70019902F /* Debug */ = {
			isa = XCBuildConfiguration;
			baseConfigurationReference = 3DDF5078896DFF8709277BAC /* Pods-Sleepy-Sleepy_WatchOSUITests.debug.xcconfig */;
			buildSettings = {
				CODE_SIGN_STYLE = Automatic;
				DEVELOPMENT_TEAM = Z6TZXH8MS8;
				INFOPLIST_FILE = Sleepy_WatchOSUITests/Info.plist;
				LD_RUNPATH_SEARCH_PATHS = (
					"$(inherited)",
					"@executable_path/Frameworks",
					"@loader_path/Frameworks",
				);
				PRODUCT_BUNDLE_IDENTIFIER = "AnasBenMustafa.Sleepy.Sleepy-WatchOSUITests";
				PRODUCT_NAME = "$(TARGET_NAME)";
				SDKROOT = watchos;
				SWIFT_VERSION = 5.0;
				TARGETED_DEVICE_FAMILY = 4;
				TEST_TARGET_NAME = Sleepy_WatchOS;
				WATCHOS_DEPLOYMENT_TARGET = 7.4;
			};
			name = Debug;
		};
		D9441A42266CD4C70019902F /* Release */ = {
			isa = XCBuildConfiguration;
			baseConfigurationReference = E98F2FCC13C74777CC71C957 /* Pods-Sleepy-Sleepy_WatchOSUITests.release.xcconfig */;
			buildSettings = {
				CODE_SIGN_STYLE = Automatic;
				DEVELOPMENT_TEAM = Z6TZXH8MS8;
				INFOPLIST_FILE = Sleepy_WatchOSUITests/Info.plist;
				LD_RUNPATH_SEARCH_PATHS = (
					"$(inherited)",
					"@executable_path/Frameworks",
					"@loader_path/Frameworks",
				);
				PRODUCT_BUNDLE_IDENTIFIER = "AnasBenMustafa.Sleepy.Sleepy-WatchOSUITests";
				PRODUCT_NAME = "$(TARGET_NAME)";
				SDKROOT = watchos;
				SWIFT_VERSION = 5.0;
				TARGETED_DEVICE_FAMILY = 4;
				TEST_TARGET_NAME = Sleepy_WatchOS;
				WATCHOS_DEPLOYMENT_TARGET = 7.4;
			};
			name = Release;
		};
/* End XCBuildConfiguration section */

/* Begin XCConfigurationList section */
		D94419C8266CD3C40019902F /* Build configuration list for PBXProject "Sleepy" */ = {
			isa = XCConfigurationList;
			buildConfigurations = (
				D94419F0266CD3C50019902F /* Debug */,
				D94419F1266CD3C50019902F /* Release */,
			);
			defaultConfigurationIsVisible = 0;
			defaultConfigurationName = Release;
		};
		D94419F2266CD3C50019902F /* Build configuration list for PBXNativeTarget "Sleepy" */ = {
			isa = XCConfigurationList;
			buildConfigurations = (
				D94419F3266CD3C50019902F /* Debug */,
				D94419F4266CD3C50019902F /* Release */,
			);
			defaultConfigurationIsVisible = 0;
			defaultConfigurationName = Release;
		};
		D94419F5266CD3C50019902F /* Build configuration list for PBXNativeTarget "SleepyTests" */ = {
			isa = XCConfigurationList;
			buildConfigurations = (
				D94419F6266CD3C50019902F /* Debug */,
				D94419F7266CD3C50019902F /* Release */,
			);
			defaultConfigurationIsVisible = 0;
			defaultConfigurationName = Release;
		};
		D94419F8266CD3C50019902F /* Build configuration list for PBXNativeTarget "SleepyUITests" */ = {
			isa = XCConfigurationList;
			buildConfigurations = (
				D94419F9266CD3C50019902F /* Debug */,
				D94419FA266CD3C50019902F /* Release */,
			);
			defaultConfigurationIsVisible = 0;
			defaultConfigurationName = Release;
		};
		D9441A35266CD4C70019902F /* Build configuration list for PBXNativeTarget "Sleepy_WatchOS Extension" */ = {
			isa = XCConfigurationList;
			buildConfigurations = (
				D9441A36266CD4C70019902F /* Debug */,
				D9441A37266CD4C70019902F /* Release */,
			);
			defaultConfigurationIsVisible = 0;
			defaultConfigurationName = Release;
		};
		D9441A39266CD4C70019902F /* Build configuration list for PBXNativeTarget "Sleepy_WatchOS" */ = {
			isa = XCConfigurationList;
			buildConfigurations = (
				D9441A3A266CD4C70019902F /* Debug */,
				D9441A3B266CD4C70019902F /* Release */,
			);
			defaultConfigurationIsVisible = 0;
			defaultConfigurationName = Release;
		};
		D9441A3D266CD4C70019902F /* Build configuration list for PBXNativeTarget "Sleepy_WatchOSTests" */ = {
			isa = XCConfigurationList;
			buildConfigurations = (
				D9441A3E266CD4C70019902F /* Debug */,
				D9441A3F266CD4C70019902F /* Release */,
			);
			defaultConfigurationIsVisible = 0;
			defaultConfigurationName = Release;
		};
		D9441A40266CD4C70019902F /* Build configuration list for PBXNativeTarget "Sleepy_WatchOSUITests" */ = {
			isa = XCConfigurationList;
			buildConfigurations = (
				D9441A41266CD4C70019902F /* Debug */,
				D9441A42266CD4C70019902F /* Release */,
			);
			defaultConfigurationIsVisible = 0;
			defaultConfigurationName = Release;
		};
/* End XCConfigurationList section */

/* Begin XCRemoteSwiftPackageReference section */
		80780F30266D3B94000D0DD9 /* XCRemoteSwiftPackageReference "XUI" */ = {
			isa = XCRemoteSwiftPackageReference;
			repositoryURL = "https://github.com/quickbirdstudios/XUI.git";
			requirement = {
				branch = main;
				kind = branch;
			};
		};
/* End XCRemoteSwiftPackageReference section */

/* Begin XCSwiftPackageProductDependency section */
		80780F31266D3B94000D0DD9 /* XUI */ = {
			isa = XCSwiftPackageProductDependency;
			package = 80780F30266D3B94000D0DD9 /* XCRemoteSwiftPackageReference "XUI" */;
			productName = XUI;
		};
/* End XCSwiftPackageProductDependency section */
	};
	rootObject = D94419C5266CD3C40019902F /* Project object */;
}
